// !$*UTF8*$!
{
	archiveVersion = 1;
	classes = {
	};
	objectVersion = 55;
	objects = {

/* Begin PBXBuildFile section */
		010348AB291E11FC00DF370E /* WeatherAlertViewController.swift in Sources */ = {isa = PBXBuildFile; fileRef = 010348AA291E11FC00DF370E /* WeatherAlertViewController.swift */; };
		010348AE291E198D00DF370E /* CallNowViewController.swift in Sources */ = {isa = PBXBuildFile; fileRef = 010348AD291E198D00DF370E /* CallNowViewController.swift */; };
		010348B2291E27C400DF370E /* WeatherTableViewCell.swift in Sources */ = {isa = PBXBuildFile; fileRef = 010348B0291E27C400DF370E /* WeatherTableViewCell.swift */; };
		010348B3291E27C400DF370E /* WeatherTableViewCell.xib in Resources */ = {isa = PBXBuildFile; fileRef = 010348B1291E27C400DF370E /* WeatherTableViewCell.xib */; };
		01088CAD2920BE4900E176D5 /* AlertTableViewCell.swift in Sources */ = {isa = PBXBuildFile; fileRef = 01088CAB2920BE4900E176D5 /* AlertTableViewCell.swift */; };
		01088CAE2920BE4900E176D5 /* AlertTableViewCell.xib in Resources */ = {isa = PBXBuildFile; fileRef = 01088CAC2920BE4900E176D5 /* AlertTableViewCell.xib */; };
		01115CB02902841A00E89978 /* Header.xib in Resources */ = {isa = PBXBuildFile; fileRef = 01115CAF2902841A00E89978 /* Header.xib */; };
		0113825928FFE4AA0080442F /* ExploreTableViewCell.swift in Sources */ = {isa = PBXBuildFile; fileRef = 0113825728FFE4AA0080442F /* ExploreTableViewCell.swift */; };
		0113825A28FFE4AA0080442F /* ExploreTableViewCell.xib in Resources */ = {isa = PBXBuildFile; fileRef = 0113825828FFE4AA0080442F /* ExploreTableViewCell.xib */; };
		0113825F28FFEB6A0080442F /* AttractionTableViewCell.swift in Sources */ = {isa = PBXBuildFile; fileRef = 0113825D28FFEB6A0080442F /* AttractionTableViewCell.swift */; };
		0113826028FFEB6A0080442F /* AttractionTableViewCell.xib in Resources */ = {isa = PBXBuildFile; fileRef = 0113825E28FFEB6A0080442F /* AttractionTableViewCell.xib */; };
		0113826328FFEF790080442F /* AdventureTableViewCell.swift in Sources */ = {isa = PBXBuildFile; fileRef = 0113826128FFEF790080442F /* AdventureTableViewCell.swift */; };
		0113826428FFEF790080442F /* AdventureTableViewCell.xib in Resources */ = {isa = PBXBuildFile; fileRef = 0113826228FFEF790080442F /* AdventureTableViewCell.xib */; };
		0113826828FFF3A30080442F /* IBDesignableExtensions.swift in Sources */ = {isa = PBXBuildFile; fileRef = 0113826728FFF3A30080442F /* IBDesignableExtensions.swift */; };
		0113827128FFF5960080442F /* SouthTableViewCell.swift in Sources */ = {isa = PBXBuildFile; fileRef = 0113826F28FFF5960080442F /* SouthTableViewCell.swift */; };
		0113827228FFF5960080442F /* SouthTableViewCell.xib in Resources */ = {isa = PBXBuildFile; fileRef = 0113827028FFF5960080442F /* SouthTableViewCell.xib */; };
		0113827728FFFF940080442F /* TourTableViewCell.swift in Sources */ = {isa = PBXBuildFile; fileRef = 0113827528FFFF940080442F /* TourTableViewCell.swift */; };
		0113827828FFFF940080442F /* TourTableViewCell.xib in Resources */ = {isa = PBXBuildFile; fileRef = 0113827628FFFF940080442F /* TourTableViewCell.xib */; };
		0113828329000E470080442F /* ProductTableViewCell.swift in Sources */ = {isa = PBXBuildFile; fileRef = 0113828129000E470080442F /* ProductTableViewCell.swift */; };
		0113828429000E470080442F /* ProductTableViewCell.xib in Resources */ = {isa = PBXBuildFile; fileRef = 0113828229000E470080442F /* ProductTableViewCell.xib */; };
		011745E129026CE40006AAB4 /* BaseViewController.swift in Sources */ = {isa = PBXBuildFile; fileRef = 011745E029026CE40006AAB4 /* BaseViewController.swift */; };
		011745E3290274E10006AAB4 /* Gallery.storyboard in Resources */ = {isa = PBXBuildFile; fileRef = 011745E2290274E10006AAB4 /* Gallery.storyboard */; };
		011745E82902754F0006AAB4 /* ImageViewController.swift in Sources */ = {isa = PBXBuildFile; fileRef = 011745E72902754F0006AAB4 /* ImageViewController.swift */; };
		01176F60290A7DC800A5AF1E /* Constants.swift in Sources */ = {isa = PBXBuildFile; fileRef = 01176F5F290A7DC800A5AF1E /* Constants.swift */; };
		01176F62290A849900A5AF1E /* GalleryDetailViewController.swift in Sources */ = {isa = PBXBuildFile; fileRef = 01176F61290A849900A5AF1E /* GalleryDetailViewController.swift */; };
		01176F64290A8EB600A5AF1E /* VideoViewController.swift in Sources */ = {isa = PBXBuildFile; fileRef = 01176F63290A8EB600A5AF1E /* VideoViewController.swift */; };
		01176F66290A92BE00A5AF1E /* VirtualTourViewController.swift in Sources */ = {isa = PBXBuildFile; fileRef = 01176F65290A92BE00A5AF1E /* VirtualTourViewController.swift */; };
		01176F69290A9B3800A5AF1E /* LoginViewController.swift in Sources */ = {isa = PBXBuildFile; fileRef = 01176F68290A9B3800A5AF1E /* LoginViewController.swift */; };
		011AED0A290126F700C9D286 /* VideoCollectionViewCell.swift in Sources */ = {isa = PBXBuildFile; fileRef = 011AED08290126F700C9D286 /* VideoCollectionViewCell.swift */; };
		011AED0B290126F700C9D286 /* VideoCollectionViewCell.xib in Resources */ = {isa = PBXBuildFile; fileRef = 011AED09290126F700C9D286 /* VideoCollectionViewCell.xib */; };
		011AED0E29012D5F00C9D286 /* VirtualCollectionViewCell.swift in Sources */ = {isa = PBXBuildFile; fileRef = 011AED0C29012D5F00C9D286 /* VirtualCollectionViewCell.swift */; };
		011AED0F29012D5F00C9D286 /* VirtualCollectionViewCell.xib in Resources */ = {isa = PBXBuildFile; fileRef = 011AED0D29012D5F00C9D286 /* VirtualCollectionViewCell.xib */; };
		011AED39290137FB00C9D286 /* Helper.swift in Sources */ = {isa = PBXBuildFile; fileRef = 011AED38290137FB00C9D286 /* Helper.swift */; };
		011D9AC22914CB6E00FDE0E2 /* logo.gif in Resources */ = {isa = PBXBuildFile; fileRef = 011D9AC12914CB6E00FDE0E2 /* logo.gif */; };
		011D9AC52914DBC800FDE0E2 /* FilterView.xib in Resources */ = {isa = PBXBuildFile; fileRef = 011D9AC42914DBC800FDE0E2 /* FilterView.xib */; };
		011D9AC72914DD0000FDE0E2 /* FilterView.swift in Sources */ = {isa = PBXBuildFile; fileRef = 011D9AC62914DD0000FDE0E2 /* FilterView.swift */; };
		011DC4352918E3E900190A7A /* POI.storyboard in Resources */ = {isa = PBXBuildFile; fileRef = 011DC4342918E3E900190A7A /* POI.storyboard */; };
		011DC4382918E45E00190A7A /* POIServicesViewController.swift in Sources */ = {isa = PBXBuildFile; fileRef = 011DC4372918E45E00190A7A /* POIServicesViewController.swift */; };
		011DC43D2919128E00190A7A /* POIMapViewController.swift in Sources */ = {isa = PBXBuildFile; fileRef = 011DC43C2919128E00190A7A /* POIMapViewController.swift */; };
		011EDC0729139F980017180B /* SplashScreenViewController.swift in Sources */ = {isa = PBXBuildFile; fileRef = 011EDC0629139F980017180B /* SplashScreenViewController.swift */; };
		01209EEA28F7C9C000503682 /* LocalProductsViewController.swift in Sources */ = {isa = PBXBuildFile; fileRef = 01209EE928F7C9C000503682 /* LocalProductsViewController.swift */; };
		01209EED28F7CBCD00503682 /* DestProductCollectionViewCell.swift in Sources */ = {isa = PBXBuildFile; fileRef = 01209EEB28F7CBCD00503682 /* DestProductCollectionViewCell.swift */; };
		01209EEE28F7CBCD00503682 /* DestProductCollectionViewCell.xib in Resources */ = {isa = PBXBuildFile; fileRef = 01209EEC28F7CBCD00503682 /* DestProductCollectionViewCell.xib */; };
		01209EF028F7EEB700503682 /* ItenrariesViewController.swift in Sources */ = {isa = PBXBuildFile; fileRef = 01209EEF28F7EEB700503682 /* ItenrariesViewController.swift */; };
		01209EF328F7EF2500503682 /* ItenrariesCollectionViewCell.swift in Sources */ = {isa = PBXBuildFile; fileRef = 01209EF128F7EF2500503682 /* ItenrariesCollectionViewCell.swift */; };
		01209EF428F7EF2500503682 /* ItenrariesCollectionViewCell.xib in Resources */ = {isa = PBXBuildFile; fileRef = 01209EF228F7EF2500503682 /* ItenrariesCollectionViewCell.xib */; };
		01209EF628F804BC00503682 /* AccomodationViewController.swift in Sources */ = {isa = PBXBuildFile; fileRef = 01209EF528F804BC00503682 /* AccomodationViewController.swift */; };
		01209EF928F8052F00503682 /* AccomodationTableViewCell.swift in Sources */ = {isa = PBXBuildFile; fileRef = 01209EF728F8052F00503682 /* AccomodationTableViewCell.swift */; };
		01209EFA28F8052F00503682 /* AccomodationTableViewCell.xib in Resources */ = {isa = PBXBuildFile; fileRef = 01209EF828F8052F00503682 /* AccomodationTableViewCell.xib */; };
		01209EFC28F8222700503682 /* AboutViewController.swift in Sources */ = {isa = PBXBuildFile; fileRef = 01209EFB28F8222700503682 /* AboutViewController.swift */; };
		01209EFF28F82F9D00503682 /* AboutCollectionViewCell.swift in Sources */ = {isa = PBXBuildFile; fileRef = 01209EFD28F82F9D00503682 /* AboutCollectionViewCell.swift */; };
		01209F0028F82F9D00503682 /* AboutCollectionViewCell.xib in Resources */ = {isa = PBXBuildFile; fileRef = 01209EFE28F82F9D00503682 /* AboutCollectionViewCell.xib */; };
		0123541E29261531001D4C4C /* CardView.xib in Resources */ = {isa = PBXBuildFile; fileRef = 0123541D29261531001D4C4C /* CardView.xib */; };
		012354202926154E001D4C4C /* CardView.swift in Sources */ = {isa = PBXBuildFile; fileRef = 0123541F2926154E001D4C4C /* CardView.swift */; };
		0123542729262EDB001D4C4C /* BlogTableViewCell.swift in Sources */ = {isa = PBXBuildFile; fileRef = 0123542529262EDB001D4C4C /* BlogTableViewCell.swift */; };
		0123542829262EDB001D4C4C /* BlogTableViewCell.xib in Resources */ = {isa = PBXBuildFile; fileRef = 0123542629262EDB001D4C4C /* BlogTableViewCell.xib */; };
		0123542B29263F8D001D4C4C /* EventTableViewCell.swift in Sources */ = {isa = PBXBuildFile; fileRef = 0123542929263F8D001D4C4C /* EventTableViewCell.swift */; };
		0123542C29263F8D001D4C4C /* EventTableViewCell.xib in Resources */ = {isa = PBXBuildFile; fileRef = 0123542A29263F8D001D4C4C /* EventTableViewCell.xib */; };
		0123542F2926534F001D4C4C /* CellType.swift in Sources */ = {isa = PBXBuildFile; fileRef = 0123542E2926534F001D4C4C /* CellType.swift */; };
		014BD44E292893EE00DF50E5 /* Struct+Extensions.swift in Sources */ = {isa = PBXBuildFile; fileRef = 014BD44D292893EE00DF50E5 /* Struct+Extensions.swift */; };
		01651852291A2CF80085A239 /* EventDetailViewController.swift in Sources */ = {isa = PBXBuildFile; fileRef = 01651851291A2CF70085A239 /* EventDetailViewController.swift */; };
		0166B530291A5B9C001AC849 /* ArchTableViewCell.swift in Sources */ = {isa = PBXBuildFile; fileRef = 0166B52E291A5B9C001AC849 /* ArchTableViewCell.swift */; };
		0166B531291A5B9C001AC849 /* ArchTableViewCell.xib in Resources */ = {isa = PBXBuildFile; fileRef = 0166B52F291A5B9C001AC849 /* ArchTableViewCell.xib */; };
		016FD95529110CCA00D1C25D /* MapView.storyboard in Resources */ = {isa = PBXBuildFile; fileRef = 016FD95429110CCA00D1C25D /* MapView.storyboard */; };
		016FD9582911115300D1C25D /* ExploreMapViewController.swift in Sources */ = {isa = PBXBuildFile; fileRef = 016FD9572911115300D1C25D /* ExploreMapViewController.swift */; };
		016FD95A29112E2400D1C25D /* CustomMarkerView.xib in Resources */ = {isa = PBXBuildFile; fileRef = 016FD95929112E2400D1C25D /* CustomMarkerView.xib */; };
		016FD95D29112F0700D1C25D /* CustomMakerView.swift in Sources */ = {isa = PBXBuildFile; fileRef = 016FD95C29112F0700D1C25D /* CustomMakerView.swift */; };
		0185E6962903BD910072EC5D /* ASCollectionViewLayout.swift in Sources */ = {isa = PBXBuildFile; fileRef = 0185E6932903BD910072EC5D /* ASCollectionViewLayout.swift */; };
		0185E6972903BD910072EC5D /* ASCollectionViewParallaxCell.swift in Sources */ = {isa = PBXBuildFile; fileRef = 0185E6942903BD910072EC5D /* ASCollectionViewParallaxCell.swift */; };
		0185E6982903BD910072EC5D /* ASCollectionView.swift in Sources */ = {isa = PBXBuildFile; fileRef = 0185E6952903BD910072EC5D /* ASCollectionView.swift */; };
		018A0A7A28F678D100FD1D5E /* Destination.storyboard in Resources */ = {isa = PBXBuildFile; fileRef = 018A0A7928F678D100FD1D5E /* Destination.storyboard */; };
		018A0A7C28F6792C00FD1D5E /* Storyboard.swift in Sources */ = {isa = PBXBuildFile; fileRef = 018A0A7B28F6792C00FD1D5E /* Storyboard.swift */; };
		018A0A7E28F679C700FD1D5E /* Switcher.swift in Sources */ = {isa = PBXBuildFile; fileRef = 018A0A7D28F679C700FD1D5E /* Switcher.swift */; };
		018A0A8328F69ACC00FD1D5E /* AttractionViewController.swift in Sources */ = {isa = PBXBuildFile; fileRef = 018A0A8228F69ACC00FD1D5E /* AttractionViewController.swift */; };
		018A0A8728F6A24100FD1D5E /* DestAttractCollectionViewCell.swift in Sources */ = {isa = PBXBuildFile; fileRef = 018A0A8528F6A24100FD1D5E /* DestAttractCollectionViewCell.swift */; };
		018A0A8828F6A24100FD1D5E /* DestAttractCollectionViewCell.xib in Resources */ = {isa = PBXBuildFile; fileRef = 018A0A8628F6A24100FD1D5E /* DestAttractCollectionViewCell.xib */; };
		018A0A8A28F6B67F00FD1D5E /* GettingHereViewController.swift in Sources */ = {isa = PBXBuildFile; fileRef = 018A0A8928F6B67F00FD1D5E /* GettingHereViewController.swift */; };
		018A0A8C28F6C7FF00FD1D5E /* PointOfInterestViewController.swift in Sources */ = {isa = PBXBuildFile; fileRef = 018A0A8B28F6C7FF00FD1D5E /* PointOfInterestViewController.swift */; };
		018A0A8F28F6CE8500FD1D5E /* InterestPointCollectionViewCell.swift in Sources */ = {isa = PBXBuildFile; fileRef = 018A0A8D28F6CE8500FD1D5E /* InterestPointCollectionViewCell.swift */; };
		018A0A9028F6CE8500FD1D5E /* InterestPointCollectionViewCell.xib in Resources */ = {isa = PBXBuildFile; fileRef = 018A0A8E28F6CE8500FD1D5E /* InterestPointCollectionViewCell.xib */; };
		018A0A9228F6D68500FD1D5E /* EventsViewController.swift in Sources */ = {isa = PBXBuildFile; fileRef = 018A0A9128F6D68500FD1D5E /* EventsViewController.swift */; };
		018EF81528F3D53A00E061CB /* AppDelegate.swift in Sources */ = {isa = PBXBuildFile; fileRef = 018EF81428F3D53A00E061CB /* AppDelegate.swift */; };
		018EF81728F3D53A00E061CB /* SceneDelegate.swift in Sources */ = {isa = PBXBuildFile; fileRef = 018EF81628F3D53A00E061CB /* SceneDelegate.swift */; };
		018EF81C28F3D53A00E061CB /* Main.storyboard in Resources */ = {isa = PBXBuildFile; fileRef = 018EF81A28F3D53A00E061CB /* Main.storyboard */; };
		018EF81E28F3D53F00E061CB /* Assets.xcassets in Resources */ = {isa = PBXBuildFile; fileRef = 018EF81D28F3D53F00E061CB /* Assets.xcassets */; };
		018EF83928F3E17F00E061CB /* Roboto-BoldCondensedItalic.ttf in Resources */ = {isa = PBXBuildFile; fileRef = 018EF82928F3E17E00E061CB /* Roboto-BoldCondensedItalic.ttf */; };
		018EF83A28F3E17F00E061CB /* Roboto-BoldItalic.ttf in Resources */ = {isa = PBXBuildFile; fileRef = 018EF82A28F3E17E00E061CB /* Roboto-BoldItalic.ttf */; };
		018EF83B28F3E17F00E061CB /* Roboto-Italic.ttf in Resources */ = {isa = PBXBuildFile; fileRef = 018EF82B28F3E17E00E061CB /* Roboto-Italic.ttf */; };
		018EF83C28F3E17F00E061CB /* Roboto-Regular.ttf in Resources */ = {isa = PBXBuildFile; fileRef = 018EF82C28F3E17E00E061CB /* Roboto-Regular.ttf */; };
		018EF83D28F3E17F00E061CB /* Roboto-BlackItalic.ttf in Resources */ = {isa = PBXBuildFile; fileRef = 018EF82D28F3E17E00E061CB /* Roboto-BlackItalic.ttf */; };
		018EF83E28F3E17F00E061CB /* Roboto-MediumItalic.ttf in Resources */ = {isa = PBXBuildFile; fileRef = 018EF82E28F3E17E00E061CB /* Roboto-MediumItalic.ttf */; };
		018EF83F28F3E17F00E061CB /* Roboto-LightItalic.ttf in Resources */ = {isa = PBXBuildFile; fileRef = 018EF82F28F3E17E00E061CB /* Roboto-LightItalic.ttf */; };
		018EF84028F3E17F00E061CB /* Roboto-Medium.ttf in Resources */ = {isa = PBXBuildFile; fileRef = 018EF83028F3E17E00E061CB /* Roboto-Medium.ttf */; };
		018EF84128F3E17F00E061CB /* Roboto-Black.ttf in Resources */ = {isa = PBXBuildFile; fileRef = 018EF83128F3E17E00E061CB /* Roboto-Black.ttf */; };
		018EF84228F3E17F00E061CB /* Roboto-Thin.ttf in Resources */ = {isa = PBXBuildFile; fileRef = 018EF83228F3E17E00E061CB /* Roboto-Thin.ttf */; };
		018EF84328F3E17F00E061CB /* Roboto-ThinItalic.ttf in Resources */ = {isa = PBXBuildFile; fileRef = 018EF83328F3E17E00E061CB /* Roboto-ThinItalic.ttf */; };
		018EF84428F3E17F00E061CB /* Roboto-Condensed.ttf in Resources */ = {isa = PBXBuildFile; fileRef = 018EF83428F3E17F00E061CB /* Roboto-Condensed.ttf */; };
		018EF84528F3E17F00E061CB /* Roboto-BoldCondensed.ttf in Resources */ = {isa = PBXBuildFile; fileRef = 018EF83528F3E17F00E061CB /* Roboto-BoldCondensed.ttf */; };
		018EF84628F3E17F00E061CB /* Roboto-Light.ttf in Resources */ = {isa = PBXBuildFile; fileRef = 018EF83628F3E17F00E061CB /* Roboto-Light.ttf */; };
		018EF84728F3E17F00E061CB /* Roboto-CondensedItalic.ttf in Resources */ = {isa = PBXBuildFile; fileRef = 018EF83728F3E17F00E061CB /* Roboto-CondensedItalic.ttf */; };
		018EF84828F3E17F00E061CB /* Roboto-Bold.ttf in Resources */ = {isa = PBXBuildFile; fileRef = 018EF83828F3E17F00E061CB /* Roboto-Bold.ttf */; };
		018EF84D28F3F4BE00E061CB /* Extensions.swift in Sources */ = {isa = PBXBuildFile; fileRef = 018EF84C28F3F4BE00E061CB /* Extensions.swift */; };
		018EF84F28F3F53400E061CB /* HomeViewController.swift in Sources */ = {isa = PBXBuildFile; fileRef = 018EF84E28F3F53400E061CB /* HomeViewController.swift */; };
		01A866082913C25F001900D8 /* TabbarViewController.swift in Sources */ = {isa = PBXBuildFile; fileRef = 01A866072913C25F001900D8 /* TabbarViewController.swift */; };
		01C2205F29237D150005BFBB /* DestinationDetailViewController.swift in Sources */ = {isa = PBXBuildFile; fileRef = 01C2205E29237D150005BFBB /* DestinationDetailViewController.swift */; };
		01C220612923ABF40005BFBB /* NotificationViewController.swift in Sources */ = {isa = PBXBuildFile; fileRef = 01C220602923ABF40005BFBB /* NotificationViewController.swift */; };
		01F7C4C229010DBB008D0C23 /* GalleryViewController.swift in Sources */ = {isa = PBXBuildFile; fileRef = 01F7C4C129010DBB008D0C23 /* GalleryViewController.swift */; };
		01F7C4C829011BDC008D0C23 /* ImageCollectionViewCell.swift in Sources */ = {isa = PBXBuildFile; fileRef = 01F7C4C629011BDC008D0C23 /* ImageCollectionViewCell.swift */; };
		01F7C4C929011BDC008D0C23 /* ImageCollectionViewCell.xib in Resources */ = {isa = PBXBuildFile; fileRef = 01F7C4C729011BDC008D0C23 /* ImageCollectionViewCell.xib */; };
		520DABC329375E81006D8E6B /* AdventureDetailViewController.swift in Sources */ = {isa = PBXBuildFile; fileRef = 520DABC229375E81006D8E6B /* AdventureDetailViewController.swift */; };
		520DABC529376D7C006D8E6B /* PackageDetailViewController.swift in Sources */ = {isa = PBXBuildFile; fileRef = 520DABC429376D7C006D8E6B /* PackageDetailViewController.swift */; };
		520E46532930859700B08DF9 /* CommonViewController.swift in Sources */ = {isa = PBXBuildFile; fileRef = 520E46522930859700B08DF9 /* CommonViewController.swift */; };
		522AF1EF294093FB00DEB1BF /* ProfileCollectionViewCell.swift in Sources */ = {isa = PBXBuildFile; fileRef = 522AF1ED294093FB00DEB1BF /* ProfileCollectionViewCell.swift */; };
		522AF1F0294093FB00DEB1BF /* ProfileCollectionViewCell.xib in Resources */ = {isa = PBXBuildFile; fileRef = 522AF1EE294093FB00DEB1BF /* ProfileCollectionViewCell.xib */; };
		522AF1F229409EE500DEB1BF /* ProfilePopUpViewController.swift in Sources */ = {isa = PBXBuildFile; fileRef = 522AF1F129409EE500DEB1BF /* ProfilePopUpViewController.swift */; };
		522AF1F52940B08000DEB1BF /* FollowerTableViewCell.swift in Sources */ = {isa = PBXBuildFile; fileRef = 522AF1F32940B08000DEB1BF /* FollowerTableViewCell.swift */; };
		522AF1F62940B08000DEB1BF /* FollowerTableViewCell.xib in Resources */ = {isa = PBXBuildFile; fileRef = 522AF1F42940B08000DEB1BF /* FollowerTableViewCell.xib */; };
		5243EF47295184C4003E930A /* HomeViewController+Extension.swift in Sources */ = {isa = PBXBuildFile; fileRef = 5243EF46295184C4003E930A /* HomeViewController+Extension.swift */; };
		5243EF4929518611003E930A /* URLSession+Extension.swift in Sources */ = {isa = PBXBuildFile; fileRef = 5243EF4829518611003E930A /* URLSession+Extension.swift */; };
		5250793F2935F91000C8D004 /* AppError.swift in Sources */ = {isa = PBXBuildFile; fileRef = 5250793A2935F90F00C8D004 /* AppError.swift */; };
		525079402935F91000C8D004 /* Route.swift in Sources */ = {isa = PBXBuildFile; fileRef = 5250793B2935F90F00C8D004 /* Route.swift */; };
		525079412935F91000C8D004 /* Method.swift in Sources */ = {isa = PBXBuildFile; fileRef = 5250793C2935F90F00C8D004 /* Method.swift */; };
		525079422935F91000C8D004 /* NetworkService.swift in Sources */ = {isa = PBXBuildFile; fileRef = 5250793D2935F90F00C8D004 /* NetworkService.swift */; };
		525079432935F91000C8D004 /* ApiResponse.swift in Sources */ = {isa = PBXBuildFile; fileRef = 5250793E2935F91000C8D004 /* ApiResponse.swift */; };
		5255E422293744C400729909 /* Detail.storyboard in Resources */ = {isa = PBXBuildFile; fileRef = 5255E421293744C400729909 /* Detail.storyboard */; };
		525DFE6C2941A97500BE8C4B /* WishlistViewController.swift in Sources */ = {isa = PBXBuildFile; fileRef = 525DFE6B2941A97500BE8C4B /* WishlistViewController.swift */; };
		525DFE6F2941AC6100BE8C4B /* WishlistTableViewCell.swift in Sources */ = {isa = PBXBuildFile; fileRef = 525DFE6D2941AC6100BE8C4B /* WishlistTableViewCell.swift */; };
		525DFE702941AC6100BE8C4B /* WishlistTableViewCell.xib in Resources */ = {isa = PBXBuildFile; fileRef = 525DFE6E2941AC6100BE8C4B /* WishlistTableViewCell.xib */; };
		5269147F2939D9FB00F9C042 /* SignupViewController.swift in Sources */ = {isa = PBXBuildFile; fileRef = 5269147E2939D9FB00F9C042 /* SignupViewController.swift */; };
		526CFE6F29388B43000CA330 /* ProductDetailViewController.swift in Sources */ = {isa = PBXBuildFile; fileRef = 526CFE6E29388B43000CA330 /* ProductDetailViewController.swift */; };
		526F410C294859A3008329E4 /* ChatTableViewCell.swift in Sources */ = {isa = PBXBuildFile; fileRef = 526F410B294859A3008329E4 /* ChatTableViewCell.swift */; };
		526F4FC2293F2FA700D03B13 /* ChatListViewController.swift in Sources */ = {isa = PBXBuildFile; fileRef = 526F4FC1293F2FA700D03B13 /* ChatListViewController.swift */; };
		526F4FC5293F50FA00D03B13 /* ChatListTableViewCell.swift in Sources */ = {isa = PBXBuildFile; fileRef = 526F4FC3293F50FA00D03B13 /* ChatListTableViewCell.swift */; };
		526F4FC6293F50FA00D03B13 /* ChatListTableViewCell.xib in Resources */ = {isa = PBXBuildFile; fileRef = 526F4FC4293F50FA00D03B13 /* ChatListTableViewCell.xib */; };
		527FEB232938781000F9B8F0 /* BlogDetailViewController.swift in Sources */ = {isa = PBXBuildFile; fileRef = 527FEB222938781000F9B8F0 /* BlogDetailViewController.swift */; };
		528315262941B242009B01C8 /* WishlistCollectionViewCell.swift in Sources */ = {isa = PBXBuildFile; fileRef = 528315242941B242009B01C8 /* WishlistCollectionViewCell.swift */; };
		528315272941B242009B01C8 /* WishlistCollectionViewCell.xib in Resources */ = {isa = PBXBuildFile; fileRef = 528315252941B242009B01C8 /* WishlistCollectionViewCell.xib */; };
		5283152B2941BE18009B01C8 /* AccomodationDetailViewController.swift in Sources */ = {isa = PBXBuildFile; fileRef = 5283152A2941BE18009B01C8 /* AccomodationDetailViewController.swift */; };
		528C34C42952D63B003D1BFA /* ExploreModel.swift in Sources */ = {isa = PBXBuildFile; fileRef = 528C34C32952D63B003D1BFA /* ExploreModel.swift */; };
		5291F3FE2938BDFB00B56AD4 /* POIServiceTableViewCell.swift in Sources */ = {isa = PBXBuildFile; fileRef = 5291F3FD2938BDFB00B56AD4 /* POIServiceTableViewCell.swift */; };
		52940DF8294B23EA009DEF50 /* DistrictModel.swift in Sources */ = {isa = PBXBuildFile; fileRef = 52940DF7294B23EA009DEF50 /* DistrictModel.swift */; };
		52940DFA294B259F009DEF50 /* NetworkService+Extension.swift in Sources */ = {isa = PBXBuildFile; fileRef = 52940DF9294B259F009DEF50 /* NetworkService+Extension.swift */; };
		52A4AF1F292E37B300E9CBB6 /* NavigationViewController.swift in Sources */ = {isa = PBXBuildFile; fileRef = 52A4AF1E292E37B300E9CBB6 /* NavigationViewController.swift */; };
		52A692BA2940607F009B2679 /* ProfileViewController.swift in Sources */ = {isa = PBXBuildFile; fileRef = 52A692B92940607F009B2679 /* ProfileViewController.swift */; };
		52B11C9F2955768100A4D4A6 /* PoiCategoriesModel.swift in Sources */ = {isa = PBXBuildFile; fileRef = 52B11C9E2955768100A4D4A6 /* PoiCategoriesModel.swift */; };
		52B1EDFB292CB17000CD0AE0 /* DestinationCollectionViewCell.swift in Sources */ = {isa = PBXBuildFile; fileRef = 52B1EDF9292CB17000CD0AE0 /* DestinationCollectionViewCell.swift */; };
		52B1EDFC292CB17000CD0AE0 /* DestinationCollectionViewCell.xib in Resources */ = {isa = PBXBuildFile; fileRef = 52B1EDFA292CB17000CD0AE0 /* DestinationCollectionViewCell.xib */; };
		52CAACF729470CF6001369FD /* SettingViewController.swift in Sources */ = {isa = PBXBuildFile; fileRef = 52CAACF629470CF6001369FD /* SettingViewController.swift */; };
		52CAACF92947183F001369FD /* SecurityViewController.swift in Sources */ = {isa = PBXBuildFile; fileRef = 52CAACF82947183F001369FD /* SecurityViewController.swift */; };
		52CAACFB29471F3C001369FD /* SellerViewController.swift in Sources */ = {isa = PBXBuildFile; fileRef = 52CAACFA29471F3C001369FD /* SellerViewController.swift */; };
		52D3229F29474AAB000337B1 /* ChatViewController.swift in Sources */ = {isa = PBXBuildFile; fileRef = 52D3229E29474AAB000337B1 /* ChatViewController.swift */; };
		52EE770F293DD1E500FD13D9 /* Profile.storyboard in Resources */ = {isa = PBXBuildFile; fileRef = 52EE770E293DD1E500FD13D9 /* Profile.storyboard */; };
		52EE7713293DD2CE00FD13D9 /* FeedsViewController.swift in Sources */ = {isa = PBXBuildFile; fileRef = 52EE7712293DD2CE00FD13D9 /* FeedsViewController.swift */; };
		52EE7717293DF58200FD13D9 /* StatusCollectionViewCell.swift in Sources */ = {isa = PBXBuildFile; fileRef = 52EE7715293DF58200FD13D9 /* StatusCollectionViewCell.swift */; };
		52EE7718293DF58200FD13D9 /* StatusCollectionViewCell.xib in Resources */ = {isa = PBXBuildFile; fileRef = 52EE7716293DF58200FD13D9 /* StatusCollectionViewCell.xib */; };
		52EE771B293E05A400FD13D9 /* FeedTableViewCell.swift in Sources */ = {isa = PBXBuildFile; fileRef = 52EE7719293E05A400FD13D9 /* FeedTableViewCell.swift */; };
		52EE771C293E05A400FD13D9 /* FeedTableViewCell.xib in Resources */ = {isa = PBXBuildFile; fileRef = 52EE771A293E05A400FD13D9 /* FeedTableViewCell.xib */; };
		52F51E0C294738E60072A41C /* PersonalInfoViewController.swift in Sources */ = {isa = PBXBuildFile; fileRef = 52F51E0B294738E60072A41C /* PersonalInfoViewController.swift */; };
		67C5BE46EF82FC34BCC581CF /* Pods_Tourism_app.framework in Frameworks */ = {isa = PBXBuildFile; fileRef = 85662DE9D6194CC5B6D2DFE8 /* Pods_Tourism_app.framework */; };
/* End PBXBuildFile section */

/* Begin PBXFileReference section */
		010348AA291E11FC00DF370E /* WeatherAlertViewController.swift */ = {isa = PBXFileReference; lastKnownFileType = sourcecode.swift; path = WeatherAlertViewController.swift; sourceTree = "<group>"; };
		010348AD291E198D00DF370E /* CallNowViewController.swift */ = {isa = PBXFileReference; lastKnownFileType = sourcecode.swift; path = CallNowViewController.swift; sourceTree = "<group>"; };
		010348B0291E27C400DF370E /* WeatherTableViewCell.swift */ = {isa = PBXFileReference; lastKnownFileType = sourcecode.swift; path = WeatherTableViewCell.swift; sourceTree = "<group>"; };
		010348B1291E27C400DF370E /* WeatherTableViewCell.xib */ = {isa = PBXFileReference; lastKnownFileType = file.xib; path = WeatherTableViewCell.xib; sourceTree = "<group>"; };
		01088CAB2920BE4900E176D5 /* AlertTableViewCell.swift */ = {isa = PBXFileReference; lastKnownFileType = sourcecode.swift; path = AlertTableViewCell.swift; sourceTree = "<group>"; };
		01088CAC2920BE4900E176D5 /* AlertTableViewCell.xib */ = {isa = PBXFileReference; lastKnownFileType = file.xib; path = AlertTableViewCell.xib; sourceTree = "<group>"; };
		01115CAF2902841A00E89978 /* Header.xib */ = {isa = PBXFileReference; fileEncoding = 4; lastKnownFileType = file.xib; path = Header.xib; sourceTree = "<group>"; };
		0113825728FFE4AA0080442F /* ExploreTableViewCell.swift */ = {isa = PBXFileReference; lastKnownFileType = sourcecode.swift; path = ExploreTableViewCell.swift; sourceTree = "<group>"; };
		0113825828FFE4AA0080442F /* ExploreTableViewCell.xib */ = {isa = PBXFileReference; lastKnownFileType = file.xib; path = ExploreTableViewCell.xib; sourceTree = "<group>"; };
		0113825D28FFEB6A0080442F /* AttractionTableViewCell.swift */ = {isa = PBXFileReference; lastKnownFileType = sourcecode.swift; path = AttractionTableViewCell.swift; sourceTree = "<group>"; };
		0113825E28FFEB6A0080442F /* AttractionTableViewCell.xib */ = {isa = PBXFileReference; lastKnownFileType = file.xib; path = AttractionTableViewCell.xib; sourceTree = "<group>"; };
		0113826128FFEF790080442F /* AdventureTableViewCell.swift */ = {isa = PBXFileReference; lastKnownFileType = sourcecode.swift; path = AdventureTableViewCell.swift; sourceTree = "<group>"; };
		0113826228FFEF790080442F /* AdventureTableViewCell.xib */ = {isa = PBXFileReference; lastKnownFileType = file.xib; path = AdventureTableViewCell.xib; sourceTree = "<group>"; };
		0113826728FFF3A30080442F /* IBDesignableExtensions.swift */ = {isa = PBXFileReference; fileEncoding = 4; lastKnownFileType = sourcecode.swift; path = IBDesignableExtensions.swift; sourceTree = "<group>"; };
		0113826F28FFF5960080442F /* SouthTableViewCell.swift */ = {isa = PBXFileReference; lastKnownFileType = sourcecode.swift; path = SouthTableViewCell.swift; sourceTree = "<group>"; };
		0113827028FFF5960080442F /* SouthTableViewCell.xib */ = {isa = PBXFileReference; lastKnownFileType = file.xib; path = SouthTableViewCell.xib; sourceTree = "<group>"; };
		0113827528FFFF940080442F /* TourTableViewCell.swift */ = {isa = PBXFileReference; lastKnownFileType = sourcecode.swift; path = TourTableViewCell.swift; sourceTree = "<group>"; };
		0113827628FFFF940080442F /* TourTableViewCell.xib */ = {isa = PBXFileReference; lastKnownFileType = file.xib; path = TourTableViewCell.xib; sourceTree = "<group>"; };
		0113828129000E470080442F /* ProductTableViewCell.swift */ = {isa = PBXFileReference; lastKnownFileType = sourcecode.swift; path = ProductTableViewCell.swift; sourceTree = "<group>"; };
		0113828229000E470080442F /* ProductTableViewCell.xib */ = {isa = PBXFileReference; lastKnownFileType = file.xib; path = ProductTableViewCell.xib; sourceTree = "<group>"; };
		011745E029026CE40006AAB4 /* BaseViewController.swift */ = {isa = PBXFileReference; fileEncoding = 4; lastKnownFileType = sourcecode.swift; path = BaseViewController.swift; sourceTree = "<group>"; };
		011745E2290274E10006AAB4 /* Gallery.storyboard */ = {isa = PBXFileReference; lastKnownFileType = file.storyboard; path = Gallery.storyboard; sourceTree = "<group>"; };
		011745E72902754F0006AAB4 /* ImageViewController.swift */ = {isa = PBXFileReference; lastKnownFileType = sourcecode.swift; path = ImageViewController.swift; sourceTree = "<group>"; };
		01176F5F290A7DC800A5AF1E /* Constants.swift */ = {isa = PBXFileReference; lastKnownFileType = sourcecode.swift; path = Constants.swift; sourceTree = "<group>"; };
		01176F61290A849900A5AF1E /* GalleryDetailViewController.swift */ = {isa = PBXFileReference; lastKnownFileType = sourcecode.swift; path = GalleryDetailViewController.swift; sourceTree = "<group>"; };
		01176F63290A8EB600A5AF1E /* VideoViewController.swift */ = {isa = PBXFileReference; lastKnownFileType = sourcecode.swift; path = VideoViewController.swift; sourceTree = "<group>"; };
		01176F65290A92BE00A5AF1E /* VirtualTourViewController.swift */ = {isa = PBXFileReference; lastKnownFileType = sourcecode.swift; path = VirtualTourViewController.swift; sourceTree = "<group>"; };
		01176F68290A9B3800A5AF1E /* LoginViewController.swift */ = {isa = PBXFileReference; lastKnownFileType = sourcecode.swift; path = LoginViewController.swift; sourceTree = "<group>"; };
		011AED08290126F700C9D286 /* VideoCollectionViewCell.swift */ = {isa = PBXFileReference; lastKnownFileType = sourcecode.swift; path = VideoCollectionViewCell.swift; sourceTree = "<group>"; };
		011AED09290126F700C9D286 /* VideoCollectionViewCell.xib */ = {isa = PBXFileReference; lastKnownFileType = file.xib; path = VideoCollectionViewCell.xib; sourceTree = "<group>"; };
		011AED0C29012D5F00C9D286 /* VirtualCollectionViewCell.swift */ = {isa = PBXFileReference; lastKnownFileType = sourcecode.swift; path = VirtualCollectionViewCell.swift; sourceTree = "<group>"; };
		011AED0D29012D5F00C9D286 /* VirtualCollectionViewCell.xib */ = {isa = PBXFileReference; lastKnownFileType = file.xib; path = VirtualCollectionViewCell.xib; sourceTree = "<group>"; };
		011AED38290137FB00C9D286 /* Helper.swift */ = {isa = PBXFileReference; lastKnownFileType = sourcecode.swift; path = Helper.swift; sourceTree = "<group>"; };
		011D9AC12914CB6E00FDE0E2 /* logo.gif */ = {isa = PBXFileReference; lastKnownFileType = image.gif; path = logo.gif; sourceTree = "<group>"; };
		011D9AC42914DBC800FDE0E2 /* FilterView.xib */ = {isa = PBXFileReference; lastKnownFileType = file.xib; path = FilterView.xib; sourceTree = "<group>"; };
		011D9AC62914DD0000FDE0E2 /* FilterView.swift */ = {isa = PBXFileReference; lastKnownFileType = sourcecode.swift; path = FilterView.swift; sourceTree = "<group>"; };
		011DC4342918E3E900190A7A /* POI.storyboard */ = {isa = PBXFileReference; lastKnownFileType = file.storyboard; path = POI.storyboard; sourceTree = "<group>"; };
		011DC4372918E45E00190A7A /* POIServicesViewController.swift */ = {isa = PBXFileReference; lastKnownFileType = sourcecode.swift; path = POIServicesViewController.swift; sourceTree = "<group>"; };
		011DC43C2919128E00190A7A /* POIMapViewController.swift */ = {isa = PBXFileReference; lastKnownFileType = sourcecode.swift; path = POIMapViewController.swift; sourceTree = "<group>"; };
		011EDC0629139F980017180B /* SplashScreenViewController.swift */ = {isa = PBXFileReference; lastKnownFileType = sourcecode.swift; path = SplashScreenViewController.swift; sourceTree = "<group>"; };
		01209EE928F7C9C000503682 /* LocalProductsViewController.swift */ = {isa = PBXFileReference; lastKnownFileType = sourcecode.swift; path = LocalProductsViewController.swift; sourceTree = "<group>"; };
		01209EEB28F7CBCD00503682 /* DestProductCollectionViewCell.swift */ = {isa = PBXFileReference; lastKnownFileType = sourcecode.swift; path = DestProductCollectionViewCell.swift; sourceTree = "<group>"; };
		01209EEC28F7CBCD00503682 /* DestProductCollectionViewCell.xib */ = {isa = PBXFileReference; lastKnownFileType = file.xib; path = DestProductCollectionViewCell.xib; sourceTree = "<group>"; };
		01209EEF28F7EEB700503682 /* ItenrariesViewController.swift */ = {isa = PBXFileReference; lastKnownFileType = sourcecode.swift; path = ItenrariesViewController.swift; sourceTree = "<group>"; };
		01209EF128F7EF2500503682 /* ItenrariesCollectionViewCell.swift */ = {isa = PBXFileReference; lastKnownFileType = sourcecode.swift; path = ItenrariesCollectionViewCell.swift; sourceTree = "<group>"; };
		01209EF228F7EF2500503682 /* ItenrariesCollectionViewCell.xib */ = {isa = PBXFileReference; lastKnownFileType = file.xib; path = ItenrariesCollectionViewCell.xib; sourceTree = "<group>"; };
		01209EF528F804BC00503682 /* AccomodationViewController.swift */ = {isa = PBXFileReference; lastKnownFileType = sourcecode.swift; path = AccomodationViewController.swift; sourceTree = "<group>"; };
		01209EF728F8052F00503682 /* AccomodationTableViewCell.swift */ = {isa = PBXFileReference; lastKnownFileType = sourcecode.swift; path = AccomodationTableViewCell.swift; sourceTree = "<group>"; };
		01209EF828F8052F00503682 /* AccomodationTableViewCell.xib */ = {isa = PBXFileReference; lastKnownFileType = file.xib; path = AccomodationTableViewCell.xib; sourceTree = "<group>"; };
		01209EFB28F8222700503682 /* AboutViewController.swift */ = {isa = PBXFileReference; lastKnownFileType = sourcecode.swift; path = AboutViewController.swift; sourceTree = "<group>"; };
		01209EFD28F82F9D00503682 /* AboutCollectionViewCell.swift */ = {isa = PBXFileReference; lastKnownFileType = sourcecode.swift; path = AboutCollectionViewCell.swift; sourceTree = "<group>"; };
		01209EFE28F82F9D00503682 /* AboutCollectionViewCell.xib */ = {isa = PBXFileReference; lastKnownFileType = file.xib; path = AboutCollectionViewCell.xib; sourceTree = "<group>"; };
		0123541D29261531001D4C4C /* CardView.xib */ = {isa = PBXFileReference; lastKnownFileType = file.xib; path = CardView.xib; sourceTree = "<group>"; };
		0123541F2926154E001D4C4C /* CardView.swift */ = {isa = PBXFileReference; lastKnownFileType = sourcecode.swift; path = CardView.swift; sourceTree = "<group>"; };
		0123542529262EDB001D4C4C /* BlogTableViewCell.swift */ = {isa = PBXFileReference; lastKnownFileType = sourcecode.swift; path = BlogTableViewCell.swift; sourceTree = "<group>"; };
		0123542629262EDB001D4C4C /* BlogTableViewCell.xib */ = {isa = PBXFileReference; lastKnownFileType = file.xib; path = BlogTableViewCell.xib; sourceTree = "<group>"; };
		0123542929263F8D001D4C4C /* EventTableViewCell.swift */ = {isa = PBXFileReference; lastKnownFileType = sourcecode.swift; path = EventTableViewCell.swift; sourceTree = "<group>"; };
		0123542A29263F8D001D4C4C /* EventTableViewCell.xib */ = {isa = PBXFileReference; lastKnownFileType = file.xib; path = EventTableViewCell.xib; sourceTree = "<group>"; };
		0123542E2926534F001D4C4C /* CellType.swift */ = {isa = PBXFileReference; lastKnownFileType = sourcecode.swift; path = CellType.swift; sourceTree = "<group>"; };
		014BD44D292893EE00DF50E5 /* Struct+Extensions.swift */ = {isa = PBXFileReference; lastKnownFileType = sourcecode.swift; path = "Struct+Extensions.swift"; sourceTree = "<group>"; };
		01651851291A2CF70085A239 /* EventDetailViewController.swift */ = {isa = PBXFileReference; lastKnownFileType = sourcecode.swift; path = EventDetailViewController.swift; sourceTree = "<group>"; };
		0166B52E291A5B9C001AC849 /* ArchTableViewCell.swift */ = {isa = PBXFileReference; lastKnownFileType = sourcecode.swift; path = ArchTableViewCell.swift; sourceTree = "<group>"; };
		0166B52F291A5B9C001AC849 /* ArchTableViewCell.xib */ = {isa = PBXFileReference; lastKnownFileType = file.xib; path = ArchTableViewCell.xib; sourceTree = "<group>"; };
		016FD95429110CCA00D1C25D /* MapView.storyboard */ = {isa = PBXFileReference; lastKnownFileType = file.storyboard; path = MapView.storyboard; sourceTree = "<group>"; };
		016FD9572911115300D1C25D /* ExploreMapViewController.swift */ = {isa = PBXFileReference; lastKnownFileType = sourcecode.swift; path = ExploreMapViewController.swift; sourceTree = "<group>"; };
		016FD95929112E2400D1C25D /* CustomMarkerView.xib */ = {isa = PBXFileReference; lastKnownFileType = file.xib; path = CustomMarkerView.xib; sourceTree = "<group>"; };
		016FD95C29112F0700D1C25D /* CustomMakerView.swift */ = {isa = PBXFileReference; lastKnownFileType = sourcecode.swift; path = CustomMakerView.swift; sourceTree = "<group>"; };
		0185E6932903BD910072EC5D /* ASCollectionViewLayout.swift */ = {isa = PBXFileReference; fileEncoding = 4; lastKnownFileType = sourcecode.swift; path = ASCollectionViewLayout.swift; sourceTree = "<group>"; };
		0185E6942903BD910072EC5D /* ASCollectionViewParallaxCell.swift */ = {isa = PBXFileReference; fileEncoding = 4; lastKnownFileType = sourcecode.swift; path = ASCollectionViewParallaxCell.swift; sourceTree = "<group>"; };
		0185E6952903BD910072EC5D /* ASCollectionView.swift */ = {isa = PBXFileReference; fileEncoding = 4; lastKnownFileType = sourcecode.swift; path = ASCollectionView.swift; sourceTree = "<group>"; };
		018A0A7928F678D100FD1D5E /* Destination.storyboard */ = {isa = PBXFileReference; lastKnownFileType = file.storyboard; path = Destination.storyboard; sourceTree = "<group>"; };
		018A0A7B28F6792C00FD1D5E /* Storyboard.swift */ = {isa = PBXFileReference; fileEncoding = 4; lastKnownFileType = sourcecode.swift; path = Storyboard.swift; sourceTree = "<group>"; };
		018A0A7D28F679C700FD1D5E /* Switcher.swift */ = {isa = PBXFileReference; lastKnownFileType = sourcecode.swift; path = Switcher.swift; sourceTree = "<group>"; };
		018A0A8228F69ACC00FD1D5E /* AttractionViewController.swift */ = {isa = PBXFileReference; lastKnownFileType = sourcecode.swift; path = AttractionViewController.swift; sourceTree = "<group>"; };
		018A0A8528F6A24100FD1D5E /* DestAttractCollectionViewCell.swift */ = {isa = PBXFileReference; lastKnownFileType = sourcecode.swift; path = DestAttractCollectionViewCell.swift; sourceTree = "<group>"; };
		018A0A8628F6A24100FD1D5E /* DestAttractCollectionViewCell.xib */ = {isa = PBXFileReference; lastKnownFileType = file.xib; path = DestAttractCollectionViewCell.xib; sourceTree = "<group>"; };
		018A0A8928F6B67F00FD1D5E /* GettingHereViewController.swift */ = {isa = PBXFileReference; lastKnownFileType = sourcecode.swift; path = GettingHereViewController.swift; sourceTree = "<group>"; };
		018A0A8B28F6C7FF00FD1D5E /* PointOfInterestViewController.swift */ = {isa = PBXFileReference; lastKnownFileType = sourcecode.swift; path = PointOfInterestViewController.swift; sourceTree = "<group>"; };
		018A0A8D28F6CE8500FD1D5E /* InterestPointCollectionViewCell.swift */ = {isa = PBXFileReference; lastKnownFileType = sourcecode.swift; path = InterestPointCollectionViewCell.swift; sourceTree = "<group>"; };
		018A0A8E28F6CE8500FD1D5E /* InterestPointCollectionViewCell.xib */ = {isa = PBXFileReference; lastKnownFileType = file.xib; path = InterestPointCollectionViewCell.xib; sourceTree = "<group>"; };
		018A0A9128F6D68500FD1D5E /* EventsViewController.swift */ = {isa = PBXFileReference; lastKnownFileType = sourcecode.swift; path = EventsViewController.swift; sourceTree = "<group>"; };
		018EF81128F3D53A00E061CB /* Tourism app.app */ = {isa = PBXFileReference; explicitFileType = wrapper.application; includeInIndex = 0; path = "Tourism app.app"; sourceTree = BUILT_PRODUCTS_DIR; };
		018EF81428F3D53A00E061CB /* AppDelegate.swift */ = {isa = PBXFileReference; lastKnownFileType = sourcecode.swift; path = AppDelegate.swift; sourceTree = "<group>"; };
		018EF81628F3D53A00E061CB /* SceneDelegate.swift */ = {isa = PBXFileReference; lastKnownFileType = sourcecode.swift; path = SceneDelegate.swift; sourceTree = "<group>"; };
		018EF81B28F3D53A00E061CB /* Base */ = {isa = PBXFileReference; lastKnownFileType = file.storyboard; name = Base; path = Base.lproj/Main.storyboard; sourceTree = "<group>"; };
		018EF81D28F3D53F00E061CB /* Assets.xcassets */ = {isa = PBXFileReference; lastKnownFileType = folder.assetcatalog; path = Assets.xcassets; sourceTree = "<group>"; };
		018EF82228F3D53F00E061CB /* Info.plist */ = {isa = PBXFileReference; lastKnownFileType = text.plist.xml; path = Info.plist; sourceTree = "<group>"; };
		018EF82928F3E17E00E061CB /* Roboto-BoldCondensedItalic.ttf */ = {isa = PBXFileReference; lastKnownFileType = file; path = "Roboto-BoldCondensedItalic.ttf"; sourceTree = "<group>"; };
		018EF82A28F3E17E00E061CB /* Roboto-BoldItalic.ttf */ = {isa = PBXFileReference; lastKnownFileType = file; path = "Roboto-BoldItalic.ttf"; sourceTree = "<group>"; };
		018EF82B28F3E17E00E061CB /* Roboto-Italic.ttf */ = {isa = PBXFileReference; lastKnownFileType = file; path = "Roboto-Italic.ttf"; sourceTree = "<group>"; };
		018EF82C28F3E17E00E061CB /* Roboto-Regular.ttf */ = {isa = PBXFileReference; lastKnownFileType = file; path = "Roboto-Regular.ttf"; sourceTree = "<group>"; };
		018EF82D28F3E17E00E061CB /* Roboto-BlackItalic.ttf */ = {isa = PBXFileReference; lastKnownFileType = file; path = "Roboto-BlackItalic.ttf"; sourceTree = "<group>"; };
		018EF82E28F3E17E00E061CB /* Roboto-MediumItalic.ttf */ = {isa = PBXFileReference; lastKnownFileType = file; path = "Roboto-MediumItalic.ttf"; sourceTree = "<group>"; };
		018EF82F28F3E17E00E061CB /* Roboto-LightItalic.ttf */ = {isa = PBXFileReference; lastKnownFileType = file; path = "Roboto-LightItalic.ttf"; sourceTree = "<group>"; };
		018EF83028F3E17E00E061CB /* Roboto-Medium.ttf */ = {isa = PBXFileReference; lastKnownFileType = file; path = "Roboto-Medium.ttf"; sourceTree = "<group>"; };
		018EF83128F3E17E00E061CB /* Roboto-Black.ttf */ = {isa = PBXFileReference; lastKnownFileType = file; path = "Roboto-Black.ttf"; sourceTree = "<group>"; };
		018EF83228F3E17E00E061CB /* Roboto-Thin.ttf */ = {isa = PBXFileReference; lastKnownFileType = file; path = "Roboto-Thin.ttf"; sourceTree = "<group>"; };
		018EF83328F3E17E00E061CB /* Roboto-ThinItalic.ttf */ = {isa = PBXFileReference; lastKnownFileType = file; path = "Roboto-ThinItalic.ttf"; sourceTree = "<group>"; };
		018EF83428F3E17F00E061CB /* Roboto-Condensed.ttf */ = {isa = PBXFileReference; lastKnownFileType = file; path = "Roboto-Condensed.ttf"; sourceTree = "<group>"; };
		018EF83528F3E17F00E061CB /* Roboto-BoldCondensed.ttf */ = {isa = PBXFileReference; lastKnownFileType = file; path = "Roboto-BoldCondensed.ttf"; sourceTree = "<group>"; };
		018EF83628F3E17F00E061CB /* Roboto-Light.ttf */ = {isa = PBXFileReference; lastKnownFileType = file; path = "Roboto-Light.ttf"; sourceTree = "<group>"; };
		018EF83728F3E17F00E061CB /* Roboto-CondensedItalic.ttf */ = {isa = PBXFileReference; lastKnownFileType = file; path = "Roboto-CondensedItalic.ttf"; sourceTree = "<group>"; };
		018EF83828F3E17F00E061CB /* Roboto-Bold.ttf */ = {isa = PBXFileReference; lastKnownFileType = file; path = "Roboto-Bold.ttf"; sourceTree = "<group>"; };
		018EF84C28F3F4BE00E061CB /* Extensions.swift */ = {isa = PBXFileReference; fileEncoding = 4; lastKnownFileType = sourcecode.swift; path = Extensions.swift; sourceTree = "<group>"; };
		018EF84E28F3F53400E061CB /* HomeViewController.swift */ = {isa = PBXFileReference; lastKnownFileType = sourcecode.swift; path = HomeViewController.swift; sourceTree = "<group>"; };
		01A866072913C25F001900D8 /* TabbarViewController.swift */ = {isa = PBXFileReference; lastKnownFileType = sourcecode.swift; path = TabbarViewController.swift; sourceTree = "<group>"; };
		01C2205E29237D150005BFBB /* DestinationDetailViewController.swift */ = {isa = PBXFileReference; lastKnownFileType = sourcecode.swift; path = DestinationDetailViewController.swift; sourceTree = "<group>"; };
		01C220602923ABF40005BFBB /* NotificationViewController.swift */ = {isa = PBXFileReference; lastKnownFileType = sourcecode.swift; path = NotificationViewController.swift; sourceTree = "<group>"; };
		01F7C4C129010DBB008D0C23 /* GalleryViewController.swift */ = {isa = PBXFileReference; lastKnownFileType = sourcecode.swift; path = GalleryViewController.swift; sourceTree = "<group>"; };
		01F7C4C629011BDC008D0C23 /* ImageCollectionViewCell.swift */ = {isa = PBXFileReference; lastKnownFileType = sourcecode.swift; path = ImageCollectionViewCell.swift; sourceTree = "<group>"; };
		01F7C4C729011BDC008D0C23 /* ImageCollectionViewCell.xib */ = {isa = PBXFileReference; lastKnownFileType = file.xib; path = ImageCollectionViewCell.xib; sourceTree = "<group>"; };
		520DABC229375E81006D8E6B /* AdventureDetailViewController.swift */ = {isa = PBXFileReference; lastKnownFileType = sourcecode.swift; path = AdventureDetailViewController.swift; sourceTree = "<group>"; };
		520DABC429376D7C006D8E6B /* PackageDetailViewController.swift */ = {isa = PBXFileReference; lastKnownFileType = sourcecode.swift; path = PackageDetailViewController.swift; sourceTree = "<group>"; };
		520E46522930859700B08DF9 /* CommonViewController.swift */ = {isa = PBXFileReference; fileEncoding = 4; lastKnownFileType = sourcecode.swift; path = CommonViewController.swift; sourceTree = "<group>"; };
		522AF1ED294093FB00DEB1BF /* ProfileCollectionViewCell.swift */ = {isa = PBXFileReference; lastKnownFileType = sourcecode.swift; path = ProfileCollectionViewCell.swift; sourceTree = "<group>"; };
		522AF1EE294093FB00DEB1BF /* ProfileCollectionViewCell.xib */ = {isa = PBXFileReference; lastKnownFileType = file.xib; path = ProfileCollectionViewCell.xib; sourceTree = "<group>"; };
		522AF1F129409EE500DEB1BF /* ProfilePopUpViewController.swift */ = {isa = PBXFileReference; lastKnownFileType = sourcecode.swift; path = ProfilePopUpViewController.swift; sourceTree = "<group>"; };
		522AF1F32940B08000DEB1BF /* FollowerTableViewCell.swift */ = {isa = PBXFileReference; lastKnownFileType = sourcecode.swift; path = FollowerTableViewCell.swift; sourceTree = "<group>"; };
		522AF1F42940B08000DEB1BF /* FollowerTableViewCell.xib */ = {isa = PBXFileReference; lastKnownFileType = file.xib; path = FollowerTableViewCell.xib; sourceTree = "<group>"; };
		5243EF46295184C4003E930A /* HomeViewController+Extension.swift */ = {isa = PBXFileReference; lastKnownFileType = sourcecode.swift; path = "HomeViewController+Extension.swift"; sourceTree = "<group>"; };
		5243EF4829518611003E930A /* URLSession+Extension.swift */ = {isa = PBXFileReference; lastKnownFileType = sourcecode.swift; path = "URLSession+Extension.swift"; sourceTree = "<group>"; };
		5250793A2935F90F00C8D004 /* AppError.swift */ = {isa = PBXFileReference; fileEncoding = 4; lastKnownFileType = sourcecode.swift; path = AppError.swift; sourceTree = "<group>"; };
		5250793B2935F90F00C8D004 /* Route.swift */ = {isa = PBXFileReference; fileEncoding = 4; lastKnownFileType = sourcecode.swift; path = Route.swift; sourceTree = "<group>"; };
		5250793C2935F90F00C8D004 /* Method.swift */ = {isa = PBXFileReference; fileEncoding = 4; lastKnownFileType = sourcecode.swift; path = Method.swift; sourceTree = "<group>"; };
		5250793D2935F90F00C8D004 /* NetworkService.swift */ = {isa = PBXFileReference; fileEncoding = 4; lastKnownFileType = sourcecode.swift; path = NetworkService.swift; sourceTree = "<group>"; };
		5250793E2935F91000C8D004 /* ApiResponse.swift */ = {isa = PBXFileReference; fileEncoding = 4; lastKnownFileType = sourcecode.swift; path = ApiResponse.swift; sourceTree = "<group>"; };
		5255E421293744C400729909 /* Detail.storyboard */ = {isa = PBXFileReference; lastKnownFileType = file.storyboard; path = Detail.storyboard; sourceTree = "<group>"; };
		525DFE6B2941A97500BE8C4B /* WishlistViewController.swift */ = {isa = PBXFileReference; lastKnownFileType = sourcecode.swift; path = WishlistViewController.swift; sourceTree = "<group>"; };
		525DFE6D2941AC6100BE8C4B /* WishlistTableViewCell.swift */ = {isa = PBXFileReference; lastKnownFileType = sourcecode.swift; path = WishlistTableViewCell.swift; sourceTree = "<group>"; };
		525DFE6E2941AC6100BE8C4B /* WishlistTableViewCell.xib */ = {isa = PBXFileReference; lastKnownFileType = file.xib; path = WishlistTableViewCell.xib; sourceTree = "<group>"; };
		5269147E2939D9FB00F9C042 /* SignupViewController.swift */ = {isa = PBXFileReference; lastKnownFileType = sourcecode.swift; path = SignupViewController.swift; sourceTree = "<group>"; };
		526CFE6E29388B43000CA330 /* ProductDetailViewController.swift */ = {isa = PBXFileReference; lastKnownFileType = sourcecode.swift; path = ProductDetailViewController.swift; sourceTree = "<group>"; };
		526F410B294859A3008329E4 /* ChatTableViewCell.swift */ = {isa = PBXFileReference; fileEncoding = 4; lastKnownFileType = sourcecode.swift; path = ChatTableViewCell.swift; sourceTree = "<group>"; };
		526F4FC1293F2FA700D03B13 /* ChatListViewController.swift */ = {isa = PBXFileReference; lastKnownFileType = sourcecode.swift; path = ChatListViewController.swift; sourceTree = "<group>"; };
		526F4FC3293F50FA00D03B13 /* ChatListTableViewCell.swift */ = {isa = PBXFileReference; lastKnownFileType = sourcecode.swift; path = ChatListTableViewCell.swift; sourceTree = "<group>"; };
		526F4FC4293F50FA00D03B13 /* ChatListTableViewCell.xib */ = {isa = PBXFileReference; lastKnownFileType = file.xib; path = ChatListTableViewCell.xib; sourceTree = "<group>"; };
		527FEB222938781000F9B8F0 /* BlogDetailViewController.swift */ = {isa = PBXFileReference; lastKnownFileType = sourcecode.swift; path = BlogDetailViewController.swift; sourceTree = "<group>"; };
		528315242941B242009B01C8 /* WishlistCollectionViewCell.swift */ = {isa = PBXFileReference; lastKnownFileType = sourcecode.swift; path = WishlistCollectionViewCell.swift; sourceTree = "<group>"; };
		528315252941B242009B01C8 /* WishlistCollectionViewCell.xib */ = {isa = PBXFileReference; lastKnownFileType = file.xib; path = WishlistCollectionViewCell.xib; sourceTree = "<group>"; };
		5283152A2941BE18009B01C8 /* AccomodationDetailViewController.swift */ = {isa = PBXFileReference; lastKnownFileType = sourcecode.swift; path = AccomodationDetailViewController.swift; sourceTree = "<group>"; };
		528C34C32952D63B003D1BFA /* ExploreModel.swift */ = {isa = PBXFileReference; lastKnownFileType = sourcecode.swift; path = ExploreModel.swift; sourceTree = "<group>"; };
		5291F3FD2938BDFB00B56AD4 /* POIServiceTableViewCell.swift */ = {isa = PBXFileReference; lastKnownFileType = sourcecode.swift; path = POIServiceTableViewCell.swift; sourceTree = "<group>"; };
		52940DF7294B23EA009DEF50 /* DistrictModel.swift */ = {isa = PBXFileReference; fileEncoding = 4; lastKnownFileType = sourcecode.swift; path = DistrictModel.swift; sourceTree = "<group>"; };
		52940DF9294B259F009DEF50 /* NetworkService+Extension.swift */ = {isa = PBXFileReference; lastKnownFileType = sourcecode.swift; path = "NetworkService+Extension.swift"; sourceTree = "<group>"; };
		52A4AF1E292E37B300E9CBB6 /* NavigationViewController.swift */ = {isa = PBXFileReference; lastKnownFileType = sourcecode.swift; path = NavigationViewController.swift; sourceTree = "<group>"; };
		52A692B92940607F009B2679 /* ProfileViewController.swift */ = {isa = PBXFileReference; lastKnownFileType = sourcecode.swift; path = ProfileViewController.swift; sourceTree = "<group>"; };
		52B11C9E2955768100A4D4A6 /* PoiCategoriesModel.swift */ = {isa = PBXFileReference; lastKnownFileType = sourcecode.swift; path = PoiCategoriesModel.swift; sourceTree = "<group>"; };
		52B1EDF9292CB17000CD0AE0 /* DestinationCollectionViewCell.swift */ = {isa = PBXFileReference; lastKnownFileType = sourcecode.swift; path = DestinationCollectionViewCell.swift; sourceTree = "<group>"; };
		52B1EDFA292CB17000CD0AE0 /* DestinationCollectionViewCell.xib */ = {isa = PBXFileReference; lastKnownFileType = file.xib; path = DestinationCollectionViewCell.xib; sourceTree = "<group>"; };
		52CAACF629470CF6001369FD /* SettingViewController.swift */ = {isa = PBXFileReference; lastKnownFileType = sourcecode.swift; path = SettingViewController.swift; sourceTree = "<group>"; };
		52CAACF82947183F001369FD /* SecurityViewController.swift */ = {isa = PBXFileReference; lastKnownFileType = sourcecode.swift; path = SecurityViewController.swift; sourceTree = "<group>"; };
		52CAACFA29471F3C001369FD /* SellerViewController.swift */ = {isa = PBXFileReference; lastKnownFileType = sourcecode.swift; path = SellerViewController.swift; sourceTree = "<group>"; };
		52D3229E29474AAB000337B1 /* ChatViewController.swift */ = {isa = PBXFileReference; lastKnownFileType = sourcecode.swift; path = ChatViewController.swift; sourceTree = "<group>"; };
		52EE770E293DD1E500FD13D9 /* Profile.storyboard */ = {isa = PBXFileReference; lastKnownFileType = file.storyboard; path = Profile.storyboard; sourceTree = "<group>"; };
		52EE7712293DD2CE00FD13D9 /* FeedsViewController.swift */ = {isa = PBXFileReference; lastKnownFileType = sourcecode.swift; path = FeedsViewController.swift; sourceTree = "<group>"; };
		52EE7715293DF58200FD13D9 /* StatusCollectionViewCell.swift */ = {isa = PBXFileReference; lastKnownFileType = sourcecode.swift; path = StatusCollectionViewCell.swift; sourceTree = "<group>"; };
		52EE7716293DF58200FD13D9 /* StatusCollectionViewCell.xib */ = {isa = PBXFileReference; lastKnownFileType = file.xib; path = StatusCollectionViewCell.xib; sourceTree = "<group>"; };
		52EE7719293E05A400FD13D9 /* FeedTableViewCell.swift */ = {isa = PBXFileReference; lastKnownFileType = sourcecode.swift; path = FeedTableViewCell.swift; sourceTree = "<group>"; };
		52EE771A293E05A400FD13D9 /* FeedTableViewCell.xib */ = {isa = PBXFileReference; lastKnownFileType = file.xib; path = FeedTableViewCell.xib; sourceTree = "<group>"; };
		52F51E0B294738E60072A41C /* PersonalInfoViewController.swift */ = {isa = PBXFileReference; lastKnownFileType = sourcecode.swift; path = PersonalInfoViewController.swift; sourceTree = "<group>"; };
		85662DE9D6194CC5B6D2DFE8 /* Pods_Tourism_app.framework */ = {isa = PBXFileReference; explicitFileType = wrapper.framework; includeInIndex = 0; path = Pods_Tourism_app.framework; sourceTree = BUILT_PRODUCTS_DIR; };
		D0AF7D15F651DED6873FE848 /* Pods-Tourism app.debug.xcconfig */ = {isa = PBXFileReference; includeInIndex = 1; lastKnownFileType = text.xcconfig; name = "Pods-Tourism app.debug.xcconfig"; path = "Target Support Files/Pods-Tourism app/Pods-Tourism app.debug.xcconfig"; sourceTree = "<group>"; };
		F8D58CC9751F34BCC815BE0D /* Pods-Tourism app.release.xcconfig */ = {isa = PBXFileReference; includeInIndex = 1; lastKnownFileType = text.xcconfig; name = "Pods-Tourism app.release.xcconfig"; path = "Target Support Files/Pods-Tourism app/Pods-Tourism app.release.xcconfig"; sourceTree = "<group>"; };
/* End PBXFileReference section */

/* Begin PBXFrameworksBuildPhase section */
		018EF80E28F3D53A00E061CB /* Frameworks */ = {
			isa = PBXFrameworksBuildPhase;
			buildActionMask = 2147483647;
			files = (
				67C5BE46EF82FC34BCC581CF /* Pods_Tourism_app.framework in Frameworks */,
			);
			runOnlyForDeploymentPostprocessing = 0;
		};
/* End PBXFrameworksBuildPhase section */

/* Begin PBXGroup section */
		010348AC291E197C00DF370E /* CallNow */ = {
			isa = PBXGroup;
			children = (
				010348AD291E198D00DF370E /* CallNowViewController.swift */,
			);
			path = CallNow;
			sourceTree = "<group>";
		};
		010348AF291E279500DF370E /* AlertCell */ = {
			isa = PBXGroup;
			children = (
				010348B0291E27C400DF370E /* WeatherTableViewCell.swift */,
				010348B1291E27C400DF370E /* WeatherTableViewCell.xib */,
				01088CAB2920BE4900E176D5 /* AlertTableViewCell.swift */,
				01088CAC2920BE4900E176D5 /* AlertTableViewCell.xib */,
			);
			path = AlertCell;
			sourceTree = "<group>";
		};
		011745DF29026CD60006AAB4 /* Base */ = {
			isa = PBXGroup;
			children = (
				01A866072913C25F001900D8 /* TabbarViewController.swift */,
				011745E029026CE40006AAB4 /* BaseViewController.swift */,
			);
			path = Base;
			sourceTree = "<group>";
		};
		011745E6290275340006AAB4 /* Gallery */ = {
			isa = PBXGroup;
			children = (
				0185E6992903E8550072EC5D /* source */,
				01176F61290A849900A5AF1E /* GalleryDetailViewController.swift */,
				011745E72902754F0006AAB4 /* ImageViewController.swift */,
				01176F63290A8EB600A5AF1E /* VideoViewController.swift */,
				01176F65290A92BE00A5AF1E /* VirtualTourViewController.swift */,
			);
			path = Gallery;
			sourceTree = "<group>";
		};
		011D9AC32914DAE900FDE0E2 /* FilterView */ = {
			isa = PBXGroup;
			children = (
				011D9AC42914DBC800FDE0E2 /* FilterView.xib */,
				011D9AC62914DD0000FDE0E2 /* FilterView.swift */,
				0123541D29261531001D4C4C /* CardView.xib */,
				0123541F2926154E001D4C4C /* CardView.swift */,
			);
			path = FilterView;
			sourceTree = "<group>";
		};
		011DC4362918E3FC00190A7A /* POI */ = {
			isa = PBXGroup;
			children = (
				011DC4372918E45E00190A7A /* POIServicesViewController.swift */,
				011DC43C2919128E00190A7A /* POIMapViewController.swift */,
			);
			path = POI;
			sourceTree = "<group>";
		};
		011DC4392918FB8C00190A7A /* POI */ = {
			isa = PBXGroup;
			children = (
				5291F3FD2938BDFB00B56AD4 /* POIServiceTableViewCell.swift */,
			);
			path = POI;
			sourceTree = "<group>";
		};
		011EDC0529139F7E0017180B /* SplashScreen */ = {
			isa = PBXGroup;
			children = (
				011EDC0629139F980017180B /* SplashScreenViewController.swift */,
			);
			path = SplashScreen;
			sourceTree = "<group>";
		};
		0123542D29265342001D4C4C /* CellType */ = {
			isa = PBXGroup;
			children = (
				0123542E2926534F001D4C4C /* CellType.swift */,
			);
			path = CellType;
			sourceTree = "<group>";
		};
		0136D79728F40E0100CD6A2B /* Views */ = {
			isa = PBXGroup;
			children = (
				52EE7714293DF55C00FD13D9 /* Profile */,
				011D9AC32914DAE900FDE0E2 /* FilterView */,
				016FD95B29112EF200D1C25D /* MarkerView */,
				01E5BC3C28F41C15001E5CF0 /* Home */,
				018A0A8428F6A1C800FD1D5E /* Destination */,
				011DC4392918FB8C00190A7A /* POI */,
				010348AF291E279500DF370E /* AlertCell */,
			);
			path = Views;
			sourceTree = "<group>";
		};
		014137EC290260EB00C1F077 /* TableCell */ = {
			isa = PBXGroup;
			children = (
				0123542D29265342001D4C4C /* CellType */,
				0113825728FFE4AA0080442F /* ExploreTableViewCell.swift */,
				0113825828FFE4AA0080442F /* ExploreTableViewCell.xib */,
				0113825D28FFEB6A0080442F /* AttractionTableViewCell.swift */,
				0113825E28FFEB6A0080442F /* AttractionTableViewCell.xib */,
				0113826128FFEF790080442F /* AdventureTableViewCell.swift */,
				0113826228FFEF790080442F /* AdventureTableViewCell.xib */,
				0113826F28FFF5960080442F /* SouthTableViewCell.swift */,
				0113827028FFF5960080442F /* SouthTableViewCell.xib */,
				0113827528FFFF940080442F /* TourTableViewCell.swift */,
				0113827628FFFF940080442F /* TourTableViewCell.xib */,
				0113828129000E470080442F /* ProductTableViewCell.swift */,
				0113828229000E470080442F /* ProductTableViewCell.xib */,
				0166B52E291A5B9C001AC849 /* ArchTableViewCell.swift */,
				0166B52F291A5B9C001AC849 /* ArchTableViewCell.xib */,
				0123542529262EDB001D4C4C /* BlogTableViewCell.swift */,
				0123542629262EDB001D4C4C /* BlogTableViewCell.xib */,
				0123542929263F8D001D4C4C /* EventTableViewCell.swift */,
				0123542A29263F8D001D4C4C /* EventTableViewCell.xib */,
			);
			path = TableCell;
			sourceTree = "<group>";
		};
		014137ED2902611300C1F077 /* CollectionCell */ = {
			isa = PBXGroup;
			children = (
				01F7C4C629011BDC008D0C23 /* ImageCollectionViewCell.swift */,
				01F7C4C729011BDC008D0C23 /* ImageCollectionViewCell.xib */,
				011AED08290126F700C9D286 /* VideoCollectionViewCell.swift */,
				011AED09290126F700C9D286 /* VideoCollectionViewCell.xib */,
				011AED0C29012D5F00C9D286 /* VirtualCollectionViewCell.swift */,
				011AED0D29012D5F00C9D286 /* VirtualCollectionViewCell.xib */,
			);
			path = CollectionCell;
			sourceTree = "<group>";
		};
		014BD44C292893C100DF50E5 /* Model */ = {
			isa = PBXGroup;
			children = (
				014BD44D292893EE00DF50E5 /* Struct+Extensions.swift */,
				52940DF7294B23EA009DEF50 /* DistrictModel.swift */,
				528C34C32952D63B003D1BFA /* ExploreModel.swift */,
				52B11C9E2955768100A4D4A6 /* PoiCategoriesModel.swift */,
			);
			path = Model;
			sourceTree = "<group>";
		};
		016FD9562911113A00D1C25D /* Map */ = {
			isa = PBXGroup;
			children = (
				016FD9572911115300D1C25D /* ExploreMapViewController.swift */,
			);
			path = Map;
			sourceTree = "<group>";
		};
		016FD95B29112EF200D1C25D /* MarkerView */ = {
			isa = PBXGroup;
			children = (
				016FD95929112E2400D1C25D /* CustomMarkerView.xib */,
				016FD95C29112F0700D1C25D /* CustomMakerView.swift */,
			);
			path = MarkerView;
			sourceTree = "<group>";
		};
		0185E6992903E8550072EC5D /* source */ = {
			isa = PBXGroup;
			children = (
				01115CAF2902841A00E89978 /* Header.xib */,
				0185E6952903BD910072EC5D /* ASCollectionView.swift */,
				0185E6932903BD910072EC5D /* ASCollectionViewLayout.swift */,
				0185E6942903BD910072EC5D /* ASCollectionViewParallaxCell.swift */,
			);
			path = source;
			sourceTree = "<group>";
		};
		018A0A7F28F67F7800FD1D5E /* Destination */ = {
			isa = PBXGroup;
			children = (
				520E46522930859700B08DF9 /* CommonViewController.swift */,
				018A0A8228F69ACC00FD1D5E /* AttractionViewController.swift */,
				018A0A8928F6B67F00FD1D5E /* GettingHereViewController.swift */,
				52A4AF1E292E37B300E9CBB6 /* NavigationViewController.swift */,
				018A0A8B28F6C7FF00FD1D5E /* PointOfInterestViewController.swift */,
				018A0A9128F6D68500FD1D5E /* EventsViewController.swift */,
				01209EE928F7C9C000503682 /* LocalProductsViewController.swift */,
				01209EEF28F7EEB700503682 /* ItenrariesViewController.swift */,
				01209EF528F804BC00503682 /* AccomodationViewController.swift */,
				01209EFB28F8222700503682 /* AboutViewController.swift */,
				01C2205E29237D150005BFBB /* DestinationDetailViewController.swift */,
			);
			path = Destination;
			sourceTree = "<group>";
		};
		018A0A8428F6A1C800FD1D5E /* Destination */ = {
			isa = PBXGroup;
			children = (
				52B1EDF9292CB17000CD0AE0 /* DestinationCollectionViewCell.swift */,
				52B1EDFA292CB17000CD0AE0 /* DestinationCollectionViewCell.xib */,
				018A0A8528F6A24100FD1D5E /* DestAttractCollectionViewCell.swift */,
				018A0A8628F6A24100FD1D5E /* DestAttractCollectionViewCell.xib */,
				018A0A8D28F6CE8500FD1D5E /* InterestPointCollectionViewCell.swift */,
				018A0A8E28F6CE8500FD1D5E /* InterestPointCollectionViewCell.xib */,
				01209EEB28F7CBCD00503682 /* DestProductCollectionViewCell.swift */,
				01209EEC28F7CBCD00503682 /* DestProductCollectionViewCell.xib */,
				01209EF128F7EF2500503682 /* ItenrariesCollectionViewCell.swift */,
				01209EF228F7EF2500503682 /* ItenrariesCollectionViewCell.xib */,
				01209EF728F8052F00503682 /* AccomodationTableViewCell.swift */,
				01209EF828F8052F00503682 /* AccomodationTableViewCell.xib */,
				01209EFD28F82F9D00503682 /* AboutCollectionViewCell.swift */,
				01209EFE28F82F9D00503682 /* AboutCollectionViewCell.xib */,
			);
			path = Destination;
			sourceTree = "<group>";
		};
		018EF80828F3D53A00E061CB = {
			isa = PBXGroup;
			children = (
				018EF81328F3D53A00E061CB /* Tourism app */,
				018EF81228F3D53A00E061CB /* Products */,
				073D518EC486EFAD0A2814E4 /* Pods */,
				28FB7B08CC81CC291BEDB8E2 /* Frameworks */,
			);
			sourceTree = "<group>";
		};
		018EF81228F3D53A00E061CB /* Products */ = {
			isa = PBXGroup;
			children = (
				018EF81128F3D53A00E061CB /* Tourism app.app */,
			);
			name = Products;
			sourceTree = "<group>";
		};
		018EF81328F3D53A00E061CB /* Tourism app */ = {
			isa = PBXGroup;
			children = (
				018EF85128F3F55900E061CB /* AppDelegate */,
				525079392935F8FB00C8D004 /* Networking */,
				014BD44C292893C100DF50E5 /* Model */,
				0136D79728F40E0100CD6A2B /* Views */,
				018EF85228F3F56A00E061CB /* Controllers */,
				018EF85028F3F53E00E061CB /* StoryBoard */,
				018EF81D28F3D53F00E061CB /* Assets.xcassets */,
				011D9AC12914CB6E00FDE0E2 /* logo.gif */,
				018EF84B28F3F42700E061CB /* Utilities */,
				018EF82228F3D53F00E061CB /* Info.plist */,
			);
			path = "Tourism app";
			sourceTree = "<group>";
		};
		018EF82828F3E15800E061CB /* Fonts */ = {
			isa = PBXGroup;
			children = (
				018EF83128F3E17E00E061CB /* Roboto-Black.ttf */,
				018EF82D28F3E17E00E061CB /* Roboto-BlackItalic.ttf */,
				018EF83828F3E17F00E061CB /* Roboto-Bold.ttf */,
				018EF83528F3E17F00E061CB /* Roboto-BoldCondensed.ttf */,
				018EF82928F3E17E00E061CB /* Roboto-BoldCondensedItalic.ttf */,
				018EF82A28F3E17E00E061CB /* Roboto-BoldItalic.ttf */,
				018EF83428F3E17F00E061CB /* Roboto-Condensed.ttf */,
				018EF83728F3E17F00E061CB /* Roboto-CondensedItalic.ttf */,
				018EF82B28F3E17E00E061CB /* Roboto-Italic.ttf */,
				018EF83628F3E17F00E061CB /* Roboto-Light.ttf */,
				018EF82F28F3E17E00E061CB /* Roboto-LightItalic.ttf */,
				018EF83028F3E17E00E061CB /* Roboto-Medium.ttf */,
				018EF82E28F3E17E00E061CB /* Roboto-MediumItalic.ttf */,
				018EF82C28F3E17E00E061CB /* Roboto-Regular.ttf */,
				018EF83228F3E17E00E061CB /* Roboto-Thin.ttf */,
				018EF83328F3E17E00E061CB /* Roboto-ThinItalic.ttf */,
			);
			path = Fonts;
			sourceTree = "<group>";
		};
		018EF84B28F3F42700E061CB /* Utilities */ = {
			isa = PBXGroup;
			children = (
				018A0A7B28F6792C00FD1D5E /* Storyboard.swift */,
				0113826728FFF3A30080442F /* IBDesignableExtensions.swift */,
				018EF84C28F3F4BE00E061CB /* Extensions.swift */,
				011AED38290137FB00C9D286 /* Helper.swift */,
				018EF82828F3E15800E061CB /* Fonts */,
				018A0A7D28F679C700FD1D5E /* Switcher.swift */,
				01176F5F290A7DC800A5AF1E /* Constants.swift */,
			);
			path = Utilities;
			sourceTree = "<group>";
		};
		018EF85028F3F53E00E061CB /* StoryBoard */ = {
			isa = PBXGroup;
			children = (
				018EF81A28F3D53A00E061CB /* Main.storyboard */,
				018A0A7928F678D100FD1D5E /* Destination.storyboard */,
				5255E421293744C400729909 /* Detail.storyboard */,
				011745E2290274E10006AAB4 /* Gallery.storyboard */,
				016FD95429110CCA00D1C25D /* MapView.storyboard */,
				011DC4342918E3E900190A7A /* POI.storyboard */,
				52EE770E293DD1E500FD13D9 /* Profile.storyboard */,
			);
			path = StoryBoard;
			sourceTree = "<group>";
		};
		018EF85128F3F55900E061CB /* AppDelegate */ = {
			isa = PBXGroup;
			children = (
				018EF81428F3D53A00E061CB /* AppDelegate.swift */,
				018EF81628F3D53A00E061CB /* SceneDelegate.swift */,
			);
			path = AppDelegate;
			sourceTree = "<group>";
		};
		018EF85228F3F56A00E061CB /* Controllers */ = {
			isa = PBXGroup;
			children = (
				5255E4232937468000729909 /* Detail */,
				010348AC291E197C00DF370E /* CallNow */,
				011EDC0529139F7E0017180B /* SplashScreen */,
				016FD9562911113A00D1C25D /* Map */,
				011745E6290275340006AAB4 /* Gallery */,
				011745DF29026CD60006AAB4 /* Base */,
				018EF85328F3F57F00E061CB /* Home */,
				018A0A7F28F67F7800FD1D5E /* Destination */,
				011DC4362918E3FC00190A7A /* POI */,
				52EE7711293DD2A100FD13D9 /* Profile */,
			);
			path = Controllers;
			sourceTree = "<group>";
		};
		018EF85328F3F57F00E061CB /* Home */ = {
			isa = PBXGroup;
			children = (
				018EF84E28F3F53400E061CB /* HomeViewController.swift */,
				01F7C4C129010DBB008D0C23 /* GalleryViewController.swift */,
				01176F68290A9B3800A5AF1E /* LoginViewController.swift */,
				5269147E2939D9FB00F9C042 /* SignupViewController.swift */,
				010348AA291E11FC00DF370E /* WeatherAlertViewController.swift */,
				01C220602923ABF40005BFBB /* NotificationViewController.swift */,
				5243EF46295184C4003E930A /* HomeViewController+Extension.swift */,
			);
			path = Home;
			sourceTree = "<group>";
		};
		01E5BC3C28F41C15001E5CF0 /* Home */ = {
			isa = PBXGroup;
			children = (
				014137ED2902611300C1F077 /* CollectionCell */,
				014137EC290260EB00C1F077 /* TableCell */,
			);
			path = Home;
			sourceTree = "<group>";
		};
		073D518EC486EFAD0A2814E4 /* Pods */ = {
			isa = PBXGroup;
			children = (
				D0AF7D15F651DED6873FE848 /* Pods-Tourism app.debug.xcconfig */,
				F8D58CC9751F34BCC815BE0D /* Pods-Tourism app.release.xcconfig */,
			);
			path = Pods;
			sourceTree = "<group>";
		};
		28FB7B08CC81CC291BEDB8E2 /* Frameworks */ = {
			isa = PBXGroup;
			children = (
				85662DE9D6194CC5B6D2DFE8 /* Pods_Tourism_app.framework */,
			);
			name = Frameworks;
			sourceTree = "<group>";
		};
		525079392935F8FB00C8D004 /* Networking */ = {
			isa = PBXGroup;
			children = (
				5250793E2935F91000C8D004 /* ApiResponse.swift */,
				5250793A2935F90F00C8D004 /* AppError.swift */,
				5250793C2935F90F00C8D004 /* Method.swift */,
				5250793D2935F90F00C8D004 /* NetworkService.swift */,
				52940DF9294B259F009DEF50 /* NetworkService+Extension.swift */,
				5250793B2935F90F00C8D004 /* Route.swift */,
				5243EF4829518611003E930A /* URLSession+Extension.swift */,
			);
			path = Networking;
			sourceTree = "<group>";
		};
		5255E4232937468000729909 /* Detail */ = {
			isa = PBXGroup;
			children = (
				520DABC229375E81006D8E6B /* AdventureDetailViewController.swift */,
				01651851291A2CF70085A239 /* EventDetailViewController.swift */,
				520DABC429376D7C006D8E6B /* PackageDetailViewController.swift */,
				527FEB222938781000F9B8F0 /* BlogDetailViewController.swift */,
				526CFE6E29388B43000CA330 /* ProductDetailViewController.swift */,
				5283152A2941BE18009B01C8 /* AccomodationDetailViewController.swift */,
			);
			path = Detail;
			sourceTree = "<group>";
		};
		52EE7711293DD2A100FD13D9 /* Profile */ = {
			isa = PBXGroup;
			children = (
				52EE7712293DD2CE00FD13D9 /* FeedsViewController.swift */,
				526F4FC1293F2FA700D03B13 /* ChatListViewController.swift */,
				52A692B92940607F009B2679 /* ProfileViewController.swift */,
				522AF1F129409EE500DEB1BF /* ProfilePopUpViewController.swift */,
				525DFE6B2941A97500BE8C4B /* WishlistViewController.swift */,
				52CAACF629470CF6001369FD /* SettingViewController.swift */,
				52CAACF82947183F001369FD /* SecurityViewController.swift */,
				52CAACFA29471F3C001369FD /* SellerViewController.swift */,
				52F51E0B294738E60072A41C /* PersonalInfoViewController.swift */,
				52D3229E29474AAB000337B1 /* ChatViewController.swift */,
			);
			path = Profile;
			sourceTree = "<group>";
		};
		52EE7714293DF55C00FD13D9 /* Profile */ = {
			isa = PBXGroup;
			children = (
				52EE7715293DF58200FD13D9 /* StatusCollectionViewCell.swift */,
				52EE7716293DF58200FD13D9 /* StatusCollectionViewCell.xib */,
				52EE7719293E05A400FD13D9 /* FeedTableViewCell.swift */,
				52EE771A293E05A400FD13D9 /* FeedTableViewCell.xib */,
				526F4FC3293F50FA00D03B13 /* ChatListTableViewCell.swift */,
				526F4FC4293F50FA00D03B13 /* ChatListTableViewCell.xib */,
				522AF1ED294093FB00DEB1BF /* ProfileCollectionViewCell.swift */,
				522AF1EE294093FB00DEB1BF /* ProfileCollectionViewCell.xib */,
				522AF1F32940B08000DEB1BF /* FollowerTableViewCell.swift */,
				522AF1F42940B08000DEB1BF /* FollowerTableViewCell.xib */,
				525DFE6D2941AC6100BE8C4B /* WishlistTableViewCell.swift */,
				525DFE6E2941AC6100BE8C4B /* WishlistTableViewCell.xib */,
				528315242941B242009B01C8 /* WishlistCollectionViewCell.swift */,
				528315252941B242009B01C8 /* WishlistCollectionViewCell.xib */,
				526F410B294859A3008329E4 /* ChatTableViewCell.swift */,
			);
			path = Profile;
			sourceTree = "<group>";
		};
/* End PBXGroup section */

/* Begin PBXNativeTarget section */
		018EF81028F3D53A00E061CB /* Tourism app */ = {
			isa = PBXNativeTarget;
			buildConfigurationList = 018EF82528F3D53F00E061CB /* Build configuration list for PBXNativeTarget "Tourism app" */;
			buildPhases = (
				7CF9C1DAABA2F275F2D54E4C /* [CP] Check Pods Manifest.lock */,
				018EF80D28F3D53A00E061CB /* Sources */,
				018EF80E28F3D53A00E061CB /* Frameworks */,
				018EF80F28F3D53A00E061CB /* Resources */,
				F31FF928E97EEB68E503E5F9 /* [CP] Embed Pods Frameworks */,
				8FD3A2DF80C16F935883A19B /* [CP] Copy Pods Resources */,
			);
			buildRules = (
			);
			dependencies = (
			);
			name = "Tourism app";
			productName = "Tourism app";
			productReference = 018EF81128F3D53A00E061CB /* Tourism app.app */;
			productType = "com.apple.product-type.application";
		};
/* End PBXNativeTarget section */

/* Begin PBXProject section */
		018EF80928F3D53A00E061CB /* Project object */ = {
			isa = PBXProject;
			attributes = {
				BuildIndependentTargetsInParallel = 1;
				LastSwiftUpdateCheck = 1340;
				LastUpgradeCheck = 1340;
				TargetAttributes = {
					018EF81028F3D53A00E061CB = {
						CreatedOnToolsVersion = 13.4.1;
					};
				};
			};
			buildConfigurationList = 018EF80C28F3D53A00E061CB /* Build configuration list for PBXProject "Tourism app" */;
			compatibilityVersion = "Xcode 13.0";
			developmentRegion = en;
			hasScannedForEncodings = 0;
			knownRegions = (
				en,
				Base,
			);
			mainGroup = 018EF80828F3D53A00E061CB;
			productRefGroup = 018EF81228F3D53A00E061CB /* Products */;
			projectDirPath = "";
			projectRoot = "";
			targets = (
				018EF81028F3D53A00E061CB /* Tourism app */,
			);
		};
/* End PBXProject section */

/* Begin PBXResourcesBuildPhase section */
		018EF80F28F3D53A00E061CB /* Resources */ = {
			isa = PBXResourcesBuildPhase;
			buildActionMask = 2147483647;
			files = (
				018EF84828F3E17F00E061CB /* Roboto-Bold.ttf in Resources */,
				018A0A8828F6A24100FD1D5E /* DestAttractCollectionViewCell.xib in Resources */,
				522AF1F0294093FB00DEB1BF /* ProfileCollectionViewCell.xib in Resources */,
				0113827828FFFF940080442F /* TourTableViewCell.xib in Resources */,
				018EF83C28F3E17F00E061CB /* Roboto-Regular.ttf in Resources */,
				018A0A9028F6CE8500FD1D5E /* InterestPointCollectionViewCell.xib in Resources */,
				018EF83F28F3E17F00E061CB /* Roboto-LightItalic.ttf in Resources */,
				016FD95529110CCA00D1C25D /* MapView.storyboard in Resources */,
				018EF83B28F3E17F00E061CB /* Roboto-Italic.ttf in Resources */,
				018EF81E28F3D53F00E061CB /* Assets.xcassets in Resources */,
				52EE771C293E05A400FD13D9 /* FeedTableViewCell.xib in Resources */,
				018EF83928F3E17F00E061CB /* Roboto-BoldCondensedItalic.ttf in Resources */,
				0113827228FFF5960080442F /* SouthTableViewCell.xib in Resources */,
				018EF83A28F3E17F00E061CB /* Roboto-BoldItalic.ttf in Resources */,
				0113826428FFEF790080442F /* AdventureTableViewCell.xib in Resources */,
				011745E3290274E10006AAB4 /* Gallery.storyboard in Resources */,
				0113828429000E470080442F /* ProductTableViewCell.xib in Resources */,
				018EF81C28F3D53A00E061CB /* Main.storyboard in Resources */,
				01088CAE2920BE4900E176D5 /* AlertTableViewCell.xib in Resources */,
				018EF84428F3E17F00E061CB /* Roboto-Condensed.ttf in Resources */,
				525DFE702941AC6100BE8C4B /* WishlistTableViewCell.xib in Resources */,
				5255E422293744C400729909 /* Detail.storyboard in Resources */,
				018EF84028F3E17F00E061CB /* Roboto-Medium.ttf in Resources */,
				01209EFA28F8052F00503682 /* AccomodationTableViewCell.xib in Resources */,
				016FD95A29112E2400D1C25D /* CustomMarkerView.xib in Resources */,
				018EF84528F3E17F00E061CB /* Roboto-BoldCondensed.ttf in Resources */,
				0123542C29263F8D001D4C4C /* EventTableViewCell.xib in Resources */,
				0123541E29261531001D4C4C /* CardView.xib in Resources */,
				011D9AC22914CB6E00FDE0E2 /* logo.gif in Resources */,
				011AED0F29012D5F00C9D286 /* VirtualCollectionViewCell.xib in Resources */,
				011AED0B290126F700C9D286 /* VideoCollectionViewCell.xib in Resources */,
				011D9AC52914DBC800FDE0E2 /* FilterView.xib in Resources */,
				018A0A7A28F678D100FD1D5E /* Destination.storyboard in Resources */,
				011DC4352918E3E900190A7A /* POI.storyboard in Resources */,
				01209F0028F82F9D00503682 /* AboutCollectionViewCell.xib in Resources */,
				0123542829262EDB001D4C4C /* BlogTableViewCell.xib in Resources */,
				0113825A28FFE4AA0080442F /* ExploreTableViewCell.xib in Resources */,
				52B1EDFC292CB17000CD0AE0 /* DestinationCollectionViewCell.xib in Resources */,
				018EF83E28F3E17F00E061CB /* Roboto-MediumItalic.ttf in Resources */,
				018EF84628F3E17F00E061CB /* Roboto-Light.ttf in Resources */,
				0113826028FFEB6A0080442F /* AttractionTableViewCell.xib in Resources */,
				01209EF428F7EF2500503682 /* ItenrariesCollectionViewCell.xib in Resources */,
				0166B531291A5B9C001AC849 /* ArchTableViewCell.xib in Resources */,
				018EF84728F3E17F00E061CB /* Roboto-CondensedItalic.ttf in Resources */,
				018EF84328F3E17F00E061CB /* Roboto-ThinItalic.ttf in Resources */,
				52EE770F293DD1E500FD13D9 /* Profile.storyboard in Resources */,
				018EF83D28F3E17F00E061CB /* Roboto-BlackItalic.ttf in Resources */,
				010348B3291E27C400DF370E /* WeatherTableViewCell.xib in Resources */,
				522AF1F62940B08000DEB1BF /* FollowerTableViewCell.xib in Resources */,
				018EF84228F3E17F00E061CB /* Roboto-Thin.ttf in Resources */,
				01115CB02902841A00E89978 /* Header.xib in Resources */,
				52EE7718293DF58200FD13D9 /* StatusCollectionViewCell.xib in Resources */,
				01209EEE28F7CBCD00503682 /* DestProductCollectionViewCell.xib in Resources */,
				528315272941B242009B01C8 /* WishlistCollectionViewCell.xib in Resources */,
				01F7C4C929011BDC008D0C23 /* ImageCollectionViewCell.xib in Resources */,
				018EF84128F3E17F00E061CB /* Roboto-Black.ttf in Resources */,
				526F4FC6293F50FA00D03B13 /* ChatListTableViewCell.xib in Resources */,
			);
			runOnlyForDeploymentPostprocessing = 0;
		};
/* End PBXResourcesBuildPhase section */

/* Begin PBXShellScriptBuildPhase section */
		7CF9C1DAABA2F275F2D54E4C /* [CP] Check Pods Manifest.lock */ = {
			isa = PBXShellScriptBuildPhase;
			buildActionMask = 2147483647;
			files = (
			);
			inputFileListPaths = (
			);
			inputPaths = (
				"${PODS_PODFILE_DIR_PATH}/Podfile.lock",
				"${PODS_ROOT}/Manifest.lock",
			);
			name = "[CP] Check Pods Manifest.lock";
			outputFileListPaths = (
			);
			outputPaths = (
				"$(DERIVED_FILE_DIR)/Pods-Tourism app-checkManifestLockResult.txt",
			);
			runOnlyForDeploymentPostprocessing = 0;
			shellPath = /bin/sh;
			shellScript = "diff \"${PODS_PODFILE_DIR_PATH}/Podfile.lock\" \"${PODS_ROOT}/Manifest.lock\" > /dev/null\nif [ $? != 0 ] ; then\n    # print error to STDERR\n    echo \"error: The sandbox is not in sync with the Podfile.lock. Run 'pod install' or update your CocoaPods installation.\" >&2\n    exit 1\nfi\n# This output is used by Xcode 'outputs' to avoid re-running this script phase.\necho \"SUCCESS\" > \"${SCRIPT_OUTPUT_FILE_0}\"\n";
			showEnvVarsInLog = 0;
		};
		8FD3A2DF80C16F935883A19B /* [CP] Copy Pods Resources */ = {
			isa = PBXShellScriptBuildPhase;
			buildActionMask = 2147483647;
			files = (
			);
			inputFileListPaths = (
				"${PODS_ROOT}/Target Support Files/Pods-Tourism app/Pods-Tourism app-resources-${CONFIGURATION}-input-files.xcfilelist",
			);
			name = "[CP] Copy Pods Resources";
			outputFileListPaths = (
				"${PODS_ROOT}/Target Support Files/Pods-Tourism app/Pods-Tourism app-resources-${CONFIGURATION}-output-files.xcfilelist",
			);
			runOnlyForDeploymentPostprocessing = 0;
			shellPath = /bin/sh;
			shellScript = "\"${PODS_ROOT}/Target Support Files/Pods-Tourism app/Pods-Tourism app-resources.sh\"\n";
			showEnvVarsInLog = 0;
		};
		F31FF928E97EEB68E503E5F9 /* [CP] Embed Pods Frameworks */ = {
			isa = PBXShellScriptBuildPhase;
			buildActionMask = 2147483647;
			files = (
			);
			inputFileListPaths = (
				"${PODS_ROOT}/Target Support Files/Pods-Tourism app/Pods-Tourism app-frameworks-${CONFIGURATION}-input-files.xcfilelist",
			);
			name = "[CP] Embed Pods Frameworks";
			outputFileListPaths = (
				"${PODS_ROOT}/Target Support Files/Pods-Tourism app/Pods-Tourism app-frameworks-${CONFIGURATION}-output-files.xcfilelist",
			);
			runOnlyForDeploymentPostprocessing = 0;
			shellPath = /bin/sh;
			shellScript = "\"${PODS_ROOT}/Target Support Files/Pods-Tourism app/Pods-Tourism app-frameworks.sh\"\n";
			showEnvVarsInLog = 0;
		};
/* End PBXShellScriptBuildPhase section */

/* Begin PBXSourcesBuildPhase section */
		018EF80D28F3D53A00E061CB /* Sources */ = {
			isa = PBXSourcesBuildPhase;
			buildActionMask = 2147483647;
			files = (
				018EF81528F3D53A00E061CB /* AppDelegate.swift in Sources */,
				018A0A8728F6A24100FD1D5E /* DestAttractCollectionViewCell.swift in Sources */,
				0166B530291A5B9C001AC849 /* ArchTableViewCell.swift in Sources */,
				018EF81728F3D53A00E061CB /* SceneDelegate.swift in Sources */,
				5250793F2935F91000C8D004 /* AppError.swift in Sources */,
				52CAACF729470CF6001369FD /* SettingViewController.swift in Sources */,
				520E46532930859700B08DF9 /* CommonViewController.swift in Sources */,
				52F51E0C294738E60072A41C /* PersonalInfoViewController.swift in Sources */,
				0113827128FFF5960080442F /* SouthTableViewCell.swift in Sources */,
				01209EF928F8052F00503682 /* AccomodationTableViewCell.swift in Sources */,
				01209EF628F804BC00503682 /* AccomodationViewController.swift in Sources */,
				52EE7713293DD2CE00FD13D9 /* FeedsViewController.swift in Sources */,
				525079402935F91000C8D004 /* Route.swift in Sources */,
				01A866082913C25F001900D8 /* TabbarViewController.swift in Sources */,
				01176F64290A8EB600A5AF1E /* VideoViewController.swift in Sources */,
				011DC4382918E45E00190A7A /* POIServicesViewController.swift in Sources */,
				011AED0E29012D5F00C9D286 /* VirtualCollectionViewCell.swift in Sources */,
				014BD44E292893EE00DF50E5 /* Struct+Extensions.swift in Sources */,
				52CAACF92947183F001369FD /* SecurityViewController.swift in Sources */,
				010348AE291E198D00DF370E /* CallNowViewController.swift in Sources */,
				522AF1EF294093FB00DEB1BF /* ProfileCollectionViewCell.swift in Sources */,
				0113826328FFEF790080442F /* AdventureTableViewCell.swift in Sources */,
				526F4FC2293F2FA700D03B13 /* ChatListViewController.swift in Sources */,
				010348AB291E11FC00DF370E /* WeatherAlertViewController.swift in Sources */,
				01209EED28F7CBCD00503682 /* DestProductCollectionViewCell.swift in Sources */,
				01651852291A2CF80085A239 /* EventDetailViewController.swift in Sources */,
				0185E6982903BD910072EC5D /* ASCollectionView.swift in Sources */,
				011DC43D2919128E00190A7A /* POIMapViewController.swift in Sources */,
				52A4AF1F292E37B300E9CBB6 /* NavigationViewController.swift in Sources */,
				0185E6962903BD910072EC5D /* ASCollectionViewLayout.swift in Sources */,
				520DABC529376D7C006D8E6B /* PackageDetailViewController.swift in Sources */,
				0113825F28FFEB6A0080442F /* AttractionTableViewCell.swift in Sources */,
				5243EF4929518611003E930A /* URLSession+Extension.swift in Sources */,
				011EDC0729139F980017180B /* SplashScreenViewController.swift in Sources */,
				01088CAD2920BE4900E176D5 /* AlertTableViewCell.swift in Sources */,
				011745E129026CE40006AAB4 /* BaseViewController.swift in Sources */,
				5243EF47295184C4003E930A /* HomeViewController+Extension.swift in Sources */,
				52940DF8294B23EA009DEF50 /* DistrictModel.swift in Sources */,
				0123542F2926534F001D4C4C /* CellType.swift in Sources */,
				018A0A7E28F679C700FD1D5E /* Switcher.swift in Sources */,
				528315262941B242009B01C8 /* WishlistCollectionViewCell.swift in Sources */,
				522AF1F229409EE500DEB1BF /* ProfilePopUpViewController.swift in Sources */,
				5283152B2941BE18009B01C8 /* AccomodationDetailViewController.swift in Sources */,
				01C220612923ABF40005BFBB /* NotificationViewController.swift in Sources */,
				01C2205F29237D150005BFBB /* DestinationDetailViewController.swift in Sources */,
				52EE7717293DF58200FD13D9 /* StatusCollectionViewCell.swift in Sources */,
				52A692BA2940607F009B2679 /* ProfileViewController.swift in Sources */,
				01209EEA28F7C9C000503682 /* LocalProductsViewController.swift in Sources */,
				018EF84D28F3F4BE00E061CB /* Extensions.swift in Sources */,
				0123542B29263F8D001D4C4C /* EventTableViewCell.swift in Sources */,
				52940DFA294B259F009DEF50 /* NetworkService+Extension.swift in Sources */,
				0113826828FFF3A30080442F /* IBDesignableExtensions.swift in Sources */,
				01209EF028F7EEB700503682 /* ItenrariesViewController.swift in Sources */,
				525DFE6F2941AC6100BE8C4B /* WishlistTableViewCell.swift in Sources */,
				016FD95D29112F0700D1C25D /* CustomMakerView.swift in Sources */,
				525DFE6C2941A97500BE8C4B /* WishlistViewController.swift in Sources */,
				525079412935F91000C8D004 /* Method.swift in Sources */,
				01209EF328F7EF2500503682 /* ItenrariesCollectionViewCell.swift in Sources */,
				01F7C4C229010DBB008D0C23 /* GalleryViewController.swift in Sources */,
				011D9AC72914DD0000FDE0E2 /* FilterView.swift in Sources */,
				01176F69290A9B3800A5AF1E /* LoginViewController.swift in Sources */,
				01176F66290A92BE00A5AF1E /* VirtualTourViewController.swift in Sources */,
				52D3229F29474AAB000337B1 /* ChatViewController.swift in Sources */,
				0123542729262EDB001D4C4C /* BlogTableViewCell.swift in Sources */,
				5269147F2939D9FB00F9C042 /* SignupViewController.swift in Sources */,
				528C34C42952D63B003D1BFA /* ExploreModel.swift in Sources */,
				520DABC329375E81006D8E6B /* AdventureDetailViewController.swift in Sources */,
				526F4FC5293F50FA00D03B13 /* ChatListTableViewCell.swift in Sources */,
				018A0A9228F6D68500FD1D5E /* EventsViewController.swift in Sources */,
				52B1EDFB292CB17000CD0AE0 /* DestinationCollectionViewCell.swift in Sources */,
				01F7C4C829011BDC008D0C23 /* ImageCollectionViewCell.swift in Sources */,
				0113828329000E470080442F /* ProductTableViewCell.swift in Sources */,
				016FD9582911115300D1C25D /* ExploreMapViewController.swift in Sources */,
				018A0A8C28F6C7FF00FD1D5E /* PointOfInterestViewController.swift in Sources */,
				011AED39290137FB00C9D286 /* Helper.swift in Sources */,
				018A0A8A28F6B67F00FD1D5E /* GettingHereViewController.swift in Sources */,
				010348B2291E27C400DF370E /* WeatherTableViewCell.swift in Sources */,
				0113825928FFE4AA0080442F /* ExploreTableViewCell.swift in Sources */,
				018A0A7C28F6792C00FD1D5E /* Storyboard.swift in Sources */,
				018A0A8328F69ACC00FD1D5E /* AttractionViewController.swift in Sources */,
				52EE771B293E05A400FD13D9 /* FeedTableViewCell.swift in Sources */,
				527FEB232938781000F9B8F0 /* BlogDetailViewController.swift in Sources */,
				52CAACFB29471F3C001369FD /* SellerViewController.swift in Sources */,
				011745E82902754F0006AAB4 /* ImageViewController.swift in Sources */,
				525079422935F91000C8D004 /* NetworkService.swift in Sources */,
				011AED0A290126F700C9D286 /* VideoCollectionViewCell.swift in Sources */,
				526F410C294859A3008329E4 /* ChatTableViewCell.swift in Sources */,
				018EF84F28F3F53400E061CB /* HomeViewController.swift in Sources */,
				01209EFC28F8222700503682 /* AboutViewController.swift in Sources */,
				01209EFF28F82F9D00503682 /* AboutCollectionViewCell.swift in Sources */,
				5291F3FE2938BDFB00B56AD4 /* POIServiceTableViewCell.swift in Sources */,
				012354202926154E001D4C4C /* CardView.swift in Sources */,
				018A0A8F28F6CE8500FD1D5E /* InterestPointCollectionViewCell.swift in Sources */,
				01176F62290A849900A5AF1E /* GalleryDetailViewController.swift in Sources */,
				52B11C9F2955768100A4D4A6 /* PoiCategoriesModel.swift in Sources */,
				01176F60290A7DC800A5AF1E /* Constants.swift in Sources */,
				525079432935F91000C8D004 /* ApiResponse.swift in Sources */,
				522AF1F52940B08000DEB1BF /* FollowerTableViewCell.swift in Sources */,
				526CFE6F29388B43000CA330 /* ProductDetailViewController.swift in Sources */,
				0113827728FFFF940080442F /* TourTableViewCell.swift in Sources */,
				0185E6972903BD910072EC5D /* ASCollectionViewParallaxCell.swift in Sources */,
			);
			runOnlyForDeploymentPostprocessing = 0;
		};
/* End PBXSourcesBuildPhase section */

/* Begin PBXVariantGroup section */
		018EF81A28F3D53A00E061CB /* Main.storyboard */ = {
			isa = PBXVariantGroup;
			children = (
				018EF81B28F3D53A00E061CB /* Base */,
			);
			name = Main.storyboard;
			sourceTree = "<group>";
		};
/* End PBXVariantGroup section */

/* Begin XCBuildConfiguration section */
		018EF82328F3D53F00E061CB /* Debug */ = {
			isa = XCBuildConfiguration;
			buildSettings = {
				ALWAYS_SEARCH_USER_PATHS = NO;
				CLANG_ANALYZER_NONNULL = YES;
				CLANG_ANALYZER_NUMBER_OBJECT_CONVERSION = YES_AGGRESSIVE;
				CLANG_CXX_LANGUAGE_STANDARD = "gnu++17";
				CLANG_ENABLE_MODULES = YES;
				CLANG_ENABLE_OBJC_ARC = YES;
				CLANG_ENABLE_OBJC_WEAK = YES;
				CLANG_WARN_BLOCK_CAPTURE_AUTORELEASING = YES;
				CLANG_WARN_BOOL_CONVERSION = YES;
				CLANG_WARN_COMMA = YES;
				CLANG_WARN_CONSTANT_CONVERSION = YES;
				CLANG_WARN_DEPRECATED_OBJC_IMPLEMENTATIONS = YES;
				CLANG_WARN_DIRECT_OBJC_ISA_USAGE = YES_ERROR;
				CLANG_WARN_DOCUMENTATION_COMMENTS = YES;
				CLANG_WARN_EMPTY_BODY = YES;
				CLANG_WARN_ENUM_CONVERSION = YES;
				CLANG_WARN_INFINITE_RECURSION = YES;
				CLANG_WARN_INT_CONVERSION = YES;
				CLANG_WARN_NON_LITERAL_NULL_CONVERSION = YES;
				CLANG_WARN_OBJC_IMPLICIT_RETAIN_SELF = YES;
				CLANG_WARN_OBJC_LITERAL_CONVERSION = YES;
				CLANG_WARN_OBJC_ROOT_CLASS = YES_ERROR;
				CLANG_WARN_QUOTED_INCLUDE_IN_FRAMEWORK_HEADER = YES;
				CLANG_WARN_RANGE_LOOP_ANALYSIS = YES;
				CLANG_WARN_STRICT_PROTOTYPES = YES;
				CLANG_WARN_SUSPICIOUS_MOVE = YES;
				CLANG_WARN_UNGUARDED_AVAILABILITY = YES_AGGRESSIVE;
				CLANG_WARN_UNREACHABLE_CODE = YES;
				CLANG_WARN__DUPLICATE_METHOD_MATCH = YES;
				COPY_PHASE_STRIP = NO;
				DEBUG_INFORMATION_FORMAT = dwarf;
				ENABLE_STRICT_OBJC_MSGSEND = YES;
				ENABLE_TESTABILITY = YES;
				GCC_C_LANGUAGE_STANDARD = gnu11;
				GCC_DYNAMIC_NO_PIC = NO;
				GCC_NO_COMMON_BLOCKS = YES;
				GCC_OPTIMIZATION_LEVEL = 0;
				GCC_PREPROCESSOR_DEFINITIONS = (
					"DEBUG=1",
					"$(inherited)",
				);
				GCC_WARN_64_TO_32_BIT_CONVERSION = YES;
				GCC_WARN_ABOUT_RETURN_TYPE = YES_ERROR;
				GCC_WARN_UNDECLARED_SELECTOR = YES;
				GCC_WARN_UNINITIALIZED_AUTOS = YES_AGGRESSIVE;
				GCC_WARN_UNUSED_FUNCTION = YES;
				GCC_WARN_UNUSED_VARIABLE = YES;
				IPHONEOS_DEPLOYMENT_TARGET = 15.5;
				MTL_ENABLE_DEBUG_INFO = INCLUDE_SOURCE;
				MTL_FAST_MATH = YES;
				ONLY_ACTIVE_ARCH = YES;
				SDKROOT = iphoneos;
				SWIFT_ACTIVE_COMPILATION_CONDITIONS = DEBUG;
				SWIFT_OPTIMIZATION_LEVEL = "-Onone";
			};
			name = Debug;
		};
		018EF82428F3D53F00E061CB /* Release */ = {
			isa = XCBuildConfiguration;
			buildSettings = {
				ALWAYS_SEARCH_USER_PATHS = NO;
				CLANG_ANALYZER_NONNULL = YES;
				CLANG_ANALYZER_NUMBER_OBJECT_CONVERSION = YES_AGGRESSIVE;
				CLANG_CXX_LANGUAGE_STANDARD = "gnu++17";
				CLANG_ENABLE_MODULES = YES;
				CLANG_ENABLE_OBJC_ARC = YES;
				CLANG_ENABLE_OBJC_WEAK = YES;
				CLANG_WARN_BLOCK_CAPTURE_AUTORELEASING = YES;
				CLANG_WARN_BOOL_CONVERSION = YES;
				CLANG_WARN_COMMA = YES;
				CLANG_WARN_CONSTANT_CONVERSION = YES;
				CLANG_WARN_DEPRECATED_OBJC_IMPLEMENTATIONS = YES;
				CLANG_WARN_DIRECT_OBJC_ISA_USAGE = YES_ERROR;
				CLANG_WARN_DOCUMENTATION_COMMENTS = YES;
				CLANG_WARN_EMPTY_BODY = YES;
				CLANG_WARN_ENUM_CONVERSION = YES;
				CLANG_WARN_INFINITE_RECURSION = YES;
				CLANG_WARN_INT_CONVERSION = YES;
				CLANG_WARN_NON_LITERAL_NULL_CONVERSION = YES;
				CLANG_WARN_OBJC_IMPLICIT_RETAIN_SELF = YES;
				CLANG_WARN_OBJC_LITERAL_CONVERSION = YES;
				CLANG_WARN_OBJC_ROOT_CLASS = YES_ERROR;
				CLANG_WARN_QUOTED_INCLUDE_IN_FRAMEWORK_HEADER = YES;
				CLANG_WARN_RANGE_LOOP_ANALYSIS = YES;
				CLANG_WARN_STRICT_PROTOTYPES = YES;
				CLANG_WARN_SUSPICIOUS_MOVE = YES;
				CLANG_WARN_UNGUARDED_AVAILABILITY = YES_AGGRESSIVE;
				CLANG_WARN_UNREACHABLE_CODE = YES;
				CLANG_WARN__DUPLICATE_METHOD_MATCH = YES;
				COPY_PHASE_STRIP = NO;
				DEBUG_INFORMATION_FORMAT = "dwarf-with-dsym";
				ENABLE_NS_ASSERTIONS = NO;
				ENABLE_STRICT_OBJC_MSGSEND = YES;
				GCC_C_LANGUAGE_STANDARD = gnu11;
				GCC_NO_COMMON_BLOCKS = YES;
				GCC_WARN_64_TO_32_BIT_CONVERSION = YES;
				GCC_WARN_ABOUT_RETURN_TYPE = YES_ERROR;
				GCC_WARN_UNDECLARED_SELECTOR = YES;
				GCC_WARN_UNINITIALIZED_AUTOS = YES_AGGRESSIVE;
				GCC_WARN_UNUSED_FUNCTION = YES;
				GCC_WARN_UNUSED_VARIABLE = YES;
				IPHONEOS_DEPLOYMENT_TARGET = 15.5;
				MTL_ENABLE_DEBUG_INFO = NO;
				MTL_FAST_MATH = YES;
				SDKROOT = iphoneos;
				SWIFT_COMPILATION_MODE = wholemodule;
				SWIFT_OPTIMIZATION_LEVEL = "-O";
				VALIDATE_PRODUCT = YES;
			};
			name = Release;
		};
		018EF82628F3D53F00E061CB /* Debug */ = {
			isa = XCBuildConfiguration;
			baseConfigurationReference = D0AF7D15F651DED6873FE848 /* Pods-Tourism app.debug.xcconfig */;
			buildSettings = {
				ASSETCATALOG_COMPILER_APPICON_NAME = AppIcon;
				ASSETCATALOG_COMPILER_GLOBAL_ACCENT_COLOR_NAME = AccentColor;
				CODE_SIGN_STYLE = Automatic;
				CURRENT_PROJECT_VERSION = 1;
				DEVELOPMENT_TEAM = 9K786374U5;
				GENERATE_INFOPLIST_FILE = YES;
				INFOPLIST_FILE = "Tourism app/Info.plist";
				INFOPLIST_KEY_LSApplicationCategoryType = "public.app-category.travel";
				INFOPLIST_KEY_NSLocationAlwaysAndWhenInUseUsageDescription = "This app uses your location to personalize your app experience.";
				INFOPLIST_KEY_NSLocationAlwaysUsageDescription = "This app uses your location to personalize your app experience.";
				INFOPLIST_KEY_NSLocationWhenInUseUsageDescription = "This app uses your location to personalize your app experience.";
				INFOPLIST_KEY_UIApplicationSupportsIndirectInputEvents = YES;
				INFOPLIST_KEY_UILaunchStoryboardName = Main;
				INFOPLIST_KEY_UIMainStoryboardFile = Main;
				INFOPLIST_KEY_UISupportedInterfaceOrientations = UIInterfaceOrientationPortrait;
				INFOPLIST_KEY_UISupportedInterfaceOrientations_iPad = "UIInterfaceOrientationLandscapeLeft UIInterfaceOrientationLandscapeRight UIInterfaceOrientationPortrait UIInterfaceOrientationPortraitUpsideDown";
				LD_RUNPATH_SEARCH_PATHS = (
					"$(inherited)",
					"@executable_path/Frameworks",
				);
				MARKETING_VERSION = 1.0;
				PRODUCT_BUNDLE_IDENTIFIER = "Munawla.Tourism-app";
				PRODUCT_NAME = "$(TARGET_NAME)";
				SWIFT_EMIT_LOC_STRINGS = YES;
				SWIFT_VERSION = 5.0;
				TARGETED_DEVICE_FAMILY = 1;
			};
			name = Debug;
		};
		018EF82728F3D53F00E061CB /* Release */ = {
			isa = XCBuildConfiguration;
			baseConfigurationReference = F8D58CC9751F34BCC815BE0D /* Pods-Tourism app.release.xcconfig */;
			buildSettings = {
				ASSETCATALOG_COMPILER_APPICON_NAME = AppIcon;
				ASSETCATALOG_COMPILER_GLOBAL_ACCENT_COLOR_NAME = AccentColor;
				CODE_SIGN_STYLE = Automatic;
				CURRENT_PROJECT_VERSION = 1;
				DEVELOPMENT_TEAM = 9K786374U5;
				GENERATE_INFOPLIST_FILE = YES;
				INFOPLIST_FILE = "Tourism app/Info.plist";
				INFOPLIST_KEY_LSApplicationCategoryType = "public.app-category.travel";
				INFOPLIST_KEY_NSLocationAlwaysAndWhenInUseUsageDescription = "This app uses your location to personalize your app experience.";
				INFOPLIST_KEY_NSLocationAlwaysUsageDescription = "This app uses your location to personalize your app experience.";
				INFOPLIST_KEY_NSLocationWhenInUseUsageDescription = "This app uses your location to personalize your app experience.";
				INFOPLIST_KEY_UIApplicationSupportsIndirectInputEvents = YES;
				INFOPLIST_KEY_UILaunchStoryboardName = Main;
				INFOPLIST_KEY_UIMainStoryboardFile = Main;
				INFOPLIST_KEY_UISupportedInterfaceOrientations = UIInterfaceOrientationPortrait;
				INFOPLIST_KEY_UISupportedInterfaceOrientations_iPad = "UIInterfaceOrientationLandscapeLeft UIInterfaceOrientationLandscapeRight UIInterfaceOrientationPortrait UIInterfaceOrientationPortraitUpsideDown";
				LD_RUNPATH_SEARCH_PATHS = (
					"$(inherited)",
					"@executable_path/Frameworks",
				);
				MARKETING_VERSION = 1.0;
				PRODUCT_BUNDLE_IDENTIFIER = "Munawla.Tourism-app";
				PRODUCT_NAME = "$(TARGET_NAME)";
				SWIFT_EMIT_LOC_STRINGS = YES;
				SWIFT_VERSION = 5.0;
				TARGETED_DEVICE_FAMILY = 1;
			};
			name = Release;
		};
/* End XCBuildConfiguration section */

/* Begin XCConfigurationList section */
		018EF80C28F3D53A00E061CB /* Build configuration list for PBXProject "Tourism app" */ = {
			isa = XCConfigurationList;
			buildConfigurations = (
				018EF82328F3D53F00E061CB /* Debug */,
				018EF82428F3D53F00E061CB /* Release */,
			);
			defaultConfigurationIsVisible = 0;
			defaultConfigurationName = Release;
		};
		018EF82528F3D53F00E061CB /* Build configuration list for PBXNativeTarget "Tourism app" */ = {
			isa = XCConfigurationList;
			buildConfigurations = (
				018EF82628F3D53F00E061CB /* Debug */,
				018EF82728F3D53F00E061CB /* Release */,
			);
			defaultConfigurationIsVisible = 0;
			defaultConfigurationName = Release;
		};
/* End XCConfigurationList section */
	};
	rootObject = 018EF80928F3D53A00E061CB /* Project object */;
}
