PODS:
  - IQKeyboardManager (6.5.19)
  - JBTabBarAnimation (1.0.0)

DEPENDENCIES:
  - IQKeyboardManager
  - JBTabBarAnimation

SPEC REPOS:
  trunk:
    - IQKeyboardManager
    - JBTabBarAnimation

SPEC CHECKSUMS:
  IQKeyboardManager: c8665b3396bd0b79402b4c573eac345a31c7d485
  JBTabBarAnimation: 34a3d3abc0f53bd3baaa69cb8610be7236aa6d31

PODFILE CHECKSUM: cebe6535bad586f2a845018213d30eefd2464bbd

COCOAPODS: 1.15.2
