// !$*UTF8*$!
{
	archiveVersion = 1;
	classes = {
	};
	objectVersion = 56;
	objects = {

/* Begin PBXBuildFile section */
		4575A50F066428639F2D0F41 /* Pods_Happy_Home.framework in Frameworks */ = {isa = PBXBuildFile; fileRef = 255DAF08666E597F97B72EBB /* Pods_Happy_Home.framework */; };
		5210959D2CDF5AD000250CE4 /* MyWishlistViewController.swift in Sources */ = {isa = PBXBuildFile; fileRef = 5210959C2CDF5AD000250CE4 /* MyWishlistViewController.swift */; };
		521095A02CDF5C6200250CE4 /* WishlistTableViewCell.swift in Sources */ = {isa = PBXBuildFile; fileRef = 5210959E2CDF5C6200250CE4 /* WishlistTableViewCell.swift */; };
		521095A12CDF5C6200250CE4 /* WishlistTableViewCell.xib in Resources */ = {isa = PBXBuildFile; fileRef = 5210959F2CDF5C6200250CE4 /* WishlistTableViewCell.xib */; };
		521A778E2CD62A7C005E8196 /* Common.storyboard in Resources */ = {isa = PBXBuildFile; fileRef = 521A778D2CD62A7C005E8196 /* Common.storyboard */; };
		521A77922CD62B08005E8196 /* NavigationView.xib in Resources */ = {isa = PBXBuildFile; fileRef = 521A77912CD62B08005E8196 /* NavigationView.xib */; };
		521A77942CD62B8E005E8196 /* NavigationView.swift in Sources */ = {isa = PBXBuildFile; fileRef = 521A77932CD62B8E005E8196 /* NavigationView.swift */; };
		52376AD32CD73E7600395A8F /* DeliveryScheduleViewController.swift in Sources */ = {isa = PBXBuildFile; fileRef = 52376AD22CD73E7600395A8F /* DeliveryScheduleViewController.swift */; };
		52376AD62CD74CEC00395A8F /* DeliveryDayCollectionViewCell.swift in Sources */ = {isa = PBXBuildFile; fileRef = 52376AD42CD74CEC00395A8F /* DeliveryDayCollectionViewCell.swift */; };
		52376AD72CD74CEC00395A8F /* DeliveryDayCollectionViewCell.xib in Resources */ = {isa = PBXBuildFile; fileRef = 52376AD52CD74CEC00395A8F /* DeliveryDayCollectionViewCell.xib */; };
		52376AD92CD7502E00395A8F /* Constants.swift in Sources */ = {isa = PBXBuildFile; fileRef = 52376AD82CD7502E00395A8F /* Constants.swift */; };
		52376ADC2CD767D300395A8F /* DeliveryTimeCollectionViewCell.swift in Sources */ = {isa = PBXBuildFile; fileRef = 52376ADA2CD767D300395A8F /* DeliveryTimeCollectionViewCell.swift */; };
		52376ADD2CD767D300395A8F /* DeliveryTimeCollectionViewCell.xib in Resources */ = {isa = PBXBuildFile; fileRef = 52376ADB2CD767D300395A8F /* DeliveryTimeCollectionViewCell.xib */; };
		5255E0D42CE06DBE00343B2F /* ProductGalleryViewController.swift in Sources */ = {isa = PBXBuildFile; fileRef = 5255E0D32CE06DBE00343B2F /* ProductGalleryViewController.swift */; };
		5255E0D62CE0C66700343B2F /* Search.storyboard in Resources */ = {isa = PBXBuildFile; fileRef = 5255E0D52CE0C66700343B2F /* Search.storyboard */; };
		5255E0DA2CE0CA9800343B2F /* SearchViewController.swift in Sources */ = {isa = PBXBuildFile; fileRef = 5255E0D92CE0CA9800343B2F /* SearchViewController.swift */; };
		5255E0DD2CE0D30700343B2F /* searchCollectionViewCell.swift in Sources */ = {isa = PBXBuildFile; fileRef = 5255E0DB2CE0D30700343B2F /* searchCollectionViewCell.swift */; };
		5255E0DE2CE0D30700343B2F /* searchCollectionViewCell.xib in Resources */ = {isa = PBXBuildFile; fileRef = 5255E0DC2CE0D30700343B2F /* searchCollectionViewCell.xib */; };
		526F28422CDF217600E5BA05 /* DateViewController.swift in Sources */ = {isa = PBXBuildFile; fileRef = 526F28412CDF217600E5BA05 /* DateViewController.swift */; };
		526F28442CDF320700E5BA05 /* Profile.storyboard in Resources */ = {isa = PBXBuildFile; fileRef = 526F28432CDF320700E5BA05 /* Profile.storyboard */; };
		526F28482CDF345F00E5BA05 /* ProfileViewController.swift in Sources */ = {isa = PBXBuildFile; fileRef = 526F28472CDF345F00E5BA05 /* ProfileViewController.swift */; };
		527648542CDB6EDB00AF78C2 /* OrderCancelViewController.swift in Sources */ = {isa = PBXBuildFile; fileRef = 527648532CDB6EDB00AF78C2 /* OrderCancelViewController.swift */; };
		527648572CDB722F00AF78C2 /* CurrentOrderDetailViewController.swift in Sources */ = {isa = PBXBuildFile; fileRef = 527648562CDB722F00AF78C2 /* CurrentOrderDetailViewController.swift */; };
		5276485A2CDB831500AF78C2 /* OrderSuccessViewController.swift in Sources */ = {isa = PBXBuildFile; fileRef = 527648592CDB831500AF78C2 /* OrderSuccessViewController.swift */; };
		527A6D8B2CD4A855002814F4 /* Home.storyboard in Resources */ = {isa = PBXBuildFile; fileRef = 527A6D8A2CD4A855002814F4 /* Home.storyboard */; };
		527A6D8D2CD4AA8E002814F4 /* ChooseLocationViewController.swift in Sources */ = {isa = PBXBuildFile; fileRef = 527A6D8C2CD4AA8E002814F4 /* ChooseLocationViewController.swift */; };
		527A6D922CD4B8DD002814F4 /* BeforeSignUpViewController.swift in Sources */ = {isa = PBXBuildFile; fileRef = 527A6D8E2CD4B8DC002814F4 /* BeforeSignUpViewController.swift */; };
		527A6D932CD4B8DD002814F4 /* PreferrencesTableViewCell.xib in Resources */ = {isa = PBXBuildFile; fileRef = 527A6D8F2CD4B8DC002814F4 /* PreferrencesTableViewCell.xib */; };
		527A6D942CD4B8DD002814F4 /* LanguagePopUpViewController.swift in Sources */ = {isa = PBXBuildFile; fileRef = 527A6D902CD4B8DC002814F4 /* LanguagePopUpViewController.swift */; };
		527A6D952CD4B8DD002814F4 /* PreferrencesTableViewCell.swift in Sources */ = {isa = PBXBuildFile; fileRef = 527A6D912CD4B8DC002814F4 /* PreferrencesTableViewCell.swift */; };
		528917152CDE9022004E553F /* Products.storyboard in Resources */ = {isa = PBXBuildFile; fileRef = 528917142CDE9022004E553F /* Products.storyboard */; };
		528917172CDE9AA9004E553F /* ProductHomeViewController.swift in Sources */ = {isa = PBXBuildFile; fileRef = 528917162CDE9AA8004E553F /* ProductHomeViewController.swift */; };
		5289171A2CDEA082004E553F /* ProductCategoryCollectionViewCell.swift in Sources */ = {isa = PBXBuildFile; fileRef = 528917182CDEA082004E553F /* ProductCategoryCollectionViewCell.swift */; };
		5289171B2CDEA082004E553F /* ProductCategoryCollectionViewCell.xib in Resources */ = {isa = PBXBuildFile; fileRef = 528917192CDEA082004E553F /* ProductCategoryCollectionViewCell.xib */; };
		52A1C39D2CDF972B00FE7C88 /* ProductNavigationView.swift in Sources */ = {isa = PBXBuildFile; fileRef = 52A1C39C2CDF972B00FE7C88 /* ProductNavigationView.swift */; };
		52A1C39F2CDF974600FE7C88 /* ProductNavigationView.xib in Resources */ = {isa = PBXBuildFile; fileRef = 52A1C39E2CDF974600FE7C88 /* ProductNavigationView.xib */; };
		52AE9AB52CCF5DCE001CAAA5 /* AppDelegate.swift in Sources */ = {isa = PBXBuildFile; fileRef = 52AE9AB42CCF5DCE001CAAA5 /* AppDelegate.swift */; };
		52AE9AB72CCF5DCE001CAAA5 /* SceneDelegate.swift in Sources */ = {isa = PBXBuildFile; fileRef = 52AE9AB62CCF5DCE001CAAA5 /* SceneDelegate.swift */; };
		52AE9ABC2CCF5DCE001CAAA5 /* Auth.storyboard in Resources */ = {isa = PBXBuildFile; fileRef = 52AE9ABA2CCF5DCE001CAAA5 /* Auth.storyboard */; };
		52AE9ABE2CCF5DD3001CAAA5 /* Assets.xcassets in Resources */ = {isa = PBXBuildFile; fileRef = 52AE9ABD2CCF5DD3001CAAA5 /* Assets.xcassets */; };
		52AE9AC12CCF5DD3001CAAA5 /* LaunchScreen.storyboard in Resources */ = {isa = PBXBuildFile; fileRef = 52AE9ABF2CCF5DD3001CAAA5 /* LaunchScreen.storyboard */; };
		52AE9ADA2CCF6515001CAAA5 /* DIN Next LT Arabic Bold.ttf in Resources */ = {isa = PBXBuildFile; fileRef = 52AE9AD32CCF6515001CAAA5 /* DIN Next LT Arabic Bold.ttf */; };
		52AEBA152CDF816700FDEA99 /* ProductDetailViewController.swift in Sources */ = {isa = PBXBuildFile; fileRef = 52AEBA142CDF816700FDEA99 /* ProductDetailViewController.swift */; };
		52B20C602CD372F600A2EB7A /* Tabs.storyboard in Resources */ = {isa = PBXBuildFile; fileRef = 52B20C5F2CD372F600A2EB7A /* Tabs.storyboard */; };
		52B20C682CD3933B00A2EB7A /* Color.swift in Sources */ = {isa = PBXBuildFile; fileRef = 52B20C672CD3933B00A2EB7A /* Color.swift */; };
		52B3D8BC2CD9E78600471178 /* AddAddressViewController.swift in Sources */ = {isa = PBXBuildFile; fileRef = 52B3D8BB2CD9E78600471178 /* AddAddressViewController.swift */; };
		52B3D8BE2CD9FA3C00471178 /* Order.storyboard in Resources */ = {isa = PBXBuildFile; fileRef = 52B3D8BD2CD9FA3C00471178 /* Order.storyboard */; };
		52B3D8C12CD9FB4F00471178 /* OrderView.swift in Sources */ = {isa = PBXBuildFile; fileRef = 52B3D8C02CD9FB4F00471178 /* OrderView.swift */; };
		52B3D8C32CD9FB9A00471178 /* OrderView.xib in Resources */ = {isa = PBXBuildFile; fileRef = 52B3D8C22CD9FB9A00471178 /* OrderView.xib */; };
		52BF276E2CDA563F000032F5 /* OrderDetailView.xib in Resources */ = {isa = PBXBuildFile; fileRef = 52BF276D2CDA563F000032F5 /* OrderDetailView.xib */; };
		52BF27702CDA5664000032F5 /* OrderDetailView.swift in Sources */ = {isa = PBXBuildFile; fileRef = 52BF276F2CDA5664000032F5 /* OrderDetailView.swift */; };
		52BF27732CDA5E71000032F5 /* RiderInfoView.swift in Sources */ = {isa = PBXBuildFile; fileRef = 52BF27722CDA5E70000032F5 /* RiderInfoView.swift */; };
		52BF27752CDA5E7E000032F5 /* RiderInfoView.xib in Resources */ = {isa = PBXBuildFile; fileRef = 52BF27742CDA5E7E000032F5 /* RiderInfoView.xib */; };
		52BF3BA42CE1178600D19EEE /* UpdateProfileViewController.swift in Sources */ = {isa = PBXBuildFile; fileRef = 52BF3BA32CE1178600D19EEE /* UpdateProfileViewController.swift */; };
		52BF3BA62CE122A400D19EEE /* DINNextLTArabic-Regular.ttf in Resources */ = {isa = PBXBuildFile; fileRef = 52BF3BA52CE122A400D19EEE /* DINNextLTArabic-Regular.ttf */; };
		52BF3BA92CE12A8600D19EEE /* NotificationViewController.swift in Sources */ = {isa = PBXBuildFile; fileRef = 52BF3BA82CE12A8600D19EEE /* NotificationViewController.swift */; };
		52BF3BAC2CE12E5800D19EEE /* NotificationTableViewCell.swift in Sources */ = {isa = PBXBuildFile; fileRef = 52BF3BAA2CE12E5800D19EEE /* NotificationTableViewCell.swift */; };
		52BF3BAD2CE12E5800D19EEE /* NotificationTableViewCell.xib in Resources */ = {isa = PBXBuildFile; fileRef = 52BF3BAB2CE12E5800D19EEE /* NotificationTableViewCell.xib */; };
		52D1E6BF2CD8BD38002CC19C /* AddNewCardViewController.swift in Sources */ = {isa = PBXBuildFile; fileRef = 52D1E6BE2CD8BD38002CC19C /* AddNewCardViewController.swift */; };
		52D1E6C92CD8CB86002CC19C /* MainCategoriesCollectionViewCell.xib in Resources */ = {isa = PBXBuildFile; fileRef = 52D1E6C02CD8CB85002CC19C /* MainCategoriesCollectionViewCell.xib */; };
		52D1E6CA2CD8CB86002CC19C /* MainCategoriesCollectionViewCell.swift in Sources */ = {isa = PBXBuildFile; fileRef = 52D1E6C12CD8CB85002CC19C /* MainCategoriesCollectionViewCell.swift */; };
		52D1E6CB2CD8CB86002CC19C /* OffersCollectionViewCell.swift in Sources */ = {isa = PBXBuildFile; fileRef = 52D1E6C22CD8CB85002CC19C /* OffersCollectionViewCell.swift */; };
		52D1E6CC2CD8CB86002CC19C /* HomeViewController.swift in Sources */ = {isa = PBXBuildFile; fileRef = 52D1E6C32CD8CB85002CC19C /* HomeViewController.swift */; };
		52D1E6CE2CD8CB86002CC19C /* OffersCollectionViewCell.xib in Resources */ = {isa = PBXBuildFile; fileRef = 52D1E6C52CD8CB86002CC19C /* OffersCollectionViewCell.xib */; };
		52D1E6CF2CD8CB86002CC19C /* BrandsCollectionViewCell.swift in Sources */ = {isa = PBXBuildFile; fileRef = 52D1E6C62CD8CB86002CC19C /* BrandsCollectionViewCell.swift */; };
		52D1E6D12CD8CB86002CC19C /* BrandsCollectionViewCell.xib in Resources */ = {isa = PBXBuildFile; fileRef = 52D1E6C82CD8CB86002CC19C /* BrandsCollectionViewCell.xib */; };
		52D1E6D42CD8CE82002CC19C /* SearchView.xib in Resources */ = {isa = PBXBuildFile; fileRef = 52D1E6D32CD8CE82002CC19C /* SearchView.xib */; };
		52D1E6D62CD8CF9F002CC19C /* SearchView.swift in Sources */ = {isa = PBXBuildFile; fileRef = 52D1E6D52CD8CF9F002CC19C /* SearchView.swift */; };
		52D1E6D82CD8DEDE002CC19C /* CustombgView.swift in Sources */ = {isa = PBXBuildFile; fileRef = 52D1E6D72CD8DEDE002CC19C /* CustombgView.swift */; };
		52D21C962CDB9F580016B21E /* OrderHomeViewController.swift in Sources */ = {isa = PBXBuildFile; fileRef = 52D21C952CDB9F580016B21E /* OrderHomeViewController.swift */; };
		52D21CA02CDBA8BC0016B21E /* Alexandria-Black.ttf in Resources */ = {isa = PBXBuildFile; fileRef = 52D21C972CDBA8BA0016B21E /* Alexandria-Black.ttf */; };
		52D21CA12CDBA8BC0016B21E /* Alexandria-Bold.ttf in Resources */ = {isa = PBXBuildFile; fileRef = 52D21C982CDBA8BB0016B21E /* Alexandria-Bold.ttf */; };
		52D21CA22CDBA8BC0016B21E /* Alexandria-Thin.ttf in Resources */ = {isa = PBXBuildFile; fileRef = 52D21C992CDBA8BB0016B21E /* Alexandria-Thin.ttf */; };
		52D21CA32CDBA8BC0016B21E /* Alexandria-Regular.ttf in Resources */ = {isa = PBXBuildFile; fileRef = 52D21C9A2CDBA8BB0016B21E /* Alexandria-Regular.ttf */; };
		52D21CA42CDBA8BC0016B21E /* Alexandria-SemiBold.ttf in Resources */ = {isa = PBXBuildFile; fileRef = 52D21C9B2CDBA8BB0016B21E /* Alexandria-SemiBold.ttf */; };
		52D21CA52CDBA8BC0016B21E /* Alexandria-ExtraLight.ttf in Resources */ = {isa = PBXBuildFile; fileRef = 52D21C9C2CDBA8BB0016B21E /* Alexandria-ExtraLight.ttf */; };
		52D21CA62CDBA8BC0016B21E /* Alexandria-Light.ttf in Resources */ = {isa = PBXBuildFile; fileRef = 52D21C9D2CDBA8BC0016B21E /* Alexandria-Light.ttf */; };
		52D21CA72CDBA8BC0016B21E /* Alexandria-ExtraBold.ttf in Resources */ = {isa = PBXBuildFile; fileRef = 52D21C9E2CDBA8BC0016B21E /* Alexandria-ExtraBold.ttf */; };
		52D21CA82CDBA8BC0016B21E /* Alexandria-Medium.ttf in Resources */ = {isa = PBXBuildFile; fileRef = 52D21C9F2CDBA8BC0016B21E /* Alexandria-Medium.ttf */; };
		52D21CAB2CDBAB2B0016B21E /* OrderTableViewCell.swift in Sources */ = {isa = PBXBuildFile; fileRef = 52D21CA92CDBAB2B0016B21E /* OrderTableViewCell.swift */; };
		52D21CAC2CDBAB2B0016B21E /* OrderTableViewCell.xib in Resources */ = {isa = PBXBuildFile; fileRef = 52D21CAA2CDBAB2B0016B21E /* OrderTableViewCell.xib */; };
		52D21CAF2CDBDE430016B21E /* CompletedOrderViewController.swift in Sources */ = {isa = PBXBuildFile; fileRef = 52D21CAE2CDBDE430016B21E /* CompletedOrderViewController.swift */; };
		52D283A42CD0B015002BDD35 /* Cairo-Bold.ttf in Resources */ = {isa = PBXBuildFile; fileRef = 52D2839C2CD0B015002BDD35 /* Cairo-Bold.ttf */; };
		52D283A52CD0B015002BDD35 /* Cairo-Medium.ttf in Resources */ = {isa = PBXBuildFile; fileRef = 52D2839D2CD0B015002BDD35 /* Cairo-Medium.ttf */; };
		52D283A62CD0B015002BDD35 /* Cairo-Regular.ttf in Resources */ = {isa = PBXBuildFile; fileRef = 52D2839E2CD0B015002BDD35 /* Cairo-Regular.ttf */; };
		52D283A72CD0B015002BDD35 /* Cairo-ExtraBold.ttf in Resources */ = {isa = PBXBuildFile; fileRef = 52D2839F2CD0B015002BDD35 /* Cairo-ExtraBold.ttf */; };
		52D283A82CD0B015002BDD35 /* Cairo-Light.ttf in Resources */ = {isa = PBXBuildFile; fileRef = 52D283A02CD0B015002BDD35 /* Cairo-Light.ttf */; };
		52D283A92CD0B015002BDD35 /* Cairo-SemiBold.ttf in Resources */ = {isa = PBXBuildFile; fileRef = 52D283A12CD0B015002BDD35 /* Cairo-SemiBold.ttf */; };
		52D283AA2CD0B015002BDD35 /* Cairo-ExtraLight.ttf in Resources */ = {isa = PBXBuildFile; fileRef = 52D283A22CD0B015002BDD35 /* Cairo-ExtraLight.ttf */; };
		52D283AB2CD0B015002BDD35 /* Cairo-Black.ttf in Resources */ = {isa = PBXBuildFile; fileRef = 52D283A32CD0B015002BDD35 /* Cairo-Black.ttf */; };
		52D283AE2CD0B120002BDD35 /* IBDesignableExtensions.swift in Sources */ = {isa = PBXBuildFile; fileRef = 52D283AD2CD0B120002BDD35 /* IBDesignableExtensions.swift */; };
		52D283B02CD0BA8D002BDD35 /* Switcher.swift in Sources */ = {isa = PBXBuildFile; fileRef = 52D283AF2CD0BA8D002BDD35 /* Switcher.swift */; };
		52D283B22CD0BADD002BDD35 /* OtpViewController.swift in Sources */ = {isa = PBXBuildFile; fileRef = 52D283B12CD0BADD002BDD35 /* OtpViewController.swift */; };
		52D283B42CD0BBC1002BDD35 /* Storyboard.swift in Sources */ = {isa = PBXBuildFile; fileRef = 52D283B32CD0BBC1002BDD35 /* Storyboard.swift */; };
		52D283B62CD0BC15002BDD35 /* LoginViewController.swift in Sources */ = {isa = PBXBuildFile; fileRef = 52D283B52CD0BC15002BDD35 /* LoginViewController.swift */; };
		52DD8DA72CD77DA400FCCF84 /* CartDetailViewController.swift in Sources */ = {isa = PBXBuildFile; fileRef = 52DD8DA62CD77DA400FCCF84 /* CartDetailViewController.swift */; };
		52DD8DAA2CD786BA00FCCF84 /* CartDetailTableViewCell.swift in Sources */ = {isa = PBXBuildFile; fileRef = 52DD8DA82CD786BA00FCCF84 /* CartDetailTableViewCell.swift */; };
		52DD8DAB2CD786BA00FCCF84 /* CartDetailTableViewCell.xib in Resources */ = {isa = PBXBuildFile; fileRef = 52DD8DA92CD786BA00FCCF84 /* CartDetailTableViewCell.xib */; };
		52DD8DAE2CD78F2200FCCF84 /* MyCartViewController.swift in Sources */ = {isa = PBXBuildFile; fileRef = 52DD8DAD2CD78F2100FCCF84 /* MyCartViewController.swift */; };
		52DD8DB12CD78FF200FCCF84 /* MyCartTableViewCell.swift in Sources */ = {isa = PBXBuildFile; fileRef = 52DD8DAF2CD78FF200FCCF84 /* MyCartTableViewCell.swift */; };
		52DD8DB22CD78FF200FCCF84 /* MyCartTableViewCell.xib in Resources */ = {isa = PBXBuildFile; fileRef = 52DD8DB02CD78FF200FCCF84 /* MyCartTableViewCell.xib */; };
		52E2B91D2CD64FBA0080A389 /* ShoppingPaymentView.xib in Resources */ = {isa = PBXBuildFile; fileRef = 52E2B91C2CD64FBA0080A389 /* ShoppingPaymentView.xib */; };
		52E2B91F2CD64FCD0080A389 /* ShoppingPaymentView.swift in Sources */ = {isa = PBXBuildFile; fileRef = 52E2B91E2CD64FCD0080A389 /* ShoppingPaymentView.swift */; };
		52E2B9232CD663B90080A389 /* CardListViewController.swift in Sources */ = {isa = PBXBuildFile; fileRef = 52E2B9222CD663B90080A389 /* CardListViewController.swift */; };
		52E2B9262CD663D80080A389 /* CardTableViewCell.swift in Sources */ = {isa = PBXBuildFile; fileRef = 52E2B9242CD663D80080A389 /* CardTableViewCell.swift */; };
		52E2B9272CD663D80080A389 /* CardTableViewCell.xib in Resources */ = {isa = PBXBuildFile; fileRef = 52E2B9252CD663D80080A389 /* CardTableViewCell.xib */; };
		52E2B9292CD66B3E0080A389 /* Extensions.swift in Sources */ = {isa = PBXBuildFile; fileRef = 52E2B9282CD66B3E0080A389 /* Extensions.swift */; };
		52EE21722CDE130F006AA564 /* ProductCollectionViewCell.xib in Resources */ = {isa = PBXBuildFile; fileRef = 52EE21702CDE130E006AA564 /* ProductCollectionViewCell.xib */; };
		52EE21732CDE130F006AA564 /* ProductCollectionViewCell.swift in Sources */ = {isa = PBXBuildFile; fileRef = 52EE21712CDE130F006AA564 /* ProductCollectionViewCell.swift */; };
		52F4EDA92CD67EF1001605F2 /* DynamicHeightTableView.swift in Sources */ = {isa = PBXBuildFile; fileRef = 52F4EDA82CD67EF1001605F2 /* DynamicHeightTableView.swift */; };
		52F4EDB02CD68229001605F2 /* PaymentMethodViewController.swift in Sources */ = {isa = PBXBuildFile; fileRef = 52F4EDAF2CD68229001605F2 /* PaymentMethodViewController.swift */; };
		52F4EDB32CD68C2B001605F2 /* AddressListViewController.swift in Sources */ = {isa = PBXBuildFile; fileRef = 52F4EDB22CD68C2B001605F2 /* AddressListViewController.swift */; };
		52F4EDB62CD68C4C001605F2 /* AddressTableViewCell.swift in Sources */ = {isa = PBXBuildFile; fileRef = 52F4EDB42CD68C4C001605F2 /* AddressTableViewCell.swift */; };
		52F4EDB72CD68C4C001605F2 /* AddressTableViewCell.xib in Resources */ = {isa = PBXBuildFile; fileRef = 52F4EDB52CD68C4C001605F2 /* AddressTableViewCell.xib */; };
		52F755422CD9148700A99F95 /* PaymentMethodTableViewCell.xib in Resources */ = {isa = PBXBuildFile; fileRef = 52F755402CD9148700A99F95 /* PaymentMethodTableViewCell.xib */; };
		52F755432CD9148700A99F95 /* PaymentMethodTableViewCell.swift in Sources */ = {isa = PBXBuildFile; fileRef = 52F755412CD9148700A99F95 /* PaymentMethodTableViewCell.swift */; };
/* End PBXBuildFile section */

/* Begin PBXFileReference section */
		10ABDACB79BA68C24799D7B1 /* Pods-Happy Home.release.xcconfig */ = {isa = PBXFileReference; includeInIndex = 1; lastKnownFileType = text.xcconfig; name = "Pods-Happy Home.release.xcconfig"; path = "Target Support Files/Pods-Happy Home/Pods-Happy Home.release.xcconfig"; sourceTree = "<group>"; };
		1D323AB127CDB058CAD03D50 /* Pods-Happy Home.debug.xcconfig */ = {isa = PBXFileReference; includeInIndex = 1; lastKnownFileType = text.xcconfig; name = "Pods-Happy Home.debug.xcconfig"; path = "Target Support Files/Pods-Happy Home/Pods-Happy Home.debug.xcconfig"; sourceTree = "<group>"; };
		255DAF08666E597F97B72EBB /* Pods_Happy_Home.framework */ = {isa = PBXFileReference; explicitFileType = wrapper.framework; includeInIndex = 0; path = Pods_Happy_Home.framework; sourceTree = BUILT_PRODUCTS_DIR; };
		5210959C2CDF5AD000250CE4 /* MyWishlistViewController.swift */ = {isa = PBXFileReference; lastKnownFileType = sourcecode.swift; path = MyWishlistViewController.swift; sourceTree = "<group>"; };
		5210959E2CDF5C6200250CE4 /* WishlistTableViewCell.swift */ = {isa = PBXFileReference; lastKnownFileType = sourcecode.swift; path = WishlistTableViewCell.swift; sourceTree = "<group>"; };
		5210959F2CDF5C6200250CE4 /* WishlistTableViewCell.xib */ = {isa = PBXFileReference; lastKnownFileType = file.xib; path = WishlistTableViewCell.xib; sourceTree = "<group>"; };
		521A778D2CD62A7C005E8196 /* Common.storyboard */ = {isa = PBXFileReference; lastKnownFileType = file.storyboard; path = Common.storyboard; sourceTree = "<group>"; };
		521A77912CD62B08005E8196 /* NavigationView.xib */ = {isa = PBXFileReference; lastKnownFileType = file.xib; path = NavigationView.xib; sourceTree = "<group>"; };
		521A77932CD62B8E005E8196 /* NavigationView.swift */ = {isa = PBXFileReference; lastKnownFileType = sourcecode.swift; path = NavigationView.swift; sourceTree = "<group>"; };
		52376AD22CD73E7600395A8F /* DeliveryScheduleViewController.swift */ = {isa = PBXFileReference; lastKnownFileType = sourcecode.swift; path = DeliveryScheduleViewController.swift; sourceTree = "<group>"; };
		52376AD42CD74CEC00395A8F /* DeliveryDayCollectionViewCell.swift */ = {isa = PBXFileReference; lastKnownFileType = sourcecode.swift; path = DeliveryDayCollectionViewCell.swift; sourceTree = "<group>"; };
		52376AD52CD74CEC00395A8F /* DeliveryDayCollectionViewCell.xib */ = {isa = PBXFileReference; lastKnownFileType = file.xib; path = DeliveryDayCollectionViewCell.xib; sourceTree = "<group>"; };
		52376AD82CD7502E00395A8F /* Constants.swift */ = {isa = PBXFileReference; fileEncoding = 4; lastKnownFileType = sourcecode.swift; path = Constants.swift; sourceTree = "<group>"; };
		52376ADA2CD767D300395A8F /* DeliveryTimeCollectionViewCell.swift */ = {isa = PBXFileReference; lastKnownFileType = sourcecode.swift; path = DeliveryTimeCollectionViewCell.swift; sourceTree = "<group>"; };
		52376ADB2CD767D300395A8F /* DeliveryTimeCollectionViewCell.xib */ = {isa = PBXFileReference; lastKnownFileType = file.xib; path = DeliveryTimeCollectionViewCell.xib; sourceTree = "<group>"; };
		5255E0D32CE06DBE00343B2F /* ProductGalleryViewController.swift */ = {isa = PBXFileReference; lastKnownFileType = sourcecode.swift; path = ProductGalleryViewController.swift; sourceTree = "<group>"; };
		5255E0D52CE0C66700343B2F /* Search.storyboard */ = {isa = PBXFileReference; lastKnownFileType = file.storyboard; path = Search.storyboard; sourceTree = "<group>"; };
		5255E0D92CE0CA9800343B2F /* SearchViewController.swift */ = {isa = PBXFileReference; lastKnownFileType = sourcecode.swift; path = SearchViewController.swift; sourceTree = "<group>"; };
		5255E0DB2CE0D30700343B2F /* searchCollectionViewCell.swift */ = {isa = PBXFileReference; lastKnownFileType = sourcecode.swift; path = searchCollectionViewCell.swift; sourceTree = "<group>"; };
		5255E0DC2CE0D30700343B2F /* searchCollectionViewCell.xib */ = {isa = PBXFileReference; lastKnownFileType = file.xib; path = searchCollectionViewCell.xib; sourceTree = "<group>"; };
		526F28412CDF217600E5BA05 /* DateViewController.swift */ = {isa = PBXFileReference; lastKnownFileType = sourcecode.swift; path = DateViewController.swift; sourceTree = "<group>"; };
		526F28432CDF320700E5BA05 /* Profile.storyboard */ = {isa = PBXFileReference; lastKnownFileType = file.storyboard; path = Profile.storyboard; sourceTree = "<group>"; };
		526F28472CDF345F00E5BA05 /* ProfileViewController.swift */ = {isa = PBXFileReference; lastKnownFileType = sourcecode.swift; path = ProfileViewController.swift; sourceTree = "<group>"; };
		527648532CDB6EDB00AF78C2 /* OrderCancelViewController.swift */ = {isa = PBXFileReference; lastKnownFileType = sourcecode.swift; path = OrderCancelViewController.swift; sourceTree = "<group>"; };
		527648562CDB722F00AF78C2 /* CurrentOrderDetailViewController.swift */ = {isa = PBXFileReference; lastKnownFileType = sourcecode.swift; path = CurrentOrderDetailViewController.swift; sourceTree = "<group>"; };
		527648592CDB831500AF78C2 /* OrderSuccessViewController.swift */ = {isa = PBXFileReference; lastKnownFileType = sourcecode.swift; path = OrderSuccessViewController.swift; sourceTree = "<group>"; };
		527A6D8A2CD4A855002814F4 /* Home.storyboard */ = {isa = PBXFileReference; lastKnownFileType = file.storyboard; path = Home.storyboard; sourceTree = "<group>"; };
		527A6D8C2CD4AA8E002814F4 /* ChooseLocationViewController.swift */ = {isa = PBXFileReference; lastKnownFileType = sourcecode.swift; path = ChooseLocationViewController.swift; sourceTree = "<group>"; };
		527A6D8E2CD4B8DC002814F4 /* BeforeSignUpViewController.swift */ = {isa = PBXFileReference; fileEncoding = 4; lastKnownFileType = sourcecode.swift; path = BeforeSignUpViewController.swift; sourceTree = "<group>"; };
		527A6D8F2CD4B8DC002814F4 /* PreferrencesTableViewCell.xib */ = {isa = PBXFileReference; fileEncoding = 4; lastKnownFileType = file.xib; path = PreferrencesTableViewCell.xib; sourceTree = "<group>"; };
		527A6D902CD4B8DC002814F4 /* LanguagePopUpViewController.swift */ = {isa = PBXFileReference; fileEncoding = 4; lastKnownFileType = sourcecode.swift; path = LanguagePopUpViewController.swift; sourceTree = "<group>"; };
		527A6D912CD4B8DC002814F4 /* PreferrencesTableViewCell.swift */ = {isa = PBXFileReference; fileEncoding = 4; lastKnownFileType = sourcecode.swift; path = PreferrencesTableViewCell.swift; sourceTree = "<group>"; };
		528917142CDE9022004E553F /* Products.storyboard */ = {isa = PBXFileReference; lastKnownFileType = file.storyboard; path = Products.storyboard; sourceTree = "<group>"; };
		528917162CDE9AA8004E553F /* ProductHomeViewController.swift */ = {isa = PBXFileReference; lastKnownFileType = sourcecode.swift; path = ProductHomeViewController.swift; sourceTree = "<group>"; };
		528917182CDEA082004E553F /* ProductCategoryCollectionViewCell.swift */ = {isa = PBXFileReference; lastKnownFileType = sourcecode.swift; path = ProductCategoryCollectionViewCell.swift; sourceTree = "<group>"; };
		528917192CDEA082004E553F /* ProductCategoryCollectionViewCell.xib */ = {isa = PBXFileReference; lastKnownFileType = file.xib; path = ProductCategoryCollectionViewCell.xib; sourceTree = "<group>"; };
		52A1C39C2CDF972B00FE7C88 /* ProductNavigationView.swift */ = {isa = PBXFileReference; lastKnownFileType = sourcecode.swift; path = ProductNavigationView.swift; sourceTree = "<group>"; };
		52A1C39E2CDF974600FE7C88 /* ProductNavigationView.xib */ = {isa = PBXFileReference; lastKnownFileType = file.xib; path = ProductNavigationView.xib; sourceTree = "<group>"; };
		52AE9AB12CCF5DCE001CAAA5 /* Happy Home.app */ = {isa = PBXFileReference; explicitFileType = wrapper.application; includeInIndex = 0; path = "Happy Home.app"; sourceTree = BUILT_PRODUCTS_DIR; };
		52AE9AB42CCF5DCE001CAAA5 /* AppDelegate.swift */ = {isa = PBXFileReference; lastKnownFileType = sourcecode.swift; path = AppDelegate.swift; sourceTree = "<group>"; };
		52AE9AB62CCF5DCE001CAAA5 /* SceneDelegate.swift */ = {isa = PBXFileReference; lastKnownFileType = sourcecode.swift; path = SceneDelegate.swift; sourceTree = "<group>"; };
		52AE9ABB2CCF5DCE001CAAA5 /* Base */ = {isa = PBXFileReference; lastKnownFileType = file.storyboard; name = Base; path = Base.lproj/Auth.storyboard; sourceTree = "<group>"; };
		52AE9ABD2CCF5DD3001CAAA5 /* Assets.xcassets */ = {isa = PBXFileReference; lastKnownFileType = folder.assetcatalog; path = Assets.xcassets; sourceTree = "<group>"; };
		52AE9AC02CCF5DD3001CAAA5 /* Base */ = {isa = PBXFileReference; lastKnownFileType = file.storyboard; name = Base; path = Base.lproj/LaunchScreen.storyboard; sourceTree = "<group>"; };
		52AE9AC22CCF5DD3001CAAA5 /* Info.plist */ = {isa = PBXFileReference; lastKnownFileType = text.plist.xml; path = Info.plist; sourceTree = "<group>"; };
		52AE9AD32CCF6515001CAAA5 /* DIN Next LT Arabic Bold.ttf */ = {isa = PBXFileReference; lastKnownFileType = file; path = "DIN Next LT Arabic Bold.ttf"; sourceTree = "<group>"; };
		52AEBA142CDF816700FDEA99 /* ProductDetailViewController.swift */ = {isa = PBXFileReference; lastKnownFileType = sourcecode.swift; path = ProductDetailViewController.swift; sourceTree = "<group>"; };
		52B20C5F2CD372F600A2EB7A /* Tabs.storyboard */ = {isa = PBXFileReference; lastKnownFileType = file.storyboard; path = Tabs.storyboard; sourceTree = "<group>"; };
		52B20C672CD3933B00A2EB7A /* Color.swift */ = {isa = PBXFileReference; fileEncoding = 4; lastKnownFileType = sourcecode.swift; path = Color.swift; sourceTree = "<group>"; };
		52B3D8BB2CD9E78600471178 /* AddAddressViewController.swift */ = {isa = PBXFileReference; lastKnownFileType = sourcecode.swift; path = AddAddressViewController.swift; sourceTree = "<group>"; };
		52B3D8BD2CD9FA3C00471178 /* Order.storyboard */ = {isa = PBXFileReference; lastKnownFileType = file.storyboard; path = Order.storyboard; sourceTree = "<group>"; };
		52B3D8C02CD9FB4F00471178 /* OrderView.swift */ = {isa = PBXFileReference; lastKnownFileType = sourcecode.swift; path = OrderView.swift; sourceTree = "<group>"; };
		52B3D8C22CD9FB9A00471178 /* OrderView.xib */ = {isa = PBXFileReference; lastKnownFileType = file.xib; path = OrderView.xib; sourceTree = "<group>"; };
		52BF276D2CDA563F000032F5 /* OrderDetailView.xib */ = {isa = PBXFileReference; lastKnownFileType = file.xib; path = OrderDetailView.xib; sourceTree = "<group>"; };
		52BF276F2CDA5664000032F5 /* OrderDetailView.swift */ = {isa = PBXFileReference; lastKnownFileType = sourcecode.swift; path = OrderDetailView.swift; sourceTree = "<group>"; };
		52BF27722CDA5E70000032F5 /* RiderInfoView.swift */ = {isa = PBXFileReference; lastKnownFileType = sourcecode.swift; path = RiderInfoView.swift; sourceTree = "<group>"; };
		52BF27742CDA5E7E000032F5 /* RiderInfoView.xib */ = {isa = PBXFileReference; lastKnownFileType = file.xib; path = RiderInfoView.xib; sourceTree = "<group>"; };
		52BF3BA32CE1178600D19EEE /* UpdateProfileViewController.swift */ = {isa = PBXFileReference; lastKnownFileType = sourcecode.swift; path = UpdateProfileViewController.swift; sourceTree = "<group>"; };
		52BF3BA52CE122A400D19EEE /* DINNextLTArabic-Regular.ttf */ = {isa = PBXFileReference; lastKnownFileType = file; path = "DINNextLTArabic-Regular.ttf"; sourceTree = "<group>"; };
		52BF3BA82CE12A8600D19EEE /* NotificationViewController.swift */ = {isa = PBXFileReference; lastKnownFileType = sourcecode.swift; path = NotificationViewController.swift; sourceTree = "<group>"; };
		52BF3BAA2CE12E5800D19EEE /* NotificationTableViewCell.swift */ = {isa = PBXFileReference; lastKnownFileType = sourcecode.swift; path = NotificationTableViewCell.swift; sourceTree = "<group>"; };
		52BF3BAB2CE12E5800D19EEE /* NotificationTableViewCell.xib */ = {isa = PBXFileReference; lastKnownFileType = file.xib; path = NotificationTableViewCell.xib; sourceTree = "<group>"; };
		52D1E6BE2CD8BD38002CC19C /* AddNewCardViewController.swift */ = {isa = PBXFileReference; lastKnownFileType = sourcecode.swift; path = AddNewCardViewController.swift; sourceTree = "<group>"; };
		52D1E6C02CD8CB85002CC19C /* MainCategoriesCollectionViewCell.xib */ = {isa = PBXFileReference; fileEncoding = 4; lastKnownFileType = file.xib; path = MainCategoriesCollectionViewCell.xib; sourceTree = "<group>"; };
		52D1E6C12CD8CB85002CC19C /* MainCategoriesCollectionViewCell.swift */ = {isa = PBXFileReference; fileEncoding = 4; lastKnownFileType = sourcecode.swift; path = MainCategoriesCollectionViewCell.swift; sourceTree = "<group>"; };
		52D1E6C22CD8CB85002CC19C /* OffersCollectionViewCell.swift */ = {isa = PBXFileReference; fileEncoding = 4; lastKnownFileType = sourcecode.swift; path = OffersCollectionViewCell.swift; sourceTree = "<group>"; };
		52D1E6C32CD8CB85002CC19C /* HomeViewController.swift */ = {isa = PBXFileReference; fileEncoding = 4; lastKnownFileType = sourcecode.swift; name = HomeViewController.swift; path = "../../../../../../Downloads/HappyHome 2/HappyHome/HomeViewController.swift"; sourceTree = "<group>"; };
		52D1E6C52CD8CB86002CC19C /* OffersCollectionViewCell.xib */ = {isa = PBXFileReference; fileEncoding = 4; lastKnownFileType = file.xib; path = OffersCollectionViewCell.xib; sourceTree = "<group>"; };
		52D1E6C62CD8CB86002CC19C /* BrandsCollectionViewCell.swift */ = {isa = PBXFileReference; fileEncoding = 4; lastKnownFileType = sourcecode.swift; path = BrandsCollectionViewCell.swift; sourceTree = "<group>"; };
		52D1E6C82CD8CB86002CC19C /* BrandsCollectionViewCell.xib */ = {isa = PBXFileReference; fileEncoding = 4; lastKnownFileType = file.xib; path = BrandsCollectionViewCell.xib; sourceTree = "<group>"; };
		52D1E6D32CD8CE82002CC19C /* SearchView.xib */ = {isa = PBXFileReference; lastKnownFileType = file.xib; path = SearchView.xib; sourceTree = "<group>"; };
		52D1E6D52CD8CF9F002CC19C /* SearchView.swift */ = {isa = PBXFileReference; lastKnownFileType = sourcecode.swift; path = SearchView.swift; sourceTree = "<group>"; };
		52D1E6D72CD8DEDE002CC19C /* CustombgView.swift */ = {isa = PBXFileReference; lastKnownFileType = sourcecode.swift; path = CustombgView.swift; sourceTree = "<group>"; };
		52D21C952CDB9F580016B21E /* OrderHomeViewController.swift */ = {isa = PBXFileReference; lastKnownFileType = sourcecode.swift; path = OrderHomeViewController.swift; sourceTree = "<group>"; };
		52D21C972CDBA8BA0016B21E /* Alexandria-Black.ttf */ = {isa = PBXFileReference; lastKnownFileType = file; path = "Alexandria-Black.ttf"; sourceTree = "<group>"; };
		52D21C982CDBA8BB0016B21E /* Alexandria-Bold.ttf */ = {isa = PBXFileReference; lastKnownFileType = file; path = "Alexandria-Bold.ttf"; sourceTree = "<group>"; };
		52D21C992CDBA8BB0016B21E /* Alexandria-Thin.ttf */ = {isa = PBXFileReference; lastKnownFileType = file; path = "Alexandria-Thin.ttf"; sourceTree = "<group>"; };
		52D21C9A2CDBA8BB0016B21E /* Alexandria-Regular.ttf */ = {isa = PBXFileReference; lastKnownFileType = file; path = "Alexandria-Regular.ttf"; sourceTree = "<group>"; };
		52D21C9B2CDBA8BB0016B21E /* Alexandria-SemiBold.ttf */ = {isa = PBXFileReference; lastKnownFileType = file; path = "Alexandria-SemiBold.ttf"; sourceTree = "<group>"; };
		52D21C9C2CDBA8BB0016B21E /* Alexandria-ExtraLight.ttf */ = {isa = PBXFileReference; lastKnownFileType = file; path = "Alexandria-ExtraLight.ttf"; sourceTree = "<group>"; };
		52D21C9D2CDBA8BC0016B21E /* Alexandria-Light.ttf */ = {isa = PBXFileReference; lastKnownFileType = file; path = "Alexandria-Light.ttf"; sourceTree = "<group>"; };
		52D21C9E2CDBA8BC0016B21E /* Alexandria-ExtraBold.ttf */ = {isa = PBXFileReference; lastKnownFileType = file; path = "Alexandria-ExtraBold.ttf"; sourceTree = "<group>"; };
		52D21C9F2CDBA8BC0016B21E /* Alexandria-Medium.ttf */ = {isa = PBXFileReference; lastKnownFileType = file; path = "Alexandria-Medium.ttf"; sourceTree = "<group>"; };
		52D21CA92CDBAB2B0016B21E /* OrderTableViewCell.swift */ = {isa = PBXFileReference; lastKnownFileType = sourcecode.swift; path = OrderTableViewCell.swift; sourceTree = "<group>"; };
		52D21CAA2CDBAB2B0016B21E /* OrderTableViewCell.xib */ = {isa = PBXFileReference; lastKnownFileType = file.xib; path = OrderTableViewCell.xib; sourceTree = "<group>"; };
		52D21CAE2CDBDE430016B21E /* CompletedOrderViewController.swift */ = {isa = PBXFileReference; lastKnownFileType = sourcecode.swift; path = CompletedOrderViewController.swift; sourceTree = "<group>"; };
		52D2839C2CD0B015002BDD35 /* Cairo-Bold.ttf */ = {isa = PBXFileReference; lastKnownFileType = file; path = "Cairo-Bold.ttf"; sourceTree = "<group>"; };
		52D2839D2CD0B015002BDD35 /* Cairo-Medium.ttf */ = {isa = PBXFileReference; lastKnownFileType = file; path = "Cairo-Medium.ttf"; sourceTree = "<group>"; };
		52D2839E2CD0B015002BDD35 /* Cairo-Regular.ttf */ = {isa = PBXFileReference; lastKnownFileType = file; path = "Cairo-Regular.ttf"; sourceTree = "<group>"; };
		52D2839F2CD0B015002BDD35 /* Cairo-ExtraBold.ttf */ = {isa = PBXFileReference; lastKnownFileType = file; path = "Cairo-ExtraBold.ttf"; sourceTree = "<group>"; };
		52D283A02CD0B015002BDD35 /* Cairo-Light.ttf */ = {isa = PBXFileReference; lastKnownFileType = file; path = "Cairo-Light.ttf"; sourceTree = "<group>"; };
		52D283A12CD0B015002BDD35 /* Cairo-SemiBold.ttf */ = {isa = PBXFileReference; lastKnownFileType = file; path = "Cairo-SemiBold.ttf"; sourceTree = "<group>"; };
		52D283A22CD0B015002BDD35 /* Cairo-ExtraLight.ttf */ = {isa = PBXFileReference; lastKnownFileType = file; path = "Cairo-ExtraLight.ttf"; sourceTree = "<group>"; };
		52D283A32CD0B015002BDD35 /* Cairo-Black.ttf */ = {isa = PBXFileReference; lastKnownFileType = file; path = "Cairo-Black.ttf"; sourceTree = "<group>"; };
		52D283AD2CD0B120002BDD35 /* IBDesignableExtensions.swift */ = {isa = PBXFileReference; fileEncoding = 4; lastKnownFileType = sourcecode.swift; path = IBDesignableExtensions.swift; sourceTree = "<group>"; };
		52D283AF2CD0BA8D002BDD35 /* Switcher.swift */ = {isa = PBXFileReference; fileEncoding = 4; lastKnownFileType = sourcecode.swift; path = Switcher.swift; sourceTree = "<group>"; };
		52D283B12CD0BADD002BDD35 /* OtpViewController.swift */ = {isa = PBXFileReference; lastKnownFileType = sourcecode.swift; path = OtpViewController.swift; sourceTree = "<group>"; };
		52D283B32CD0BBC1002BDD35 /* Storyboard.swift */ = {isa = PBXFileReference; fileEncoding = 4; lastKnownFileType = sourcecode.swift; path = Storyboard.swift; sourceTree = "<group>"; };
		52D283B52CD0BC15002BDD35 /* LoginViewController.swift */ = {isa = PBXFileReference; lastKnownFileType = sourcecode.swift; path = LoginViewController.swift; sourceTree = "<group>"; };
		52DD8DA62CD77DA400FCCF84 /* CartDetailViewController.swift */ = {isa = PBXFileReference; lastKnownFileType = sourcecode.swift; path = CartDetailViewController.swift; sourceTree = "<group>"; };
		52DD8DA82CD786BA00FCCF84 /* CartDetailTableViewCell.swift */ = {isa = PBXFileReference; lastKnownFileType = sourcecode.swift; path = CartDetailTableViewCell.swift; sourceTree = "<group>"; };
		52DD8DA92CD786BA00FCCF84 /* CartDetailTableViewCell.xib */ = {isa = PBXFileReference; lastKnownFileType = file.xib; path = CartDetailTableViewCell.xib; sourceTree = "<group>"; };
		52DD8DAD2CD78F2100FCCF84 /* MyCartViewController.swift */ = {isa = PBXFileReference; lastKnownFileType = sourcecode.swift; path = MyCartViewController.swift; sourceTree = "<group>"; };
		52DD8DAF2CD78FF200FCCF84 /* MyCartTableViewCell.swift */ = {isa = PBXFileReference; lastKnownFileType = sourcecode.swift; path = MyCartTableViewCell.swift; sourceTree = "<group>"; };
		52DD8DB02CD78FF200FCCF84 /* MyCartTableViewCell.xib */ = {isa = PBXFileReference; lastKnownFileType = file.xib; path = MyCartTableViewCell.xib; sourceTree = "<group>"; };
		52E2B91C2CD64FBA0080A389 /* ShoppingPaymentView.xib */ = {isa = PBXFileReference; lastKnownFileType = file.xib; path = ShoppingPaymentView.xib; sourceTree = "<group>"; };
		52E2B91E2CD64FCD0080A389 /* ShoppingPaymentView.swift */ = {isa = PBXFileReference; lastKnownFileType = sourcecode.swift; path = ShoppingPaymentView.swift; sourceTree = "<group>"; };
		52E2B9222CD663B90080A389 /* CardListViewController.swift */ = {isa = PBXFileReference; lastKnownFileType = sourcecode.swift; path = CardListViewController.swift; sourceTree = "<group>"; };
		52E2B9242CD663D80080A389 /* CardTableViewCell.swift */ = {isa = PBXFileReference; lastKnownFileType = sourcecode.swift; path = CardTableViewCell.swift; sourceTree = "<group>"; };
		52E2B9252CD663D80080A389 /* CardTableViewCell.xib */ = {isa = PBXFileReference; lastKnownFileType = file.xib; path = CardTableViewCell.xib; sourceTree = "<group>"; };
		52E2B9282CD66B3E0080A389 /* Extensions.swift */ = {isa = PBXFileReference; fileEncoding = 4; lastKnownFileType = sourcecode.swift; path = Extensions.swift; sourceTree = "<group>"; };
		52EE21702CDE130E006AA564 /* ProductCollectionViewCell.xib */ = {isa = PBXFileReference; fileEncoding = 4; lastKnownFileType = file.xib; path = ProductCollectionViewCell.xib; sourceTree = "<group>"; };
		52EE21712CDE130F006AA564 /* ProductCollectionViewCell.swift */ = {isa = PBXFileReference; fileEncoding = 4; lastKnownFileType = sourcecode.swift; path = ProductCollectionViewCell.swift; sourceTree = "<group>"; };
		52F4EDA82CD67EF1001605F2 /* DynamicHeightTableView.swift */ = {isa = PBXFileReference; fileEncoding = 4; lastKnownFileType = sourcecode.swift; path = DynamicHeightTableView.swift; sourceTree = "<group>"; };
		52F4EDAF2CD68229001605F2 /* PaymentMethodViewController.swift */ = {isa = PBXFileReference; lastKnownFileType = sourcecode.swift; path = PaymentMethodViewController.swift; sourceTree = "<group>"; };
		52F4EDB22CD68C2B001605F2 /* AddressListViewController.swift */ = {isa = PBXFileReference; lastKnownFileType = sourcecode.swift; path = AddressListViewController.swift; sourceTree = "<group>"; };
		52F4EDB42CD68C4C001605F2 /* AddressTableViewCell.swift */ = {isa = PBXFileReference; lastKnownFileType = sourcecode.swift; path = AddressTableViewCell.swift; sourceTree = "<group>"; };
		52F4EDB52CD68C4C001605F2 /* AddressTableViewCell.xib */ = {isa = PBXFileReference; lastKnownFileType = file.xib; path = AddressTableViewCell.xib; sourceTree = "<group>"; };
		52F755402CD9148700A99F95 /* PaymentMethodTableViewCell.xib */ = {isa = PBXFileReference; fileEncoding = 4; lastKnownFileType = file.xib; path = PaymentMethodTableViewCell.xib; sourceTree = "<group>"; };
		52F755412CD9148700A99F95 /* PaymentMethodTableViewCell.swift */ = {isa = PBXFileReference; fileEncoding = 4; lastKnownFileType = sourcecode.swift; path = PaymentMethodTableViewCell.swift; sourceTree = "<group>"; };
/* End PBXFileReference section */

/* Begin PBXFrameworksBuildPhase section */
		52AE9AAE2CCF5DCE001CAAA5 /* Frameworks */ = {
			isa = PBXFrameworksBuildPhase;
			buildActionMask = 2147483647;
			files = (
				4575A50F066428639F2D0F41 /* Pods_Happy_Home.framework in Frameworks */,
			);
			runOnlyForDeploymentPostprocessing = 0;
		};
/* End PBXFrameworksBuildPhase section */

/* Begin PBXGroup section */
		5210959B2CDF5ABB00250CE4 /* MyWishlist */ = {
			isa = PBXGroup;
			children = (
				5210959C2CDF5AD000250CE4 /* MyWishlistViewController.swift */,
				5210959E2CDF5C6200250CE4 /* WishlistTableViewCell.swift */,
				5210959F2CDF5C6200250CE4 /* WishlistTableViewCell.xib */,
			);
			path = MyWishlist;
			sourceTree = "<group>";
		};
		521A77862CD629AA005E8196 /* Module */ = {
			isa = PBXGroup;
			children = (
				5255E0D72CE0CA7600343B2F /* searchModule */,
				521A77872CD629C3005E8196 /* AuthModule */,
				521A778B2CD62A35005E8196 /* TabModule */,
				52E2B9202CD663760080A389 /* HomeModule */,
				528917122CDE8EF5004E553F /* ProductModule */,
				527648512CDB6EA200AF78C2 /* OrderModule */,
				526F28452CDF342800E5BA05 /* ProfileModule */,
			);
			path = Module;
			sourceTree = "<group>";
		};
		521A77872CD629C3005E8196 /* AuthModule */ = {
			isa = PBXGroup;
			children = (
				52BF3BA22CE1176800D19EEE /* UpdateProfile */,
				521A778A2CD629FE005E8196 /* Otp */,
				521A77882CD629D5005E8196 /* Login */,
			);
			path = AuthModule;
			sourceTree = "<group>";
		};
		521A77882CD629D5005E8196 /* Login */ = {
			isa = PBXGroup;
			children = (
				52D283B52CD0BC15002BDD35 /* LoginViewController.swift */,
			);
			path = Login;
			sourceTree = "<group>";
		};
		521A778A2CD629FE005E8196 /* Otp */ = {
			isa = PBXGroup;
			children = (
				52D283B12CD0BADD002BDD35 /* OtpViewController.swift */,
			);
			path = Otp;
			sourceTree = "<group>";
		};
		521A778B2CD62A35005E8196 /* TabModule */ = {
			isa = PBXGroup;
			children = (
			);
			path = TabModule;
			sourceTree = "<group>";
		};
		521A778C2CD62A4C005E8196 /* Home */ = {
			isa = PBXGroup;
			children = (
				52D1E6C32CD8CB85002CC19C /* HomeViewController.swift */,
				52D1E6C62CD8CB86002CC19C /* BrandsCollectionViewCell.swift */,
				52D1E6C82CD8CB86002CC19C /* BrandsCollectionViewCell.xib */,
				52EE21712CDE130F006AA564 /* ProductCollectionViewCell.swift */,
				52EE21702CDE130E006AA564 /* ProductCollectionViewCell.xib */,
				52D1E6C12CD8CB85002CC19C /* MainCategoriesCollectionViewCell.swift */,
				52D1E6C02CD8CB85002CC19C /* MainCategoriesCollectionViewCell.xib */,
				52D1E6C22CD8CB85002CC19C /* OffersCollectionViewCell.swift */,
				52D1E6C52CD8CB86002CC19C /* OffersCollectionViewCell.xib */,
			);
			path = Home;
			sourceTree = "<group>";
		};
		521A778F2CD62AB9005E8196 /* CustomViews */ = {
			isa = PBXGroup;
			children = (
				52AEBA162CDF894700FDEA99 /* ProductNavigationView */,
				52BF27712CDA5E4A000032F5 /* RiderInfoView */,
				52BF276C2CDA5626000032F5 /* OrderDetailView */,
				52B3D8BF2CD9FB3D00471178 /* OrderView */,
				52D1E6D22CD8CE64002CC19C /* SearchView */,
				52E2B91B2CD64F780080A389 /* ShoppingPaymentView */,
				521A77902CD62AD0005E8196 /* NavigationView */,
				52D1E6D72CD8DEDE002CC19C /* CustombgView.swift */,
			);
			path = CustomViews;
			sourceTree = "<group>";
		};
		521A77902CD62AD0005E8196 /* NavigationView */ = {
			isa = PBXGroup;
			children = (
				521A77912CD62B08005E8196 /* NavigationView.xib */,
				521A77932CD62B8E005E8196 /* NavigationView.swift */,
			);
			path = NavigationView;
			sourceTree = "<group>";
		};
		52376AD12CD73E5C00395A8F /* DeliverySchedule */ = {
			isa = PBXGroup;
			children = (
				52376AD22CD73E7600395A8F /* DeliveryScheduleViewController.swift */,
				52376AD42CD74CEC00395A8F /* DeliveryDayCollectionViewCell.swift */,
				52376AD52CD74CEC00395A8F /* DeliveryDayCollectionViewCell.xib */,
				52376ADA2CD767D300395A8F /* DeliveryTimeCollectionViewCell.swift */,
				52376ADB2CD767D300395A8F /* DeliveryTimeCollectionViewCell.xib */,
			);
			path = DeliverySchedule;
			sourceTree = "<group>";
		};
		5255E0D22CE06DA800343B2F /* ProductGallery */ = {
			isa = PBXGroup;
			children = (
				5255E0D32CE06DBE00343B2F /* ProductGalleryViewController.swift */,
			);
			path = ProductGallery;
			sourceTree = "<group>";
		};
		5255E0D72CE0CA7600343B2F /* searchModule */ = {
			isa = PBXGroup;
			children = (
				5255E0D82CE0CA8700343B2F /* Search */,
			);
			path = searchModule;
			sourceTree = "<group>";
		};
		5255E0D82CE0CA8700343B2F /* Search */ = {
			isa = PBXGroup;
			children = (
				5255E0D92CE0CA9800343B2F /* SearchViewController.swift */,
				5255E0DB2CE0D30700343B2F /* searchCollectionViewCell.swift */,
				5255E0DC2CE0D30700343B2F /* searchCollectionViewCell.xib */,
			);
			path = Search;
			sourceTree = "<group>";
		};
		526F28402CDF215800E5BA05 /* Date */ = {
			isa = PBXGroup;
			children = (
				526F28412CDF217600E5BA05 /* DateViewController.swift */,
			);
			path = Date;
			sourceTree = "<group>";
		};
		526F28452CDF342800E5BA05 /* ProfileModule */ = {
			isa = PBXGroup;
			children = (
				52BF3BA72CE12A6B00D19EEE /* Notification */,
				526F28462CDF344500E5BA05 /* ProfileHome */,
				5210959B2CDF5ABB00250CE4 /* MyWishlist */,
			);
			path = ProfileModule;
			sourceTree = "<group>";
		};
		526F28462CDF344500E5BA05 /* ProfileHome */ = {
			isa = PBXGroup;
			children = (
				526F28472CDF345F00E5BA05 /* ProfileViewController.swift */,
			);
			path = ProfileHome;
			sourceTree = "<group>";
		};
		527648512CDB6EA200AF78C2 /* OrderModule */ = {
			isa = PBXGroup;
			children = (
				52D21CAD2CDBDE240016B21E /* CompletedOrder */,
				52D21C942CDB9F290016B21E /* OrderHome */,
				527648552CDB721800AF78C2 /* CurrentOrderView */,
				527648522CDB6EB100AF78C2 /* OrderCancel */,
			);
			path = OrderModule;
			sourceTree = "<group>";
		};
		527648522CDB6EB100AF78C2 /* OrderCancel */ = {
			isa = PBXGroup;
			children = (
				527648532CDB6EDB00AF78C2 /* OrderCancelViewController.swift */,
			);
			path = OrderCancel;
			sourceTree = "<group>";
		};
		527648552CDB721800AF78C2 /* CurrentOrderView */ = {
			isa = PBXGroup;
			children = (
				527648562CDB722F00AF78C2 /* CurrentOrderDetailViewController.swift */,
			);
			path = CurrentOrderView;
			sourceTree = "<group>";
		};
		527648582CDB82E900AF78C2 /* OrderSuccess */ = {
			isa = PBXGroup;
			children = (
				527648592CDB831500AF78C2 /* OrderSuccessViewController.swift */,
			);
			path = OrderSuccess;
			sourceTree = "<group>";
		};
		528917122CDE8EF5004E553F /* ProductModule */ = {
			isa = PBXGroup;
			children = (
				5255E0D22CE06DA800343B2F /* ProductGallery */,
				528917132CDE8F1D004E553F /* ProductHome */,
				52AEBA132CDF814800FDEA99 /* ProductDetail */,
			);
			path = ProductModule;
			sourceTree = "<group>";
		};
		528917132CDE8F1D004E553F /* ProductHome */ = {
			isa = PBXGroup;
			children = (
				528917162CDE9AA8004E553F /* ProductHomeViewController.swift */,
				528917182CDEA082004E553F /* ProductCategoryCollectionViewCell.swift */,
				528917192CDEA082004E553F /* ProductCategoryCollectionViewCell.xib */,
			);
			path = ProductHome;
			sourceTree = "<group>";
		};
		52AE9AA82CCF5DCE001CAAA5 = {
			isa = PBXGroup;
			children = (
				52AE9AB32CCF5DCE001CAAA5 /* Happy Home */,
				52AE9AB22CCF5DCE001CAAA5 /* Products */,
				675A954D0831C09260649A5C /* Pods */,
				E250F77B3FD24F307354FDBC /* Frameworks */,
			);
			sourceTree = "<group>";
		};
		52AE9AB22CCF5DCE001CAAA5 /* Products */ = {
			isa = PBXGroup;
			children = (
				52AE9AB12CCF5DCE001CAAA5 /* Happy Home.app */,
			);
			name = Products;
			sourceTree = "<group>";
		};
		52AE9AB32CCF5DCE001CAAA5 /* Happy Home */ = {
			isa = PBXGroup;
			children = (
				52AE9AC82CCF5E7C001CAAA5 /* AppDelegate */,
				521A77862CD629AA005E8196 /* Module */,
				52AE9AC92CCF5E8F001CAAA5 /* Storyboard */,
				521A778F2CD62AB9005E8196 /* CustomViews */,
				52AE9ACA2CCF64E6001CAAA5 /* Fonts */,
				52D283AC2CD0B112002BDD35 /* Utilities */,
				52AE9ABD2CCF5DD3001CAAA5 /* Assets.xcassets */,
				52AE9ABF2CCF5DD3001CAAA5 /* LaunchScreen.storyboard */,
				52AE9AC22CCF5DD3001CAAA5 /* Info.plist */,
				527A6D8C2CD4AA8E002814F4 /* ChooseLocationViewController.swift */,
				527A6D8E2CD4B8DC002814F4 /* BeforeSignUpViewController.swift */,
				527A6D902CD4B8DC002814F4 /* LanguagePopUpViewController.swift */,
				527A6D912CD4B8DC002814F4 /* PreferrencesTableViewCell.swift */,
				527A6D8F2CD4B8DC002814F4 /* PreferrencesTableViewCell.xib */,
			);
			path = "Happy Home";
			sourceTree = "<group>";
		};
		52AE9AC82CCF5E7C001CAAA5 /* AppDelegate */ = {
			isa = PBXGroup;
			children = (
				52AE9AB42CCF5DCE001CAAA5 /* AppDelegate.swift */,
				52AE9AB62CCF5DCE001CAAA5 /* SceneDelegate.swift */,
			);
			path = AppDelegate;
			sourceTree = "<group>";
		};
		52AE9AC92CCF5E8F001CAAA5 /* Storyboard */ = {
			isa = PBXGroup;
			children = (
				52AE9ABA2CCF5DCE001CAAA5 /* Auth.storyboard */,
				52B20C5F2CD372F600A2EB7A /* Tabs.storyboard */,
				527A6D8A2CD4A855002814F4 /* Home.storyboard */,
				521A778D2CD62A7C005E8196 /* Common.storyboard */,
				52B3D8BD2CD9FA3C00471178 /* Order.storyboard */,
				528917142CDE9022004E553F /* Products.storyboard */,
				526F28432CDF320700E5BA05 /* Profile.storyboard */,
				5255E0D52CE0C66700343B2F /* Search.storyboard */,
			);
			path = Storyboard;
			sourceTree = "<group>";
		};
		52AE9ACA2CCF64E6001CAAA5 /* Fonts */ = {
			isa = PBXGroup;
			children = (
				52AE9AD32CCF6515001CAAA5 /* DIN Next LT Arabic Bold.ttf */,
				52D283A32CD0B015002BDD35 /* Cairo-Black.ttf */,
				52D2839C2CD0B015002BDD35 /* Cairo-Bold.ttf */,
				52D2839F2CD0B015002BDD35 /* Cairo-ExtraBold.ttf */,
				52D283A22CD0B015002BDD35 /* Cairo-ExtraLight.ttf */,
				52D283A02CD0B015002BDD35 /* Cairo-Light.ttf */,
				52D2839D2CD0B015002BDD35 /* Cairo-Medium.ttf */,
				52D2839E2CD0B015002BDD35 /* Cairo-Regular.ttf */,
				52D283A12CD0B015002BDD35 /* Cairo-SemiBold.ttf */,
				52D21C972CDBA8BA0016B21E /* Alexandria-Black.ttf */,
				52D21C982CDBA8BB0016B21E /* Alexandria-Bold.ttf */,
				52D21C9E2CDBA8BC0016B21E /* Alexandria-ExtraBold.ttf */,
				52BF3BA52CE122A400D19EEE /* DINNextLTArabic-Regular.ttf */,
				52D21C9C2CDBA8BB0016B21E /* Alexandria-ExtraLight.ttf */,
				52D21C9D2CDBA8BC0016B21E /* Alexandria-Light.ttf */,
				52D21C9F2CDBA8BC0016B21E /* Alexandria-Medium.ttf */,
				52D21C9A2CDBA8BB0016B21E /* Alexandria-Regular.ttf */,
				52D21C9B2CDBA8BB0016B21E /* Alexandria-SemiBold.ttf */,
				52D21C992CDBA8BB0016B21E /* Alexandria-Thin.ttf */,
			);
			path = Fonts;
			sourceTree = "<group>";
		};
		52AEBA132CDF814800FDEA99 /* ProductDetail */ = {
			isa = PBXGroup;
			children = (
				52AEBA142CDF816700FDEA99 /* ProductDetailViewController.swift */,
			);
			path = ProductDetail;
			sourceTree = "<group>";
		};
		52AEBA162CDF894700FDEA99 /* ProductNavigationView */ = {
			isa = PBXGroup;
			children = (
				52A1C39C2CDF972B00FE7C88 /* ProductNavigationView.swift */,
				52A1C39E2CDF974600FE7C88 /* ProductNavigationView.xib */,
			);
			path = ProductNavigationView;
			sourceTree = "<group>";
		};
		52B3D8BA2CD9E74100471178 /* AddAddress */ = {
			isa = PBXGroup;
			children = (
				52B3D8BB2CD9E78600471178 /* AddAddressViewController.swift */,
			);
			path = AddAddress;
			sourceTree = "<group>";
		};
		52B3D8BF2CD9FB3D00471178 /* OrderView */ = {
			isa = PBXGroup;
			children = (
				52B3D8C02CD9FB4F00471178 /* OrderView.swift */,
				52B3D8C22CD9FB9A00471178 /* OrderView.xib */,
			);
			path = OrderView;
			sourceTree = "<group>";
		};
		52BF276C2CDA5626000032F5 /* OrderDetailView */ = {
			isa = PBXGroup;
			children = (
				52BF276D2CDA563F000032F5 /* OrderDetailView.xib */,
				52BF276F2CDA5664000032F5 /* OrderDetailView.swift */,
			);
			path = OrderDetailView;
			sourceTree = "<group>";
		};
		52BF27712CDA5E4A000032F5 /* RiderInfoView */ = {
			isa = PBXGroup;
			children = (
				52BF27722CDA5E70000032F5 /* RiderInfoView.swift */,
				52BF27742CDA5E7E000032F5 /* RiderInfoView.xib */,
			);
			path = RiderInfoView;
			sourceTree = "<group>";
		};
		52BF3BA22CE1176800D19EEE /* UpdateProfile */ = {
			isa = PBXGroup;
			children = (
				52BF3BA32CE1178600D19EEE /* UpdateProfileViewController.swift */,
			);
			path = UpdateProfile;
			sourceTree = "<group>";
		};
		52BF3BA72CE12A6B00D19EEE /* Notification */ = {
			isa = PBXGroup;
			children = (
				52BF3BA82CE12A8600D19EEE /* NotificationViewController.swift */,
				52BF3BAA2CE12E5800D19EEE /* NotificationTableViewCell.swift */,
				52BF3BAB2CE12E5800D19EEE /* NotificationTableViewCell.xib */,
			);
			path = Notification;
			sourceTree = "<group>";
		};
		52D1E6BD2CD8BD1E002CC19C /* AddNewCard */ = {
			isa = PBXGroup;
			children = (
				52D1E6BE2CD8BD38002CC19C /* AddNewCardViewController.swift */,
			);
			path = AddNewCard;
			sourceTree = "<group>";
		};
		52D1E6D22CD8CE64002CC19C /* SearchView */ = {
			isa = PBXGroup;
			children = (
				52D1E6D32CD8CE82002CC19C /* SearchView.xib */,
				52D1E6D52CD8CF9F002CC19C /* SearchView.swift */,
			);
			path = SearchView;
			sourceTree = "<group>";
		};
		52D21C942CDB9F290016B21E /* OrderHome */ = {
			isa = PBXGroup;
			children = (
				52D21C952CDB9F580016B21E /* OrderHomeViewController.swift */,
				52D21CA92CDBAB2B0016B21E /* OrderTableViewCell.swift */,
				52D21CAA2CDBAB2B0016B21E /* OrderTableViewCell.xib */,
			);
			path = OrderHome;
			sourceTree = "<group>";
		};
		52D21CAD2CDBDE240016B21E /* CompletedOrder */ = {
			isa = PBXGroup;
			children = (
				52D21CAE2CDBDE430016B21E /* CompletedOrderViewController.swift */,
			);
			path = CompletedOrder;
			sourceTree = "<group>";
		};
		52D283AC2CD0B112002BDD35 /* Utilities */ = {
			isa = PBXGroup;
			children = (
				52376AD82CD7502E00395A8F /* Constants.swift */,
				52F4EDA82CD67EF1001605F2 /* DynamicHeightTableView.swift */,
				52D283AF2CD0BA8D002BDD35 /* Switcher.swift */,
				52B20C672CD3933B00A2EB7A /* Color.swift */,
				52E2B9282CD66B3E0080A389 /* Extensions.swift */,
				52D283B32CD0BBC1002BDD35 /* Storyboard.swift */,
				52D283AD2CD0B120002BDD35 /* IBDesignableExtensions.swift */,
			);
			path = Utilities;
			sourceTree = "<group>";
		};
		52DD8DA52CD77D8000FCCF84 /* CartDetail */ = {
			isa = PBXGroup;
			children = (
				52DD8DA62CD77DA400FCCF84 /* CartDetailViewController.swift */,
				52DD8DA82CD786BA00FCCF84 /* CartDetailTableViewCell.swift */,
				52DD8DA92CD786BA00FCCF84 /* CartDetailTableViewCell.xib */,
			);
			path = CartDetail;
			sourceTree = "<group>";
		};
		52DD8DAC2CD78F0D00FCCF84 /* MyCart */ = {
			isa = PBXGroup;
			children = (
				52DD8DAD2CD78F2100FCCF84 /* MyCartViewController.swift */,
				52DD8DAF2CD78FF200FCCF84 /* MyCartTableViewCell.swift */,
				52DD8DB02CD78FF200FCCF84 /* MyCartTableViewCell.xib */,
			);
			path = MyCart;
			sourceTree = "<group>";
		};
		52E2B91B2CD64F780080A389 /* ShoppingPaymentView */ = {
			isa = PBXGroup;
			children = (
				52E2B91C2CD64FBA0080A389 /* ShoppingPaymentView.xib */,
				52E2B91E2CD64FCD0080A389 /* ShoppingPaymentView.swift */,
			);
			path = ShoppingPaymentView;
			sourceTree = "<group>";
		};
		52E2B9202CD663760080A389 /* HomeModule */ = {
			isa = PBXGroup;
			children = (
				521A778C2CD62A4C005E8196 /* Home */,
				52DD8DAC2CD78F0D00FCCF84 /* MyCart */,
				52DD8DA52CD77D8000FCCF84 /* CartDetail */,
				52D1E6BD2CD8BD1E002CC19C /* AddNewCard */,
				52376AD12CD73E5C00395A8F /* DeliverySchedule */,
				52F4EDAA2CD681F9001605F2 /* PaymentMethod */,
				52B3D8BA2CD9E74100471178 /* AddAddress */,
				52E2B9212CD663920080A389 /* CardList */,
				52F4EDB12CD68C03001605F2 /* AddressList */,
				527648582CDB82E900AF78C2 /* OrderSuccess */,
				526F28402CDF215800E5BA05 /* Date */,
			);
			path = HomeModule;
			sourceTree = "<group>";
		};
		52E2B9212CD663920080A389 /* CardList */ = {
			isa = PBXGroup;
			children = (
				52E2B9222CD663B90080A389 /* CardListViewController.swift */,
				52E2B9242CD663D80080A389 /* CardTableViewCell.swift */,
				52E2B9252CD663D80080A389 /* CardTableViewCell.xib */,
			);
			path = CardList;
			sourceTree = "<group>";
		};
		52F4EDAA2CD681F9001605F2 /* PaymentMethod */ = {
			isa = PBXGroup;
			children = (
				52F4EDAF2CD68229001605F2 /* PaymentMethodViewController.swift */,
				52F755412CD9148700A99F95 /* PaymentMethodTableViewCell.swift */,
				52F755402CD9148700A99F95 /* PaymentMethodTableViewCell.xib */,
			);
			path = PaymentMethod;
			sourceTree = "<group>";
		};
		52F4EDB12CD68C03001605F2 /* AddressList */ = {
			isa = PBXGroup;
			children = (
				52F4EDB22CD68C2B001605F2 /* AddressListViewController.swift */,
				52F4EDB42CD68C4C001605F2 /* AddressTableViewCell.swift */,
				52F4EDB52CD68C4C001605F2 /* AddressTableViewCell.xib */,
			);
			path = AddressList;
			sourceTree = "<group>";
		};
		675A954D0831C09260649A5C /* Pods */ = {
			isa = PBXGroup;
			children = (
				1D323AB127CDB058CAD03D50 /* Pods-Happy Home.debug.xcconfig */,
				10ABDACB79BA68C24799D7B1 /* Pods-Happy Home.release.xcconfig */,
			);
			path = Pods;
			sourceTree = "<group>";
		};
		E250F77B3FD24F307354FDBC /* Frameworks */ = {
			isa = PBXGroup;
			children = (
				255DAF08666E597F97B72EBB /* Pods_Happy_Home.framework */,
			);
			name = Frameworks;
			sourceTree = "<group>";
		};
/* End PBXGroup section */

/* Begin PBXNativeTarget section */
		52AE9AB02CCF5DCE001CAAA5 /* Happy Home */ = {
			isa = PBXNativeTarget;
			buildConfigurationList = 52AE9AC52CCF5DD3001CAAA5 /* Build configuration list for PBXNativeTarget "Happy Home" */;
			buildPhases = (
				3BA08B05AFCC13628FCD6A0B /* [CP] Check Pods Manifest.lock */,
				52AE9AAD2CCF5DCE001CAAA5 /* Sources */,
				52AE9AAE2CCF5DCE001CAAA5 /* Frameworks */,
				52AE9AAF2CCF5DCE001CAAA5 /* Resources */,
				8DEA6FB568770C501282C97E /* [CP] Embed Pods Frameworks */,
			);
			buildRules = (
			);
			dependencies = (
			);
			name = "Happy Home";
			productName = "Happy Home";
			productReference = 52AE9AB12CCF5DCE001CAAA5 /* Happy Home.app */;
			productType = "com.apple.product-type.application";
		};
/* End PBXNativeTarget section */

/* Begin PBXProject section */
		52AE9AA92CCF5DCE001CAAA5 /* Project object */ = {
			isa = PBXProject;
			attributes = {
				BuildIndependentTargetsInParallel = 1;
				LastSwiftUpdateCheck = 1520;
				LastUpgradeCheck = 1520;
				TargetAttributes = {
					52AE9AB02CCF5DCE001CAAA5 = {
						CreatedOnToolsVersion = 15.2;
					};
				};
			};
			buildConfigurationList = 52AE9AAC2CCF5DCE001CAAA5 /* Build configuration list for PBXProject "Happy Home" */;
			compatibilityVersion = "Xcode 14.0";
			developmentRegion = en;
			hasScannedForEncodings = 0;
			knownRegions = (
				en,
				Base,
			);
			mainGroup = 52AE9AA82CCF5DCE001CAAA5;
			productRefGroup = 52AE9AB22CCF5DCE001CAAA5 /* Products */;
			projectDirPath = "";
			projectRoot = "";
			targets = (
				52AE9AB02CCF5DCE001CAAA5 /* Happy Home */,
			);
		};
/* End PBXProject section */

/* Begin PBXResourcesBuildPhase section */
		52AE9AAF2CCF5DCE001CAAA5 /* Resources */ = {
			isa = PBXResourcesBuildPhase;
			buildActionMask = 2147483647;
			files = (
				52A1C39F2CDF974600FE7C88 /* ProductNavigationView.xib in Resources */,
				52D283A52CD0B015002BDD35 /* Cairo-Medium.ttf in Resources */,
				52D1E6C92CD8CB86002CC19C /* MainCategoriesCollectionViewCell.xib in Resources */,
				52D21CA12CDBA8BC0016B21E /* Alexandria-Bold.ttf in Resources */,
				52BF3BAD2CE12E5800D19EEE /* NotificationTableViewCell.xib in Resources */,
				521A778E2CD62A7C005E8196 /* Common.storyboard in Resources */,
				52D283AA2CD0B015002BDD35 /* Cairo-ExtraLight.ttf in Resources */,
				52B20C602CD372F600A2EB7A /* Tabs.storyboard in Resources */,
				52DD8DAB2CD786BA00FCCF84 /* CartDetailTableViewCell.xib in Resources */,
				52BF3BA62CE122A400D19EEE /* DINNextLTArabic-Regular.ttf in Resources */,
				52D21CA52CDBA8BC0016B21E /* Alexandria-ExtraLight.ttf in Resources */,
				52E2B9272CD663D80080A389 /* CardTableViewCell.xib in Resources */,
				527A6D932CD4B8DD002814F4 /* PreferrencesTableViewCell.xib in Resources */,
				52D283A62CD0B015002BDD35 /* Cairo-Regular.ttf in Resources */,
				52D283A92CD0B015002BDD35 /* Cairo-SemiBold.ttf in Resources */,
				521A77922CD62B08005E8196 /* NavigationView.xib in Resources */,
				5255E0D62CE0C66700343B2F /* Search.storyboard in Resources */,
				52BF27752CDA5E7E000032F5 /* RiderInfoView.xib in Resources */,
				526F28442CDF320700E5BA05 /* Profile.storyboard in Resources */,
				52AE9AC12CCF5DD3001CAAA5 /* LaunchScreen.storyboard in Resources */,
				52D283A42CD0B015002BDD35 /* Cairo-Bold.ttf in Resources */,
				52F755422CD9148700A99F95 /* PaymentMethodTableViewCell.xib in Resources */,
				52D1E6CE2CD8CB86002CC19C /* OffersCollectionViewCell.xib in Resources */,
				528917152CDE9022004E553F /* Products.storyboard in Resources */,
				52376AD72CD74CEC00395A8F /* DeliveryDayCollectionViewCell.xib in Resources */,
				527A6D8B2CD4A855002814F4 /* Home.storyboard in Resources */,
				52D21CA62CDBA8BC0016B21E /* Alexandria-Light.ttf in Resources */,
				52B3D8BE2CD9FA3C00471178 /* Order.storyboard in Resources */,
				52E2B91D2CD64FBA0080A389 /* ShoppingPaymentView.xib in Resources */,
				52DD8DB22CD78FF200FCCF84 /* MyCartTableViewCell.xib in Resources */,
				52AE9ADA2CCF6515001CAAA5 /* DIN Next LT Arabic Bold.ttf in Resources */,
				5289171B2CDEA082004E553F /* ProductCategoryCollectionViewCell.xib in Resources */,
				52B3D8C32CD9FB9A00471178 /* OrderView.xib in Resources */,
				52D21CAC2CDBAB2B0016B21E /* OrderTableViewCell.xib in Resources */,
				52D283AB2CD0B015002BDD35 /* Cairo-Black.ttf in Resources */,
				52AE9ABE2CCF5DD3001CAAA5 /* Assets.xcassets in Resources */,
				5255E0DE2CE0D30700343B2F /* searchCollectionViewCell.xib in Resources */,
				52D21CA02CDBA8BC0016B21E /* Alexandria-Black.ttf in Resources */,
				52D1E6D12CD8CB86002CC19C /* BrandsCollectionViewCell.xib in Resources */,
				52AE9ABC2CCF5DCE001CAAA5 /* Auth.storyboard in Resources */,
				52D21CA22CDBA8BC0016B21E /* Alexandria-Thin.ttf in Resources */,
				521095A12CDF5C6200250CE4 /* WishlistTableViewCell.xib in Resources */,
				52D21CA42CDBA8BC0016B21E /* Alexandria-SemiBold.ttf in Resources */,
				52D21CA82CDBA8BC0016B21E /* Alexandria-Medium.ttf in Resources */,
				52D21CA32CDBA8BC0016B21E /* Alexandria-Regular.ttf in Resources */,
				52D283A82CD0B015002BDD35 /* Cairo-Light.ttf in Resources */,
				52BF276E2CDA563F000032F5 /* OrderDetailView.xib in Resources */,
				52F4EDB72CD68C4C001605F2 /* AddressTableViewCell.xib in Resources */,
				52D21CA72CDBA8BC0016B21E /* Alexandria-ExtraBold.ttf in Resources */,
				52D1E6D42CD8CE82002CC19C /* SearchView.xib in Resources */,
				52376ADD2CD767D300395A8F /* DeliveryTimeCollectionViewCell.xib in Resources */,
				52D283A72CD0B015002BDD35 /* Cairo-ExtraBold.ttf in Resources */,
				52EE21722CDE130F006AA564 /* ProductCollectionViewCell.xib in Resources */,
			);
			runOnlyForDeploymentPostprocessing = 0;
		};
/* End PBXResourcesBuildPhase section */

/* Begin PBXShellScriptBuildPhase section */
		3BA08B05AFCC13628FCD6A0B /* [CP] Check Pods Manifest.lock */ = {
			isa = PBXShellScriptBuildPhase;
			buildActionMask = 2147483647;
			files = (
			);
			inputFileListPaths = (
			);
			inputPaths = (
				"${PODS_PODFILE_DIR_PATH}/Podfile.lock",
				"${PODS_ROOT}/Manifest.lock",
			);
			name = "[CP] Check Pods Manifest.lock";
			outputFileListPaths = (
			);
			outputPaths = (
				"$(DERIVED_FILE_DIR)/Pods-Happy Home-checkManifestLockResult.txt",
			);
			runOnlyForDeploymentPostprocessing = 0;
			shellPath = /bin/sh;
			shellScript = "diff \"${PODS_PODFILE_DIR_PATH}/Podfile.lock\" \"${PODS_ROOT}/Manifest.lock\" > /dev/null\nif [ $? != 0 ] ; then\n    # print error to STDERR\n    echo \"error: The sandbox is not in sync with the Podfile.lock. Run 'pod install' or update your CocoaPods installation.\" >&2\n    exit 1\nfi\n# This output is used by Xcode 'outputs' to avoid re-running this script phase.\necho \"SUCCESS\" > \"${SCRIPT_OUTPUT_FILE_0}\"\n";
			showEnvVarsInLog = 0;
		};
		8DEA6FB568770C501282C97E /* [CP] Embed Pods Frameworks */ = {
			isa = PBXShellScriptBuildPhase;
			buildActionMask = 2147483647;
			files = (
			);
			inputFileListPaths = (
				"${PODS_ROOT}/Target Support Files/Pods-Happy Home/Pods-Happy Home-frameworks-${CONFIGURATION}-input-files.xcfilelist",
			);
			name = "[CP] Embed Pods Frameworks";
			outputFileListPaths = (
				"${PODS_ROOT}/Target Support Files/Pods-Happy Home/Pods-Happy Home-frameworks-${CONFIGURATION}-output-files.xcfilelist",
			);
			runOnlyForDeploymentPostprocessing = 0;
			shellPath = /bin/sh;
			shellScript = "\"${PODS_ROOT}/Target Support Files/Pods-Happy Home/Pods-Happy Home-frameworks.sh\"\n";
			showEnvVarsInLog = 0;
		};
/* End PBXShellScriptBuildPhase section */

/* Begin PBXSourcesBuildPhase section */
		52AE9AAD2CCF5DCE001CAAA5 /* Sources */ = {
			isa = PBXSourcesBuildPhase;
			buildActionMask = 2147483647;
			files = (
				521A77942CD62B8E005E8196 /* NavigationView.swift in Sources */,
				52E2B9292CD66B3E0080A389 /* Extensions.swift in Sources */,
				5210959D2CDF5AD000250CE4 /* MyWishlistViewController.swift in Sources */,
				52F4EDB62CD68C4C001605F2 /* AddressTableViewCell.swift in Sources */,
				52D21C962CDB9F580016B21E /* OrderHomeViewController.swift in Sources */,
				527648542CDB6EDB00AF78C2 /* OrderCancelViewController.swift in Sources */,
				52D283B62CD0BC15002BDD35 /* LoginViewController.swift in Sources */,
				52AEBA152CDF816700FDEA99 /* ProductDetailViewController.swift in Sources */,
				52D1E6CC2CD8CB86002CC19C /* HomeViewController.swift in Sources */,
				52D1E6BF2CD8BD38002CC19C /* AddNewCardViewController.swift in Sources */,
				52D21CAF2CDBDE430016B21E /* CompletedOrderViewController.swift in Sources */,
				52D283B22CD0BADD002BDD35 /* OtpViewController.swift in Sources */,
				526F28482CDF345F00E5BA05 /* ProfileViewController.swift in Sources */,
				52AE9AB52CCF5DCE001CAAA5 /* AppDelegate.swift in Sources */,
				52BF27702CDA5664000032F5 /* OrderDetailView.swift in Sources */,
				52B3D8C12CD9FB4F00471178 /* OrderView.swift in Sources */,
				52376AD92CD7502E00395A8F /* Constants.swift in Sources */,
				52E2B9262CD663D80080A389 /* CardTableViewCell.swift in Sources */,
				5255E0DD2CE0D30700343B2F /* searchCollectionViewCell.swift in Sources */,
				52D283AE2CD0B120002BDD35 /* IBDesignableExtensions.swift in Sources */,
				526F28422CDF217600E5BA05 /* DateViewController.swift in Sources */,
				52F755432CD9148700A99F95 /* PaymentMethodTableViewCell.swift in Sources */,
				52376ADC2CD767D300395A8F /* DeliveryTimeCollectionViewCell.swift in Sources */,
				52EE21732CDE130F006AA564 /* ProductCollectionViewCell.swift in Sources */,
				528917172CDE9AA9004E553F /* ProductHomeViewController.swift in Sources */,
				527A6D942CD4B8DD002814F4 /* LanguagePopUpViewController.swift in Sources */,
				52DD8DB12CD78FF200FCCF84 /* MyCartTableViewCell.swift in Sources */,
				52D1E6CB2CD8CB86002CC19C /* OffersCollectionViewCell.swift in Sources */,
				52B3D8BC2CD9E78600471178 /* AddAddressViewController.swift in Sources */,
				5255E0DA2CE0CA9800343B2F /* SearchViewController.swift in Sources */,
				52BF3BAC2CE12E5800D19EEE /* NotificationTableViewCell.swift in Sources */,
				52DD8DA72CD77DA400FCCF84 /* CartDetailViewController.swift in Sources */,
				52D1E6CF2CD8CB86002CC19C /* BrandsCollectionViewCell.swift in Sources */,
				52D1E6CA2CD8CB86002CC19C /* MainCategoriesCollectionViewCell.swift in Sources */,
				52F4EDB02CD68229001605F2 /* PaymentMethodViewController.swift in Sources */,
				52DD8DAA2CD786BA00FCCF84 /* CartDetailTableViewCell.swift in Sources */,
				52D1E6D82CD8DEDE002CC19C /* CustombgView.swift in Sources */,
				52D283B02CD0BA8D002BDD35 /* Switcher.swift in Sources */,
				52D1E6D62CD8CF9F002CC19C /* SearchView.swift in Sources */,
				52D21CAB2CDBAB2B0016B21E /* OrderTableViewCell.swift in Sources */,
				52D283B42CD0BBC1002BDD35 /* Storyboard.swift in Sources */,
				52376AD62CD74CEC00395A8F /* DeliveryDayCollectionViewCell.swift in Sources */,
				521095A02CDF5C6200250CE4 /* WishlistTableViewCell.swift in Sources */,
				527A6D922CD4B8DD002814F4 /* BeforeSignUpViewController.swift in Sources */,
				5289171A2CDEA082004E553F /* ProductCategoryCollectionViewCell.swift in Sources */,
				52A1C39D2CDF972B00FE7C88 /* ProductNavigationView.swift in Sources */,
				52AE9AB72CCF5DCE001CAAA5 /* SceneDelegate.swift in Sources */,
				527A6D8D2CD4AA8E002814F4 /* ChooseLocationViewController.swift in Sources */,
				52BF3BA92CE12A8600D19EEE /* NotificationViewController.swift in Sources */,
				527648572CDB722F00AF78C2 /* CurrentOrderDetailViewController.swift in Sources */,
				52DD8DAE2CD78F2200FCCF84 /* MyCartViewController.swift in Sources */,
				52E2B9232CD663B90080A389 /* CardListViewController.swift in Sources */,
				52BF27732CDA5E71000032F5 /* RiderInfoView.swift in Sources */,
				5276485A2CDB831500AF78C2 /* OrderSuccessViewController.swift in Sources */,
				52F4EDB32CD68C2B001605F2 /* AddressListViewController.swift in Sources */,
				527A6D952CD4B8DD002814F4 /* PreferrencesTableViewCell.swift in Sources */,
				5255E0D42CE06DBE00343B2F /* ProductGalleryViewController.swift in Sources */,
				52F4EDA92CD67EF1001605F2 /* DynamicHeightTableView.swift in Sources */,
				52E2B91F2CD64FCD0080A389 /* ShoppingPaymentView.swift in Sources */,
				52BF3BA42CE1178600D19EEE /* UpdateProfileViewController.swift in Sources */,
				52B20C682CD3933B00A2EB7A /* Color.swift in Sources */,
				52376AD32CD73E7600395A8F /* DeliveryScheduleViewController.swift in Sources */,
			);
			runOnlyForDeploymentPostprocessing = 0;
		};
/* End PBXSourcesBuildPhase section */

/* Begin PBXVariantGroup section */
		52AE9ABA2CCF5DCE001CAAA5 /* Auth.storyboard */ = {
			isa = PBXVariantGroup;
			children = (
				52AE9ABB2CCF5DCE001CAAA5 /* Base */,
			);
			name = Auth.storyboard;
			sourceTree = "<group>";
		};
		52AE9ABF2CCF5DD3001CAAA5 /* LaunchScreen.storyboard */ = {
			isa = PBXVariantGroup;
			children = (
				52AE9AC02CCF5DD3001CAAA5 /* Base */,
			);
			name = LaunchScreen.storyboard;
			sourceTree = "<group>";
		};
/* End PBXVariantGroup section */

/* Begin XCBuildConfiguration section */
		52AE9AC32CCF5DD3001CAAA5 /* Debug */ = {
			isa = XCBuildConfiguration;
			buildSettings = {
				ALWAYS_SEARCH_USER_PATHS = NO;
				ASSETCATALOG_COMPILER_GENERATE_SWIFT_ASSET_SYMBOL_EXTENSIONS = YES;
				CLANG_ANALYZER_NONNULL = YES;
				CLANG_ANALYZER_NUMBER_OBJECT_CONVERSION = YES_AGGRESSIVE;
				CLANG_CXX_LANGUAGE_STANDARD = "gnu++20";
				CLANG_ENABLE_MODULES = YES;
				CLANG_ENABLE_OBJC_ARC = YES;
				CLANG_ENABLE_OBJC_WEAK = YES;
				CLANG_WARN_BLOCK_CAPTURE_AUTORELEASING = YES;
				CLANG_WARN_BOOL_CONVERSION = YES;
				CLANG_WARN_COMMA = YES;
				CLANG_WARN_CONSTANT_CONVERSION = YES;
				CLANG_WARN_DEPRECATED_OBJC_IMPLEMENTATIONS = YES;
				CLANG_WARN_DIRECT_OBJC_ISA_USAGE = YES_ERROR;
				CLANG_WARN_DOCUMENTATION_COMMENTS = YES;
				CLANG_WARN_EMPTY_BODY = YES;
				CLANG_WARN_ENUM_CONVERSION = YES;
				CLANG_WARN_INFINITE_RECURSION = YES;
				CLANG_WARN_INT_CONVERSION = YES;
				CLANG_WARN_NON_LITERAL_NULL_CONVERSION = YES;
				CLANG_WARN_OBJC_IMPLICIT_RETAIN_SELF = YES;
				CLANG_WARN_OBJC_LITERAL_CONVERSION = YES;
				CLANG_WARN_OBJC_ROOT_CLASS = YES_ERROR;
				CLANG_WARN_QUOTED_INCLUDE_IN_FRAMEWORK_HEADER = YES;
				CLANG_WARN_RANGE_LOOP_ANALYSIS = YES;
				CLANG_WARN_STRICT_PROTOTYPES = YES;
				CLANG_WARN_SUSPICIOUS_MOVE = YES;
				CLANG_WARN_UNGUARDED_AVAILABILITY = YES_AGGRESSIVE;
				CLANG_WARN_UNREACHABLE_CODE = YES;
				CLANG_WARN__DUPLICATE_METHOD_MATCH = YES;
				COPY_PHASE_STRIP = NO;
				DEBUG_INFORMATION_FORMAT = dwarf;
				ENABLE_STRICT_OBJC_MSGSEND = YES;
				ENABLE_TESTABILITY = YES;
				ENABLE_USER_SCRIPT_SANDBOXING = YES;
				GCC_C_LANGUAGE_STANDARD = gnu17;
				GCC_DYNAMIC_NO_PIC = NO;
				GCC_NO_COMMON_BLOCKS = YES;
				GCC_OPTIMIZATION_LEVEL = 0;
				GCC_PREPROCESSOR_DEFINITIONS = (
					"DEBUG=1",
					"$(inherited)",
				);
				GCC_WARN_64_TO_32_BIT_CONVERSION = YES;
				GCC_WARN_ABOUT_RETURN_TYPE = YES_ERROR;
				GCC_WARN_UNDECLARED_SELECTOR = YES;
				GCC_WARN_UNINITIALIZED_AUTOS = YES_AGGRESSIVE;
				GCC_WARN_UNUSED_FUNCTION = YES;
				GCC_WARN_UNUSED_VARIABLE = YES;
				IPHONEOS_DEPLOYMENT_TARGET = 15.0;
				LOCALIZATION_PREFERS_STRING_CATALOGS = YES;
				MTL_ENABLE_DEBUG_INFO = INCLUDE_SOURCE;
				MTL_FAST_MATH = YES;
				ONLY_ACTIVE_ARCH = YES;
				SDKROOT = iphoneos;
				SWIFT_ACTIVE_COMPILATION_CONDITIONS = "DEBUG $(inherited)";
				SWIFT_OPTIMIZATION_LEVEL = "-Onone";
			};
			name = Debug;
		};
		52AE9AC42CCF5DD3001CAAA5 /* Release */ = {
			isa = XCBuildConfiguration;
			buildSettings = {
				ALWAYS_SEARCH_USER_PATHS = NO;
				ASSETCATALOG_COMPILER_GENERATE_SWIFT_ASSET_SYMBOL_EXTENSIONS = YES;
				CLANG_ANALYZER_NONNULL = YES;
				CLANG_ANALYZER_NUMBER_OBJECT_CONVERSION = YES_AGGRESSIVE;
				CLANG_CXX_LANGUAGE_STANDARD = "gnu++20";
				CLANG_ENABLE_MODULES = YES;
				CLANG_ENABLE_OBJC_ARC = YES;
				CLANG_ENABLE_OBJC_WEAK = YES;
				CLANG_WARN_BLOCK_CAPTURE_AUTORELEASING = YES;
				CLANG_WARN_BOOL_CONVERSION = YES;
				CLANG_WARN_COMMA = YES;
				CLANG_WARN_CONSTANT_CONVERSION = YES;
				CLANG_WARN_DEPRECATED_OBJC_IMPLEMENTATIONS = YES;
				CLANG_WARN_DIRECT_OBJC_ISA_USAGE = YES_ERROR;
				CLANG_WARN_DOCUMENTATION_COMMENTS = YES;
				CLANG_WARN_EMPTY_BODY = YES;
				CLANG_WARN_ENUM_CONVERSION = YES;
				CLANG_WARN_INFINITE_RECURSION = YES;
				CLANG_WARN_INT_CONVERSION = YES;
				CLANG_WARN_NON_LITERAL_NULL_CONVERSION = YES;
				CLANG_WARN_OBJC_IMPLICIT_RETAIN_SELF = YES;
				CLANG_WARN_OBJC_LITERAL_CONVERSION = YES;
				CLANG_WARN_OBJC_ROOT_CLASS = YES_ERROR;
				CLANG_WARN_QUOTED_INCLUDE_IN_FRAMEWORK_HEADER = YES;
				CLANG_WARN_RANGE_LOOP_ANALYSIS = YES;
				CLANG_WARN_STRICT_PROTOTYPES = YES;
				CLANG_WARN_SUSPICIOUS_MOVE = YES;
				CLANG_WARN_UNGUARDED_AVAILABILITY = YES_AGGRESSIVE;
				CLANG_WARN_UNREACHABLE_CODE = YES;
				CLANG_WARN__DUPLICATE_METHOD_MATCH = YES;
				COPY_PHASE_STRIP = NO;
				DEBUG_INFORMATION_FORMAT = "dwarf-with-dsym";
				ENABLE_NS_ASSERTIONS = NO;
				ENABLE_STRICT_OBJC_MSGSEND = YES;
				ENABLE_USER_SCRIPT_SANDBOXING = YES;
				GCC_C_LANGUAGE_STANDARD = gnu17;
				GCC_NO_COMMON_BLOCKS = YES;
				GCC_WARN_64_TO_32_BIT_CONVERSION = YES;
				GCC_WARN_ABOUT_RETURN_TYPE = YES_ERROR;
				GCC_WARN_UNDECLARED_SELECTOR = YES;
				GCC_WARN_UNINITIALIZED_AUTOS = YES_AGGRESSIVE;
				GCC_WARN_UNUSED_FUNCTION = YES;
				GCC_WARN_UNUSED_VARIABLE = YES;
				IPHONEOS_DEPLOYMENT_TARGET = 15.0;
				LOCALIZATION_PREFERS_STRING_CATALOGS = YES;
				MTL_ENABLE_DEBUG_INFO = NO;
				MTL_FAST_MATH = YES;
				SDKROOT = iphoneos;
				SWIFT_COMPILATION_MODE = wholemodule;
				VALIDATE_PRODUCT = YES;
			};
			name = Release;
		};
		52AE9AC62CCF5DD3001CAAA5 /* Debug */ = {
			isa = XCBuildConfiguration;
			baseConfigurationReference = 1D323AB127CDB058CAD03D50 /* Pods-Happy Home.debug.xcconfig */;
			buildSettings = {
				ASSETCATALOG_COMPILER_APPICON_NAME = AppIcon;
				ASSETCATALOG_COMPILER_GLOBAL_ACCENT_COLOR_NAME = AccentColor;
				CODE_SIGN_STYLE = Automatic;
				CURRENT_PROJECT_VERSION = 1;
				DEVELOPMENT_TEAM = 9K786374U5;
				ENABLE_USER_SCRIPT_SANDBOXING = NO;
				GENERATE_INFOPLIST_FILE = YES;
				INFOPLIST_FILE = "Happy Home/Info.plist";
				INFOPLIST_KEY_CFBundleDisplayName = "Happy Home";
				INFOPLIST_KEY_LSApplicationCategoryType = "public.app-category.shopping";
				INFOPLIST_KEY_UIApplicationSupportsIndirectInputEvents = YES;
				INFOPLIST_KEY_UILaunchStoryboardName = LaunchScreen;
				INFOPLIST_KEY_UIMainStoryboardFile = Auth;
				INFOPLIST_KEY_UISupportedInterfaceOrientations = UIInterfaceOrientationPortrait;
				INFOPLIST_KEY_UISupportedInterfaceOrientations_iPad = "UIInterfaceOrientationLandscapeLeft UIInterfaceOrientationLandscapeRight UIInterfaceOrientationPortrait UIInterfaceOrientationPortraitUpsideDown";
				LD_RUNPATH_SEARCH_PATHS = (
					"$(inherited)",
					"@executable_path/Frameworks",
				);
				MARKETING_VERSION = 1.0;
				PRODUCT_BUNDLE_IDENTIFIER = com.happyhome.ecommerce.shopping;
				PRODUCT_NAME = "$(TARGET_NAME)";
				SUPPORTED_PLATFORMS = "iphoneos iphonesimulator";
				SUPPORTS_MACCATALYST = NO;
				SUPPORTS_MAC_DESIGNED_FOR_IPHONE_IPAD = NO;
				SUPPORTS_XR_DESIGNED_FOR_IPHONE_IPAD = NO;
				SWIFT_EMIT_LOC_STRINGS = YES;
				SWIFT_VERSION = 5.0;
				TARGETED_DEVICE_FAMILY = 1;
			};
			name = Debug;
		};
		52AE9AC72CCF5DD3001CAAA5 /* Release */ = {
			isa = XCBuildConfiguration;
			baseConfigurationReference = 10ABDACB79BA68C24799D7B1 /* Pods-Happy Home.release.xcconfig */;
			buildSettings = {
				ASSETCATALOG_COMPILER_APPICON_NAME = AppIcon;
				ASSETCATALOG_COMPILER_GLOBAL_ACCENT_COLOR_NAME = AccentColor;
				CODE_SIGN_STYLE = Automatic;
				CURRENT_PROJECT_VERSION = 1;
				DEVELOPMENT_TEAM = 9K786374U5;
				ENABLE_USER_SCRIPT_SANDBOXING = NO;
				GENERATE_INFOPLIST_FILE = YES;
				INFOPLIST_FILE = "Happy Home/Info.plist";
				INFOPLIST_KEY_CFBundleDisplayName = "Happy Home";
				INFOPLIST_KEY_LSApplicationCategoryType = "public.app-category.shopping";
				INFOPLIST_KEY_UIApplicationSupportsIndirectInputEvents = YES;
				INFOPLIST_KEY_UILaunchStoryboardName = LaunchScreen;
				INFOPLIST_KEY_UIMainStoryboardFile = Auth;
				INFOPLIST_KEY_UISupportedInterfaceOrientations = UIInterfaceOrientationPortrait;
				INFOPLIST_KEY_UISupportedInterfaceOrientations_iPad = "UIInterfaceOrientationLandscapeLeft UIInterfaceOrientationLandscapeRight UIInterfaceOrientationPortrait UIInterfaceOrientationPortraitUpsideDown";
				LD_RUNPATH_SEARCH_PATHS = (
					"$(inherited)",
					"@executable_path/Frameworks",
				);
				MARKETING_VERSION = 1.0;
				PRODUCT_BUNDLE_IDENTIFIER = com.happyhome.ecommerce.shopping;
				PRODUCT_NAME = "$(TARGET_NAME)";
				SUPPORTED_PLATFORMS = "iphoneos iphonesimulator";
				SUPPORTS_MACCATALYST = NO;
				SUPPORTS_MAC_DESIGNED_FOR_IPHONE_IPAD = NO;
				SUPPORTS_XR_DESIGNED_FOR_IPHONE_IPAD = NO;
				SWIFT_EMIT_LOC_STRINGS = YES;
				SWIFT_VERSION = 5.0;
				TARGETED_DEVICE_FAMILY = 1;
			};
			name = Release;
		};
/* End XCBuildConfiguration section */

/* Begin XCConfigurationList section */
		52AE9AAC2CCF5DCE001CAAA5 /* Build configuration list for PBXProject "Happy Home" */ = {
			isa = XCConfigurationList;
			buildConfigurations = (
				52AE9AC32CCF5DD3001CAAA5 /* Debug */,
				52AE9AC42CCF5DD3001CAAA5 /* Release */,
			);
			defaultConfigurationIsVisible = 0;
			defaultConfigurationName = Release;
		};
		52AE9AC52CCF5DD3001CAAA5 /* Build configuration list for PBXNativeTarget "Happy Home" */ = {
			isa = XCConfigurationList;
			buildConfigurations = (
				52AE9AC62CCF5DD3001CAAA5 /* Debug */,
				52AE9AC72CCF5DD3001CAAA5 /* Release */,
			);
			defaultConfigurationIsVisible = 0;
			defaultConfigurationName = Release;
		};
/* End XCConfigurationList section */
	};
	rootObject = 52AE9AA92CCF5DCE001CAAA5 /* Project object */;
}
